// !$*UTF8*$!
{
	archiveVersion = 1;
	classes = {
	};
	objectVersion = 46;
	objects = {

/* Begin PBXBuildFile section */
		2B0056221D5418A900DDA531 /* JPFPSStatus.m in Sources */ = {isa = PBXBuildFile; fileRef = 2B0056211D5418A900DDA531 /* JPFPSStatus.m */; };
		2B0056241D54392200DDA531 /* NewsInfo.plist in Resources */ = {isa = PBXBuildFile; fileRef = 2B0056231D54392200DDA531 /* NewsInfo.plist */; };
		2B00AC891D517B580048B5C2 /* NSObject+TYJSONModel.m in Sources */ = {isa = PBXBuildFile; fileRef = 2B00AC831D517B580048B5C2 /* NSObject+TYJSONModel.m */; };
		2B00AC8A1D517B580048B5C2 /* TYClassInfo.m in Sources */ = {isa = PBXBuildFile; fileRef = 2B00AC851D517B580048B5C2 /* TYClassInfo.m */; };
		2B00AC8B1D517B580048B5C2 /* TYPropertyInfo.m in Sources */ = {isa = PBXBuildFile; fileRef = 2B00AC881D517B580048B5C2 /* TYPropertyInfo.m */; };
		2B00AC9B1D517CF90048B5C2 /* LPNewsListController.m in Sources */ = {isa = PBXBuildFile; fileRef = 2B00AC961D517CF90048B5C2 /* LPNewsListController.m */; };
		2B00AC9C1D517CF90048B5C2 /* LPPagerViewController.m in Sources */ = {isa = PBXBuildFile; fileRef = 2B00AC981D517CF90048B5C2 /* LPPagerViewController.m */; };
		2B00AC9F1D517D2A0048B5C2 /* LPNewsInfoModel.m in Sources */ = {isa = PBXBuildFile; fileRef = 2B00AC9E1D517D2A0048B5C2 /* LPNewsInfoModel.m */; };
		2B00ACA51D517E5E0048B5C2 /* LPHttpRequest.m in Sources */ = {isa = PBXBuildFile; fileRef = 2B00ACA21D517E5E0048B5C2 /* LPHttpRequest.m */; };
		2B00ACA61D517E5E0048B5C2 /* LPResponseObject.m in Sources */ = {isa = PBXBuildFile; fileRef = 2B00ACA41D517E5E0048B5C2 /* LPResponseObject.m */; };
		2B00ACB31D51AB230048B5C2 /* LPNewsInfoOperation.m in Sources */ = {isa = PBXBuildFile; fileRef = 2B00ACB21D51AB230048B5C2 /* LPNewsInfoOperation.m */; };
		2B01C9C31D6BE4EF00D56364 /* LPCustomResponse.m in Sources */ = {isa = PBXBuildFile; fileRef = 2B01C9C21D6BE4EF00D56364 /* LPCustomResponse.m */; };
		2B3913F11D5C7D510068B1D8 /* LPNewsTitleSectionView.m in Sources */ = {isa = PBXBuildFile; fileRef = 2B3913F01D5C7D510068B1D8 /* LPNewsTitleSectionView.m */; };
		2B50AB2C1D5D5C5C00FB77AE /* LPNewsCommentCellNode.m in Sources */ = {isa = PBXBuildFile; fileRef = 2B50AB2B1D5D5C5C00FB77AE /* LPNewsCommentCellNode.m */; };
		2B50AB2F1D5DCA9000FB77AE /* LPNewsImageCellNode.m in Sources */ = {isa = PBXBuildFile; fileRef = 2B50AB2E1D5DCA9000FB77AE /* LPNewsImageCellNode.m */; };
		2B50AB331D5DCB1C00FB77AE /* LPNewsBaseCellNode.m in Sources */ = {isa = PBXBuildFile; fileRef = 2B50AB321D5DCB1C00FB77AE /* LPNewsBaseCellNode.m */; };
		2B57C57E1D53293A00F436DE /* MBProgressHUD+MJ.m in Sources */ = {isa = PBXBuildFile; fileRef = 2B57C57C1D53293A00F436DE /* MBProgressHUD+MJ.m */; };
		2B57C57F1D53293A00F436DE /* MBProgressHUD.bundle in Resources */ = {isa = PBXBuildFile; fileRef = 2B57C57D1D53293A00F436DE /* MBProgressHUD.bundle */; };
		2B57C5821D534F9300F436DE /* LPNewsCellNode.m in Sources */ = {isa = PBXBuildFile; fileRef = 2B57C5811D534F9300F436DE /* LPNewsCellNode.m */; };
		2B6CC49F1D631E9900CE3F33 /* LPNewsFavorCellNode.m in Sources */ = {isa = PBXBuildFile; fileRef = 2B6CC49E1D631E9900CE3F33 /* LPNewsFavorCellNode.m */; };
		2B6CC4A21D6323A900CE3F33 /* NSDictionary+Params.m in Sources */ = {isa = PBXBuildFile; fileRef = 2B6CC4A11D6323A900CE3F33 /* NSDictionary+Params.m */; };
		2B7C5DD01D6D4433005B30B5 /* LPRefreshGifHeader.m in Sources */ = {isa = PBXBuildFile; fileRef = 2B7C5DCF1D6D4433005B30B5 /* LPRefreshGifHeader.m */; };
		2B7C5DD31D6D4448005B30B5 /* LPLoadingView.m in Sources */ = {isa = PBXBuildFile; fileRef = 2B7C5DD21D6D4448005B30B5 /* LPLoadingView.m */; };
		2B7C5DD51D6D9FCF005B30B5 /* LPLoadingView.xib in Resources */ = {isa = PBXBuildFile; fileRef = 2B7C5DD41D6D9FCF005B30B5 /* LPLoadingView.xib */; };
		2B8174261D4EE5A200BA297C /* main.m in Sources */ = {isa = PBXBuildFile; fileRef = 2B8174251D4EE5A200BA297C /* main.m */; };
		2B8174291D4EE5A200BA297C /* AppDelegate.m in Sources */ = {isa = PBXBuildFile; fileRef = 2B8174281D4EE5A200BA297C /* AppDelegate.m */; };
		2B8174311D4EE5A200BA297C /* Assets.xcassets in Resources */ = {isa = PBXBuildFile; fileRef = 2B8174301D4EE5A200BA297C /* Assets.xcassets */; };
		2B8174C61D4F2B4400BA297C /* NSData+Base64.m in Sources */ = {isa = PBXBuildFile; fileRef = 2B81749B1D4F2B4400BA297C /* NSData+Base64.m */; };
		2B8174C71D4F2B4400BA297C /* NSData+Encrypt.m in Sources */ = {isa = PBXBuildFile; fileRef = 2B81749D1D4F2B4400BA297C /* NSData+Encrypt.m */; };
		2B8174C81D4F2B4400BA297C /* NSDate+Compare.m in Sources */ = {isa = PBXBuildFile; fileRef = 2B81749F1D4F2B4400BA297C /* NSDate+Compare.m */; };
		2B8174C91D4F2B4400BA297C /* NSString+Base64.m in Sources */ = {isa = PBXBuildFile; fileRef = 2B8174A21D4F2B4400BA297C /* NSString+Base64.m */; };
		2B8174CA1D4F2B4400BA297C /* NSString+Encrypt.m in Sources */ = {isa = PBXBuildFile; fileRef = 2B8174A41D4F2B4400BA297C /* NSString+Encrypt.m */; };
		2B8174CB1D4F2B4400BA297C /* NSString+MD5.m in Sources */ = {isa = PBXBuildFile; fileRef = 2B8174A61D4F2B4400BA297C /* NSString+MD5.m */; };
		2B8174CC1D4F2B4400BA297C /* NSString+Pinyin.m in Sources */ = {isa = PBXBuildFile; fileRef = 2B8174A81D4F2B4400BA297C /* NSString+Pinyin.m */; };
		2B8174CD1D4F2B4400BA297C /* NSString+Size.m in Sources */ = {isa = PBXBuildFile; fileRef = 2B8174AA1D4F2B4400BA297C /* NSString+Size.m */; };
		2B8174CE1D4F2B4400BA297C /* UIBarButtonItem+Item.m in Sources */ = {isa = PBXBuildFile; fileRef = 2B8174AD1D4F2B4400BA297C /* UIBarButtonItem+Item.m */; };
		2B8174CF1D4F2B4400BA297C /* UIColor+Hex.m in Sources */ = {isa = PBXBuildFile; fileRef = 2B8174B01D4F2B4400BA297C /* UIColor+Hex.m */; };
		2B8174D01D4F2B4400BA297C /* UIImage+Clip.m in Sources */ = {isa = PBXBuildFile; fileRef = 2B8174B31D4F2B4400BA297C /* UIImage+Clip.m */; };
		2B8174D11D4F2B4400BA297C /* UIImage+Color.m in Sources */ = {isa = PBXBuildFile; fileRef = 2B8174B51D4F2B4400BA297C /* UIImage+Color.m */; };
		2B8174D21D4F2B4400BA297C /* UIImage+Size.m in Sources */ = {isa = PBXBuildFile; fileRef = 2B8174B71D4F2B4400BA297C /* UIImage+Size.m */; };
		2B8174D31D4F2B4400BA297C /* UIImage+Snap.m in Sources */ = {isa = PBXBuildFile; fileRef = 2B8174B91D4F2B4400BA297C /* UIImage+Snap.m */; };
		2B8174D41D4F2B4400BA297C /* UITabBarController+addChildVC.m in Sources */ = {isa = PBXBuildFile; fileRef = 2B8174BC1D4F2B4400BA297C /* UITabBarController+addChildVC.m */; };
		2B8174D51D4F2B4400BA297C /* UIView+Frame.m in Sources */ = {isa = PBXBuildFile; fileRef = 2B8174BF1D4F2B4400BA297C /* UIView+Frame.m */; };
		2B8174D61D4F2B4400BA297C /* UIView+Nib.m in Sources */ = {isa = PBXBuildFile; fileRef = 2B8174C11D4F2B4400BA297C /* UIView+Nib.m */; };
		2B8174DC1D4F2BFE00BA297C /* LPTabBarController.m in Sources */ = {isa = PBXBuildFile; fileRef = 2B8174DB1D4F2BFE00BA297C /* LPTabBarController.m */; };
		2B8174E01D4F32BF00BA297C /* LPNavigationController.m in Sources */ = {isa = PBXBuildFile; fileRef = 2B8174DF1D4F32BF00BA297C /* LPNavigationController.m */; };
		2B8174F21D4F39A400BA297C /* TYBaseRequest.m in Sources */ = {isa = PBXBuildFile; fileRef = 2B8174E41D4F39A400BA297C /* TYBaseRequest.m */; };
		2B8174F31D4F39A400BA297C /* TYBatchRequest.m in Sources */ = {isa = PBXBuildFile; fileRef = 2B8174E61D4F39A400BA297C /* TYBatchRequest.m */; };
		2B8174F41D4F39A400BA297C /* TYChainRequest.m in Sources */ = {isa = PBXBuildFile; fileRef = 2B8174E81D4F39A400BA297C /* TYChainRequest.m */; };
		2B8174F51D4F39A400BA297C /* TYHttpManager.m in Sources */ = {isa = PBXBuildFile; fileRef = 2B8174EA1D4F39A400BA297C /* TYHttpManager.m */; };
		2B8174F61D4F39A400BA297C /* TYHttpRequest.m in Sources */ = {isa = PBXBuildFile; fileRef = 2B8174EC1D4F39A400BA297C /* TYHttpRequest.m */; };
		2B8174F71D4F39A400BA297C /* TYRequstConfigure.m in Sources */ = {isa = PBXBuildFile; fileRef = 2B8174EF1D4F39A400BA297C /* TYRequstConfigure.m */; };
		2B8174F81D4F39A400BA297C /* TYResponseCache.m in Sources */ = {isa = PBXBuildFile; fileRef = 2B8174F11D4F39A400BA297C /* TYResponseCache.m */; };
		2B8175031D4F417300BA297C /* TYPagerController.m in Sources */ = {isa = PBXBuildFile; fileRef = 2B8174FB1D4F417300BA297C /* TYPagerController.m */; };
		2B8175041D4F417300BA297C /* TYTabButtonPagerController.m in Sources */ = {isa = PBXBuildFile; fileRef = 2B8174FD1D4F417300BA297C /* TYTabButtonPagerController.m */; };
		2B8175051D4F417300BA297C /* TYTabPagerController.m in Sources */ = {isa = PBXBuildFile; fileRef = 2B8174FF1D4F417300BA297C /* TYTabPagerController.m */; };
		2B8175061D4F417300BA297C /* TYTabTitleViewCell.m in Sources */ = {isa = PBXBuildFile; fileRef = 2B8175021D4F417300BA297C /* TYTabTitleViewCell.m */; };
		2B8A00F91D5AB5F700F04812 /* LPNewsDetailModel.m in Sources */ = {isa = PBXBuildFile; fileRef = 2B8A00F81D5AB5F700F04812 /* LPNewsDetailModel.m */; };
		2B8A00FC1D5AB77800F04812 /* LPNewsCommentModel.m in Sources */ = {isa = PBXBuildFile; fileRef = 2B8A00FB1D5AB77800F04812 /* LPNewsCommentModel.m */; };
		2B8A00FE1D5AD07200F04812 /* News.css in Resources */ = {isa = PBXBuildFile; fileRef = 2B8A00FD1D5AD07200F04812 /* News.css */; };
		2B8A01011D5B2C0F00F04812 /* LPNewsTitleHeaderView.m in Sources */ = {isa = PBXBuildFile; fileRef = 2B8A01001D5B2C0F00F04812 /* LPNewsTitleHeaderView.m */; };
		2B8A01071D5B2C9200F04812 /* LPNewsTitleHeaderView.xib in Resources */ = {isa = PBXBuildFile; fileRef = 2B8A01061D5B2C9200F04812 /* LPNewsTitleHeaderView.xib */; };
		2B93A4451D5C0C9A0016B53F /* LPNewsBreifCellNode.m in Sources */ = {isa = PBXBuildFile; fileRef = 2B93A4441D5C0C9A0016B53F /* LPNewsBreifCellNode.m */; };
		2BA1A6F31D74350900BCED16 /* LPGameNewsController.m in Sources */ = {isa = PBXBuildFile; fileRef = 2BA1A6F21D74350900BCED16 /* LPGameNewsController.m */; };
		2BA925041D62FAB600F6C46B /* NSURL+Parameters.m in Sources */ = {isa = PBXBuildFile; fileRef = 2BA925031D62FAB600F6C46B /* NSURL+Parameters.m */; };
		2BAEC3C31D6FD48E0048CBD3 /* LPRecommendController.m in Sources */ = {isa = PBXBuildFile; fileRef = 2BAEC3C21D6FD48E0048CBD3 /* LPRecommendController.m */; };
		2BAEC3C61D6FD7F60048CBD3 /* LPRecommendOperation.m in Sources */ = {isa = PBXBuildFile; fileRef = 2BAEC3C51D6FD7F60048CBD3 /* LPRecommendOperation.m */; };
		2BAEC3C91D6FD8B50048CBD3 /* LPRecommendItem.m in Sources */ = {isa = PBXBuildFile; fileRef = 2BAEC3C81D6FD8B50048CBD3 /* LPRecommendItem.m */; };
		2BAEC3CC1D6FDB080048CBD3 /* LPTopicImageInfo.m in Sources */ = {isa = PBXBuildFile; fileRef = 2BAEC3CB1D6FDB080048CBD3 /* LPTopicImageInfo.m */; };
		2BB90FF11D66F21D002B2B17 /* LPNewsReplyNode.m in Sources */ = {isa = PBXBuildFile; fileRef = 2BB90FF01D66F21D002B2B17 /* LPNewsReplyNode.m */; };
		2BB90FF41D670417002B2B17 /* LPNewsReplyCollectNode.m in Sources */ = {isa = PBXBuildFile; fileRef = 2BB90FF31D670417002B2B17 /* LPNewsReplyCollectNode.m */; };
		2BE4EF6A1D752BB700CD50D3 /* LPNavigationBarView.m in Sources */ = {isa = PBXBuildFile; fileRef = 2BE4EF681D752BB700CD50D3 /* LPNavigationBarView.m */; };
		2BE4EF6B1D752BB700CD50D3 /* LPNavigationBarView.xib in Resources */ = {isa = PBXBuildFile; fileRef = 2BE4EF691D752BB700CD50D3 /* LPNavigationBarView.xib */; };
		2BE4EF741D756A3C00CD50D3 /* LPNewsImageTitleCellNode.m in Sources */ = {isa = PBXBuildFile; fileRef = 2BE4EF731D756A3C00CD50D3 /* LPNewsImageTitleCellNode.m */; };
		2BE4EF771D7577A900CD50D3 /* LPLoadFailedView.m in Sources */ = {isa = PBXBuildFile; fileRef = 2BE4EF761D7577A900CD50D3 /* LPLoadFailedView.m */; };
		2BE4EF791D7577B600CD50D3 /* LPLoadFailedView.xib in Resources */ = {isa = PBXBuildFile; fileRef = 2BE4EF781D7577B600CD50D3 /* LPLoadFailedView.xib */; };
		2BE9E1D41D6AFA6500834F08 /* LPNewsCommentOperation.m in Sources */ = {isa = PBXBuildFile; fileRef = 2BE9E1D31D6AFA6500834F08 /* LPNewsCommentOperation.m */; };
		A0AC7548470CCBA46E294FCF /* libPods-LovePlayNews.a in Frameworks */ = {isa = PBXBuildFile; fileRef = 2368E49576CDBD8B779D43C5 /* libPods-LovePlayNews.a */; };
		B00A86BF1D728EF700B84F8F /* UIViewController+LPJump.m in Sources */ = {isa = PBXBuildFile; fileRef = B00A86BD1D728EF700B84F8F /* UIViewController+LPJump.m */; };
		B00A86C21D729E1100B84F8F /* LPWebViewController.m in Sources */ = {isa = PBXBuildFile; fileRef = B00A86C11D729E1100B84F8F /* LPWebViewController.m */; };
		B07A5DF11D7138E900C18C27 /* LPRecommendCellNode.m in Sources */ = {isa = PBXBuildFile; fileRef = B07A5DF01D7138E900C18C27 /* LPRecommendCellNode.m */; };
		B08D88F11D685E870048557C /* LPNewsCommentController.m in Sources */ = {isa = PBXBuildFile; fileRef = B08D88F01D685E870048557C /* LPNewsCommentController.m */; };
		B0D8293F1D68871E000B9D84 /* UIView+ViewController.m in Sources */ = {isa = PBXBuildFile; fileRef = B0D8293E1D68871E000B9D84 /* UIView+ViewController.m */; };
		B0D829421D688B39000B9D84 /* LPNewsCommentFooterView.m in Sources */ = {isa = PBXBuildFile; fileRef = B0D829411D688B39000B9D84 /* LPNewsCommentFooterView.m */; };
		B0E744C51D71B46700B011E5 /* LPImagePagerCellNode.m in Sources */ = {isa = PBXBuildFile; fileRef = B0E744C41D71B46700B011E5 /* LPImagePagerCellNode.m */; };
		B0E744C81D71B68200B011E5 /* LPImageInfoCellNode.m in Sources */ = {isa = PBXBuildFile; fileRef = B0E744C71D71B68200B011E5 /* LPImageInfoCellNode.m */; };
		B0ED94B81D55FD66009B11C4 /* LPNewsDetailController.m in Sources */ = {isa = PBXBuildFile; fileRef = B0ED94B71D55FD66009B11C4 /* LPNewsDetailController.m */; };
		B0ED94BB1D5604CD009B11C4 /* LPWebCellNode.m in Sources */ = {isa = PBXBuildFile; fileRef = B0ED94BA1D5604CD009B11C4 /* LPWebCellNode.m */; };
/* End PBXBuildFile section */

/* Begin PBXFileReference section */
		2368E49576CDBD8B779D43C5 /* libPods-LovePlayNews.a */ = {isa = PBXFileReference; explicitFileType = archive.ar; includeInIndex = 0; path = "libPods-LovePlayNews.a"; sourceTree = BUILT_PRODUCTS_DIR; };
		2B0056201D5418A900DDA531 /* JPFPSStatus.h */ = {isa = PBXFileReference; fileEncoding = 4; lastKnownFileType = sourcecode.c.h; path = JPFPSStatus.h; sourceTree = "<group>"; };
		2B0056211D5418A900DDA531 /* JPFPSStatus.m */ = {isa = PBXFileReference; fileEncoding = 4; lastKnownFileType = sourcecode.c.objc; path = JPFPSStatus.m; sourceTree = "<group>"; };
		2B0056231D54392200DDA531 /* NewsInfo.plist */ = {isa = PBXFileReference; fileEncoding = 4; lastKnownFileType = text.plist.xml; path = NewsInfo.plist; sourceTree = "<group>"; };
		2B00AC821D517B580048B5C2 /* NSObject+TYJSONModel.h */ = {isa = PBXFileReference; fileEncoding = 4; lastKnownFileType = sourcecode.c.h; path = "NSObject+TYJSONModel.h"; sourceTree = "<group>"; };
		2B00AC831D517B580048B5C2 /* NSObject+TYJSONModel.m */ = {isa = PBXFileReference; fileEncoding = 4; lastKnownFileType = sourcecode.c.objc; path = "NSObject+TYJSONModel.m"; sourceTree = "<group>"; };
		2B00AC841D517B580048B5C2 /* TYClassInfo.h */ = {isa = PBXFileReference; fileEncoding = 4; lastKnownFileType = sourcecode.c.h; path = TYClassInfo.h; sourceTree = "<group>"; };
		2B00AC851D517B580048B5C2 /* TYClassInfo.m */ = {isa = PBXFileReference; fileEncoding = 4; lastKnownFileType = sourcecode.c.objc; path = TYClassInfo.m; sourceTree = "<group>"; };
		2B00AC861D517B580048B5C2 /* TYJSONModel.h */ = {isa = PBXFileReference; fileEncoding = 4; lastKnownFileType = sourcecode.c.h; path = TYJSONModel.h; sourceTree = "<group>"; };
		2B00AC871D517B580048B5C2 /* TYPropertyInfo.h */ = {isa = PBXFileReference; fileEncoding = 4; lastKnownFileType = sourcecode.c.h; path = TYPropertyInfo.h; sourceTree = "<group>"; };
		2B00AC881D517B580048B5C2 /* TYPropertyInfo.m */ = {isa = PBXFileReference; fileEncoding = 4; lastKnownFileType = sourcecode.c.objc; path = TYPropertyInfo.m; sourceTree = "<group>"; };
		2B00AC951D517CF90048B5C2 /* LPNewsListController.h */ = {isa = PBXFileReference; fileEncoding = 4; lastKnownFileType = sourcecode.c.h; path = LPNewsListController.h; sourceTree = "<group>"; };
		2B00AC961D517CF90048B5C2 /* LPNewsListController.m */ = {isa = PBXFileReference; fileEncoding = 4; lastKnownFileType = sourcecode.c.objc; path = LPNewsListController.m; sourceTree = "<group>"; };
		2B00AC971D517CF90048B5C2 /* LPPagerViewController.h */ = {isa = PBXFileReference; fileEncoding = 4; lastKnownFileType = sourcecode.c.h; path = LPPagerViewController.h; sourceTree = "<group>"; };
		2B00AC981D517CF90048B5C2 /* LPPagerViewController.m */ = {isa = PBXFileReference; fileEncoding = 4; lastKnownFileType = sourcecode.c.objc; path = LPPagerViewController.m; sourceTree = "<group>"; };
		2B00AC9D1D517D2A0048B5C2 /* LPNewsInfoModel.h */ = {isa = PBXFileReference; fileEncoding = 4; lastKnownFileType = sourcecode.c.h; path = LPNewsInfoModel.h; sourceTree = "<group>"; };
		2B00AC9E1D517D2A0048B5C2 /* LPNewsInfoModel.m */ = {isa = PBXFileReference; fileEncoding = 4; lastKnownFileType = sourcecode.c.objc; path = LPNewsInfoModel.m; sourceTree = "<group>"; };
		2B00ACA11D517E5E0048B5C2 /* LPHttpRequest.h */ = {isa = PBXFileReference; fileEncoding = 4; lastKnownFileType = sourcecode.c.h; path = LPHttpRequest.h; sourceTree = "<group>"; };
		2B00ACA21D517E5E0048B5C2 /* LPHttpRequest.m */ = {isa = PBXFileReference; fileEncoding = 4; lastKnownFileType = sourcecode.c.objc; path = LPHttpRequest.m; sourceTree = "<group>"; };
		2B00ACA31D517E5E0048B5C2 /* LPResponseObject.h */ = {isa = PBXFileReference; fileEncoding = 4; lastKnownFileType = sourcecode.c.h; path = LPResponseObject.h; sourceTree = "<group>"; };
		2B00ACA41D517E5E0048B5C2 /* LPResponseObject.m */ = {isa = PBXFileReference; fileEncoding = 4; lastKnownFileType = sourcecode.c.objc; path = LPResponseObject.m; sourceTree = "<group>"; };
		2B00ACA91D517FC30048B5C2 /* LPRequestURLInfo.h */ = {isa = PBXFileReference; lastKnownFileType = sourcecode.c.h; path = LPRequestURLInfo.h; sourceTree = "<group>"; };
		2B00ACB11D51AB230048B5C2 /* LPNewsInfoOperation.h */ = {isa = PBXFileReference; fileEncoding = 4; lastKnownFileType = sourcecode.c.h; path = LPNewsInfoOperation.h; sourceTree = "<group>"; };
		2B00ACB21D51AB230048B5C2 /* LPNewsInfoOperation.m */ = {isa = PBXFileReference; fileEncoding = 4; lastKnownFileType = sourcecode.c.objc; path = LPNewsInfoOperation.m; sourceTree = "<group>"; };
		2B01C9C11D6BE4EF00D56364 /* LPCustomResponse.h */ = {isa = PBXFileReference; fileEncoding = 4; lastKnownFileType = sourcecode.c.h; path = LPCustomResponse.h; sourceTree = "<group>"; };
		2B01C9C21D6BE4EF00D56364 /* LPCustomResponse.m */ = {isa = PBXFileReference; fileEncoding = 4; lastKnownFileType = sourcecode.c.objc; path = LPCustomResponse.m; sourceTree = "<group>"; };
		2B3913EF1D5C7D510068B1D8 /* LPNewsTitleSectionView.h */ = {isa = PBXFileReference; fileEncoding = 4; lastKnownFileType = sourcecode.c.h; path = LPNewsTitleSectionView.h; sourceTree = "<group>"; };
		2B3913F01D5C7D510068B1D8 /* LPNewsTitleSectionView.m */ = {isa = PBXFileReference; fileEncoding = 4; lastKnownFileType = sourcecode.c.objc; path = LPNewsTitleSectionView.m; sourceTree = "<group>"; };
		2B50AB2A1D5D5C5C00FB77AE /* LPNewsCommentCellNode.h */ = {isa = PBXFileReference; fileEncoding = 4; lastKnownFileType = sourcecode.c.h; path = LPNewsCommentCellNode.h; sourceTree = "<group>"; };
		2B50AB2B1D5D5C5C00FB77AE /* LPNewsCommentCellNode.m */ = {isa = PBXFileReference; fileEncoding = 4; lastKnownFileType = sourcecode.c.objc; path = LPNewsCommentCellNode.m; sourceTree = "<group>"; };
		2B50AB2D1D5DCA9000FB77AE /* LPNewsImageCellNode.h */ = {isa = PBXFileReference; fileEncoding = 4; lastKnownFileType = sourcecode.c.h; path = LPNewsImageCellNode.h; sourceTree = "<group>"; };
		2B50AB2E1D5DCA9000FB77AE /* LPNewsImageCellNode.m */ = {isa = PBXFileReference; fileEncoding = 4; lastKnownFileType = sourcecode.c.objc; path = LPNewsImageCellNode.m; sourceTree = "<group>"; };
		2B50AB311D5DCB1C00FB77AE /* LPNewsBaseCellNode.h */ = {isa = PBXFileReference; fileEncoding = 4; lastKnownFileType = sourcecode.c.h; path = LPNewsBaseCellNode.h; sourceTree = "<group>"; };
		2B50AB321D5DCB1C00FB77AE /* LPNewsBaseCellNode.m */ = {isa = PBXFileReference; fileEncoding = 4; lastKnownFileType = sourcecode.c.objc; path = LPNewsBaseCellNode.m; sourceTree = "<group>"; };
		2B57C57B1D53293A00F436DE /* MBProgressHUD+MJ.h */ = {isa = PBXFileReference; fileEncoding = 4; lastKnownFileType = sourcecode.c.h; path = "MBProgressHUD+MJ.h"; sourceTree = "<group>"; };
		2B57C57C1D53293A00F436DE /* MBProgressHUD+MJ.m */ = {isa = PBXFileReference; fileEncoding = 4; lastKnownFileType = sourcecode.c.objc; path = "MBProgressHUD+MJ.m"; sourceTree = "<group>"; };
		2B57C57D1D53293A00F436DE /* MBProgressHUD.bundle */ = {isa = PBXFileReference; lastKnownFileType = "wrapper.plug-in"; path = MBProgressHUD.bundle; sourceTree = "<group>"; };
		2B57C5801D534F9300F436DE /* LPNewsCellNode.h */ = {isa = PBXFileReference; fileEncoding = 4; lastKnownFileType = sourcecode.c.h; path = LPNewsCellNode.h; sourceTree = "<group>"; };
		2B57C5811D534F9300F436DE /* LPNewsCellNode.m */ = {isa = PBXFileReference; fileEncoding = 4; lastKnownFileType = sourcecode.c.objc; path = LPNewsCellNode.m; sourceTree = "<group>"; };
		2B6CC49D1D631E9900CE3F33 /* LPNewsFavorCellNode.h */ = {isa = PBXFileReference; fileEncoding = 4; lastKnownFileType = sourcecode.c.h; path = LPNewsFavorCellNode.h; sourceTree = "<group>"; };
		2B6CC49E1D631E9900CE3F33 /* LPNewsFavorCellNode.m */ = {isa = PBXFileReference; fileEncoding = 4; lastKnownFileType = sourcecode.c.objc; path = LPNewsFavorCellNode.m; sourceTree = "<group>"; };
		2B6CC4A01D6323A900CE3F33 /* NSDictionary+Params.h */ = {isa = PBXFileReference; fileEncoding = 4; lastKnownFileType = sourcecode.c.h; path = "NSDictionary+Params.h"; sourceTree = "<group>"; };
		2B6CC4A11D6323A900CE3F33 /* NSDictionary+Params.m */ = {isa = PBXFileReference; fileEncoding = 4; lastKnownFileType = sourcecode.c.objc; path = "NSDictionary+Params.m"; sourceTree = "<group>"; };
		2B7C5DCE1D6D4433005B30B5 /* LPRefreshGifHeader.h */ = {isa = PBXFileReference; fileEncoding = 4; lastKnownFileType = sourcecode.c.h; path = LPRefreshGifHeader.h; sourceTree = "<group>"; };
		2B7C5DCF1D6D4433005B30B5 /* LPRefreshGifHeader.m */ = {isa = PBXFileReference; fileEncoding = 4; lastKnownFileType = sourcecode.c.objc; path = LPRefreshGifHeader.m; sourceTree = "<group>"; };
		2B7C5DD11D6D4448005B30B5 /* LPLoadingView.h */ = {isa = PBXFileReference; fileEncoding = 4; lastKnownFileType = sourcecode.c.h; path = LPLoadingView.h; sourceTree = "<group>"; };
		2B7C5DD21D6D4448005B30B5 /* LPLoadingView.m */ = {isa = PBXFileReference; fileEncoding = 4; lastKnownFileType = sourcecode.c.objc; path = LPLoadingView.m; sourceTree = "<group>"; };
		2B7C5DD41D6D9FCF005B30B5 /* LPLoadingView.xib */ = {isa = PBXFileReference; fileEncoding = 4; lastKnownFileType = file.xib; path = LPLoadingView.xib; sourceTree = "<group>"; };
		2B8174211D4EE5A200BA297C /* LovePlayNews.app */ = {isa = PBXFileReference; explicitFileType = wrapper.application; includeInIndex = 0; path = LovePlayNews.app; sourceTree = BUILT_PRODUCTS_DIR; };
		2B8174251D4EE5A200BA297C /* main.m */ = {isa = PBXFileReference; lastKnownFileType = sourcecode.c.objc; path = main.m; sourceTree = "<group>"; };
		2B8174271D4EE5A200BA297C /* AppDelegate.h */ = {isa = PBXFileReference; lastKnownFileType = sourcecode.c.h; path = AppDelegate.h; sourceTree = "<group>"; };
		2B8174281D4EE5A200BA297C /* AppDelegate.m */ = {isa = PBXFileReference; lastKnownFileType = sourcecode.c.objc; path = AppDelegate.m; sourceTree = "<group>"; };
		2B8174301D4EE5A200BA297C /* Assets.xcassets */ = {isa = PBXFileReference; lastKnownFileType = folder.assetcatalog; path = Assets.xcassets; sourceTree = "<group>"; };
		2B8174351D4EE5A300BA297C /* Info.plist */ = {isa = PBXFileReference; lastKnownFileType = text.plist.xml; path = Info.plist; sourceTree = "<group>"; };
		2B81743E1D4EE5A300BA297C /* LovePlayNewsTests.m */ = {isa = PBXFileReference; lastKnownFileType = sourcecode.c.objc; path = LovePlayNewsTests.m; sourceTree = "<group>"; };
		2B8174401D4EE5A300BA297C /* Info.plist */ = {isa = PBXFileReference; lastKnownFileType = text.plist.xml; path = Info.plist; sourceTree = "<group>"; };
		2B81749A1D4F2B4400BA297C /* NSData+Base64.h */ = {isa = PBXFileReference; fileEncoding = 4; lastKnownFileType = sourcecode.c.h; path = "NSData+Base64.h"; sourceTree = "<group>"; };
		2B81749B1D4F2B4400BA297C /* NSData+Base64.m */ = {isa = PBXFileReference; fileEncoding = 4; lastKnownFileType = sourcecode.c.objc; path = "NSData+Base64.m"; sourceTree = "<group>"; };
		2B81749C1D4F2B4400BA297C /* NSData+Encrypt.h */ = {isa = PBXFileReference; fileEncoding = 4; lastKnownFileType = sourcecode.c.h; path = "NSData+Encrypt.h"; sourceTree = "<group>"; };
		2B81749D1D4F2B4400BA297C /* NSData+Encrypt.m */ = {isa = PBXFileReference; fileEncoding = 4; lastKnownFileType = sourcecode.c.objc; path = "NSData+Encrypt.m"; sourceTree = "<group>"; };
		2B81749E1D4F2B4400BA297C /* NSDate+Compare.h */ = {isa = PBXFileReference; fileEncoding = 4; lastKnownFileType = sourcecode.c.h; path = "NSDate+Compare.h"; sourceTree = "<group>"; };
		2B81749F1D4F2B4400BA297C /* NSDate+Compare.m */ = {isa = PBXFileReference; fileEncoding = 4; lastKnownFileType = sourcecode.c.objc; path = "NSDate+Compare.m"; sourceTree = "<group>"; };
		2B8174A11D4F2B4400BA297C /* NSString+Base64.h */ = {isa = PBXFileReference; fileEncoding = 4; lastKnownFileType = sourcecode.c.h; path = "NSString+Base64.h"; sourceTree = "<group>"; };
		2B8174A21D4F2B4400BA297C /* NSString+Base64.m */ = {isa = PBXFileReference; fileEncoding = 4; lastKnownFileType = sourcecode.c.objc; path = "NSString+Base64.m"; sourceTree = "<group>"; };
		2B8174A31D4F2B4400BA297C /* NSString+Encrypt.h */ = {isa = PBXFileReference; fileEncoding = 4; lastKnownFileType = sourcecode.c.h; path = "NSString+Encrypt.h"; sourceTree = "<group>"; };
		2B8174A41D4F2B4400BA297C /* NSString+Encrypt.m */ = {isa = PBXFileReference; fileEncoding = 4; lastKnownFileType = sourcecode.c.objc; path = "NSString+Encrypt.m"; sourceTree = "<group>"; };
		2B8174A51D4F2B4400BA297C /* NSString+MD5.h */ = {isa = PBXFileReference; fileEncoding = 4; lastKnownFileType = sourcecode.c.h; path = "NSString+MD5.h"; sourceTree = "<group>"; };
		2B8174A61D4F2B4400BA297C /* NSString+MD5.m */ = {isa = PBXFileReference; fileEncoding = 4; lastKnownFileType = sourcecode.c.objc; path = "NSString+MD5.m"; sourceTree = "<group>"; };
		2B8174A71D4F2B4400BA297C /* NSString+Pinyin.h */ = {isa = PBXFileReference; fileEncoding = 4; lastKnownFileType = sourcecode.c.h; path = "NSString+Pinyin.h"; sourceTree = "<group>"; };
		2B8174A81D4F2B4400BA297C /* NSString+Pinyin.m */ = {isa = PBXFileReference; fileEncoding = 4; lastKnownFileType = sourcecode.c.objc; path = "NSString+Pinyin.m"; sourceTree = "<group>"; };
		2B8174A91D4F2B4400BA297C /* NSString+Size.h */ = {isa = PBXFileReference; fileEncoding = 4; lastKnownFileType = sourcecode.c.h; path = "NSString+Size.h"; sourceTree = "<group>"; };
		2B8174AA1D4F2B4400BA297C /* NSString+Size.m */ = {isa = PBXFileReference; fileEncoding = 4; lastKnownFileType = sourcecode.c.objc; path = "NSString+Size.m"; sourceTree = "<group>"; };
		2B8174AC1D4F2B4400BA297C /* UIBarButtonItem+Item.h */ = {isa = PBXFileReference; fileEncoding = 4; lastKnownFileType = sourcecode.c.h; path = "UIBarButtonItem+Item.h"; sourceTree = "<group>"; };
		2B8174AD1D4F2B4400BA297C /* UIBarButtonItem+Item.m */ = {isa = PBXFileReference; fileEncoding = 4; lastKnownFileType = sourcecode.c.objc; path = "UIBarButtonItem+Item.m"; sourceTree = "<group>"; };
		2B8174AF1D4F2B4400BA297C /* UIColor+Hex.h */ = {isa = PBXFileReference; fileEncoding = 4; lastKnownFileType = sourcecode.c.h; path = "UIColor+Hex.h"; sourceTree = "<group>"; };
		2B8174B01D4F2B4400BA297C /* UIColor+Hex.m */ = {isa = PBXFileReference; fileEncoding = 4; lastKnownFileType = sourcecode.c.objc; path = "UIColor+Hex.m"; sourceTree = "<group>"; };
		2B8174B21D4F2B4400BA297C /* UIImage+Clip.h */ = {isa = PBXFileReference; fileEncoding = 4; lastKnownFileType = sourcecode.c.h; path = "UIImage+Clip.h"; sourceTree = "<group>"; };
		2B8174B31D4F2B4400BA297C /* UIImage+Clip.m */ = {isa = PBXFileReference; fileEncoding = 4; lastKnownFileType = sourcecode.c.objc; path = "UIImage+Clip.m"; sourceTree = "<group>"; };
		2B8174B41D4F2B4400BA297C /* UIImage+Color.h */ = {isa = PBXFileReference; fileEncoding = 4; lastKnownFileType = sourcecode.c.h; path = "UIImage+Color.h"; sourceTree = "<group>"; };
		2B8174B51D4F2B4400BA297C /* UIImage+Color.m */ = {isa = PBXFileReference; fileEncoding = 4; lastKnownFileType = sourcecode.c.objc; path = "UIImage+Color.m"; sourceTree = "<group>"; };
		2B8174B61D4F2B4400BA297C /* UIImage+Size.h */ = {isa = PBXFileReference; fileEncoding = 4; lastKnownFileType = sourcecode.c.h; path = "UIImage+Size.h"; sourceTree = "<group>"; };
		2B8174B71D4F2B4400BA297C /* UIImage+Size.m */ = {isa = PBXFileReference; fileEncoding = 4; lastKnownFileType = sourcecode.c.objc; path = "UIImage+Size.m"; sourceTree = "<group>"; };
		2B8174B81D4F2B4400BA297C /* UIImage+Snap.h */ = {isa = PBXFileReference; fileEncoding = 4; lastKnownFileType = sourcecode.c.h; path = "UIImage+Snap.h"; sourceTree = "<group>"; };
		2B8174B91D4F2B4400BA297C /* UIImage+Snap.m */ = {isa = PBXFileReference; fileEncoding = 4; lastKnownFileType = sourcecode.c.objc; path = "UIImage+Snap.m"; sourceTree = "<group>"; };
		2B8174BB1D4F2B4400BA297C /* UITabBarController+AddChildVC.h */ = {isa = PBXFileReference; fileEncoding = 4; lastKnownFileType = sourcecode.c.h; path = "UITabBarController+AddChildVC.h"; sourceTree = "<group>"; };
		2B8174BC1D4F2B4400BA297C /* UITabBarController+addChildVC.m */ = {isa = PBXFileReference; fileEncoding = 4; lastKnownFileType = sourcecode.c.objc; path = "UITabBarController+addChildVC.m"; sourceTree = "<group>"; };
		2B8174BE1D4F2B4400BA297C /* UIView+Frame.h */ = {isa = PBXFileReference; fileEncoding = 4; lastKnownFileType = sourcecode.c.h; path = "UIView+Frame.h"; sourceTree = "<group>"; };
		2B8174BF1D4F2B4400BA297C /* UIView+Frame.m */ = {isa = PBXFileReference; fileEncoding = 4; lastKnownFileType = sourcecode.c.objc; path = "UIView+Frame.m"; sourceTree = "<group>"; };
		2B8174C01D4F2B4400BA297C /* UIView+Nib.h */ = {isa = PBXFileReference; fileEncoding = 4; lastKnownFileType = sourcecode.c.h; path = "UIView+Nib.h"; sourceTree = "<group>"; };
		2B8174C11D4F2B4400BA297C /* UIView+Nib.m */ = {isa = PBXFileReference; fileEncoding = 4; lastKnownFileType = sourcecode.c.objc; path = "UIView+Nib.m"; sourceTree = "<group>"; };
		2B8174C31D4F2B4400BA297C /* Define_Basic.h */ = {isa = PBXFileReference; fileEncoding = 4; lastKnownFileType = sourcecode.c.h; path = Define_Basic.h; sourceTree = "<group>"; };
		2B8174C41D4F2B4400BA297C /* Function_Basic.h */ = {isa = PBXFileReference; fileEncoding = 4; lastKnownFileType = sourcecode.c.h; path = Function_Basic.h; sourceTree = "<group>"; };
		2B8174DA1D4F2BFE00BA297C /* LPTabBarController.h */ = {isa = PBXFileReference; fileEncoding = 4; lastKnownFileType = sourcecode.c.h; path = LPTabBarController.h; sourceTree = "<group>"; };
		2B8174DB1D4F2BFE00BA297C /* LPTabBarController.m */ = {isa = PBXFileReference; fileEncoding = 4; lastKnownFileType = sourcecode.c.objc; path = LPTabBarController.m; sourceTree = "<group>"; };
		2B8174DE1D4F32BF00BA297C /* LPNavigationController.h */ = {isa = PBXFileReference; fileEncoding = 4; lastKnownFileType = sourcecode.c.h; path = LPNavigationController.h; sourceTree = "<group>"; };
		2B8174DF1D4F32BF00BA297C /* LPNavigationController.m */ = {isa = PBXFileReference; fileEncoding = 4; lastKnownFileType = sourcecode.c.objc; path = LPNavigationController.m; sourceTree = "<group>"; };
		2B8174E31D4F39A400BA297C /* TYBaseRequest.h */ = {isa = PBXFileReference; fileEncoding = 4; lastKnownFileType = sourcecode.c.h; path = TYBaseRequest.h; sourceTree = "<group>"; };
		2B8174E41D4F39A400BA297C /* TYBaseRequest.m */ = {isa = PBXFileReference; fileEncoding = 4; lastKnownFileType = sourcecode.c.objc; path = TYBaseRequest.m; sourceTree = "<group>"; };
		2B8174E51D4F39A400BA297C /* TYBatchRequest.h */ = {isa = PBXFileReference; fileEncoding = 4; lastKnownFileType = sourcecode.c.h; path = TYBatchRequest.h; sourceTree = "<group>"; };
		2B8174E61D4F39A400BA297C /* TYBatchRequest.m */ = {isa = PBXFileReference; fileEncoding = 4; lastKnownFileType = sourcecode.c.objc; path = TYBatchRequest.m; sourceTree = "<group>"; };
		2B8174E71D4F39A400BA297C /* TYChainRequest.h */ = {isa = PBXFileReference; fileEncoding = 4; lastKnownFileType = sourcecode.c.h; path = TYChainRequest.h; sourceTree = "<group>"; };
		2B8174E81D4F39A400BA297C /* TYChainRequest.m */ = {isa = PBXFileReference; fileEncoding = 4; lastKnownFileType = sourcecode.c.objc; path = TYChainRequest.m; sourceTree = "<group>"; };
		2B8174E91D4F39A400BA297C /* TYHttpManager.h */ = {isa = PBXFileReference; fileEncoding = 4; lastKnownFileType = sourcecode.c.h; path = TYHttpManager.h; sourceTree = "<group>"; };
		2B8174EA1D4F39A400BA297C /* TYHttpManager.m */ = {isa = PBXFileReference; fileEncoding = 4; lastKnownFileType = sourcecode.c.objc; path = TYHttpManager.m; sourceTree = "<group>"; };
		2B8174EB1D4F39A400BA297C /* TYHttpRequest.h */ = {isa = PBXFileReference; fileEncoding = 4; lastKnownFileType = sourcecode.c.h; path = TYHttpRequest.h; sourceTree = "<group>"; };
		2B8174EC1D4F39A400BA297C /* TYHttpRequest.m */ = {isa = PBXFileReference; fileEncoding = 4; lastKnownFileType = sourcecode.c.objc; path = TYHttpRequest.m; sourceTree = "<group>"; };
		2B8174ED1D4F39A400BA297C /* TYRequestProtocol.h */ = {isa = PBXFileReference; fileEncoding = 4; lastKnownFileType = sourcecode.c.h; path = TYRequestProtocol.h; sourceTree = "<group>"; };
		2B8174EE1D4F39A400BA297C /* TYRequstConfigure.h */ = {isa = PBXFileReference; fileEncoding = 4; lastKnownFileType = sourcecode.c.h; path = TYRequstConfigure.h; sourceTree = "<group>"; };
		2B8174EF1D4F39A400BA297C /* TYRequstConfigure.m */ = {isa = PBXFileReference; fileEncoding = 4; lastKnownFileType = sourcecode.c.objc; path = TYRequstConfigure.m; sourceTree = "<group>"; };
		2B8174F01D4F39A400BA297C /* TYResponseCache.h */ = {isa = PBXFileReference; fileEncoding = 4; lastKnownFileType = sourcecode.c.h; path = TYResponseCache.h; sourceTree = "<group>"; };
		2B8174F11D4F39A400BA297C /* TYResponseCache.m */ = {isa = PBXFileReference; fileEncoding = 4; lastKnownFileType = sourcecode.c.objc; path = TYResponseCache.m; sourceTree = "<group>"; };
		2B8174FA1D4F417300BA297C /* TYPagerController.h */ = {isa = PBXFileReference; fileEncoding = 4; lastKnownFileType = sourcecode.c.h; path = TYPagerController.h; sourceTree = "<group>"; };
		2B8174FB1D4F417300BA297C /* TYPagerController.m */ = {isa = PBXFileReference; fileEncoding = 4; lastKnownFileType = sourcecode.c.objc; path = TYPagerController.m; sourceTree = "<group>"; };
		2B8174FC1D4F417300BA297C /* TYTabButtonPagerController.h */ = {isa = PBXFileReference; fileEncoding = 4; lastKnownFileType = sourcecode.c.h; path = TYTabButtonPagerController.h; sourceTree = "<group>"; };
		2B8174FD1D4F417300BA297C /* TYTabButtonPagerController.m */ = {isa = PBXFileReference; fileEncoding = 4; lastKnownFileType = sourcecode.c.objc; path = TYTabButtonPagerController.m; sourceTree = "<group>"; };
		2B8174FE1D4F417300BA297C /* TYTabPagerController.h */ = {isa = PBXFileReference; fileEncoding = 4; lastKnownFileType = sourcecode.c.h; path = TYTabPagerController.h; sourceTree = "<group>"; };
		2B8174FF1D4F417300BA297C /* TYTabPagerController.m */ = {isa = PBXFileReference; fileEncoding = 4; lastKnownFileType = sourcecode.c.objc; path = TYTabPagerController.m; sourceTree = "<group>"; };
		2B8175001D4F417300BA297C /* TYTabTitleCellProtocol.h */ = {isa = PBXFileReference; fileEncoding = 4; lastKnownFileType = sourcecode.c.h; path = TYTabTitleCellProtocol.h; sourceTree = "<group>"; };
		2B8175011D4F417300BA297C /* TYTabTitleViewCell.h */ = {isa = PBXFileReference; fileEncoding = 4; lastKnownFileType = sourcecode.c.h; path = TYTabTitleViewCell.h; sourceTree = "<group>"; };
		2B8175021D4F417300BA297C /* TYTabTitleViewCell.m */ = {isa = PBXFileReference; fileEncoding = 4; lastKnownFileType = sourcecode.c.objc; path = TYTabTitleViewCell.m; sourceTree = "<group>"; };
		2B8A00F71D5AB5F700F04812 /* LPNewsDetailModel.h */ = {isa = PBXFileReference; fileEncoding = 4; lastKnownFileType = sourcecode.c.h; path = LPNewsDetailModel.h; sourceTree = "<group>"; };
		2B8A00F81D5AB5F700F04812 /* LPNewsDetailModel.m */ = {isa = PBXFileReference; fileEncoding = 4; lastKnownFileType = sourcecode.c.objc; path = LPNewsDetailModel.m; sourceTree = "<group>"; };
		2B8A00FA1D5AB77800F04812 /* LPNewsCommentModel.h */ = {isa = PBXFileReference; fileEncoding = 4; lastKnownFileType = sourcecode.c.h; path = LPNewsCommentModel.h; sourceTree = "<group>"; };
		2B8A00FB1D5AB77800F04812 /* LPNewsCommentModel.m */ = {isa = PBXFileReference; fileEncoding = 4; lastKnownFileType = sourcecode.c.objc; path = LPNewsCommentModel.m; sourceTree = "<group>"; };
		2B8A00FD1D5AD07200F04812 /* News.css */ = {isa = PBXFileReference; fileEncoding = 4; lastKnownFileType = text.css; path = News.css; sourceTree = "<group>"; };
		2B8A00FF1D5B2C0F00F04812 /* LPNewsTitleHeaderView.h */ = {isa = PBXFileReference; fileEncoding = 4; lastKnownFileType = sourcecode.c.h; path = LPNewsTitleHeaderView.h; sourceTree = "<group>"; };
		2B8A01001D5B2C0F00F04812 /* LPNewsTitleHeaderView.m */ = {isa = PBXFileReference; fileEncoding = 4; lastKnownFileType = sourcecode.c.objc; path = LPNewsTitleHeaderView.m; sourceTree = "<group>"; };
		2B8A01061D5B2C9200F04812 /* LPNewsTitleHeaderView.xib */ = {isa = PBXFileReference; fileEncoding = 4; lastKnownFileType = file.xib; path = LPNewsTitleHeaderView.xib; sourceTree = "<group>"; };
		2B8DA28A1D504031007FAD3D /* LovePlayNews-Prefix.pch */ = {isa = PBXFileReference; lastKnownFileType = sourcecode.c.h; path = "LovePlayNews-Prefix.pch"; sourceTree = "<group>"; };
		2B93A4431D5C0C9A0016B53F /* LPNewsBreifCellNode.h */ = {isa = PBXFileReference; fileEncoding = 4; lastKnownFileType = sourcecode.c.h; path = LPNewsBreifCellNode.h; sourceTree = "<group>"; };
		2B93A4441D5C0C9A0016B53F /* LPNewsBreifCellNode.m */ = {isa = PBXFileReference; fileEncoding = 4; lastKnownFileType = sourcecode.c.objc; path = LPNewsBreifCellNode.m; sourceTree = "<group>"; };
		2BA1A6F11D74350900BCED16 /* LPGameNewsController.h */ = {isa = PBXFileReference; fileEncoding = 4; lastKnownFileType = sourcecode.c.h; path = LPGameNewsController.h; sourceTree = "<group>"; };
		2BA1A6F21D74350900BCED16 /* LPGameNewsController.m */ = {isa = PBXFileReference; fileEncoding = 4; lastKnownFileType = sourcecode.c.objc; path = LPGameNewsController.m; sourceTree = "<group>"; };
		2BA925021D62FAB600F6C46B /* NSURL+Parameters.h */ = {isa = PBXFileReference; fileEncoding = 4; lastKnownFileType = sourcecode.c.h; path = "NSURL+Parameters.h"; sourceTree = "<group>"; };
		2BA925031D62FAB600F6C46B /* NSURL+Parameters.m */ = {isa = PBXFileReference; fileEncoding = 4; lastKnownFileType = sourcecode.c.objc; path = "NSURL+Parameters.m"; sourceTree = "<group>"; };
		2BAEC3C11D6FD48E0048CBD3 /* LPRecommendController.h */ = {isa = PBXFileReference; fileEncoding = 4; lastKnownFileType = sourcecode.c.h; path = LPRecommendController.h; sourceTree = "<group>"; };
		2BAEC3C21D6FD48E0048CBD3 /* LPRecommendController.m */ = {isa = PBXFileReference; fileEncoding = 4; lastKnownFileType = sourcecode.c.objc; path = LPRecommendController.m; sourceTree = "<group>"; };
		2BAEC3C41D6FD7F60048CBD3 /* LPRecommendOperation.h */ = {isa = PBXFileReference; fileEncoding = 4; lastKnownFileType = sourcecode.c.h; path = LPRecommendOperation.h; sourceTree = "<group>"; };
		2BAEC3C51D6FD7F60048CBD3 /* LPRecommendOperation.m */ = {isa = PBXFileReference; fileEncoding = 4; lastKnownFileType = sourcecode.c.objc; path = LPRecommendOperation.m; sourceTree = "<group>"; };
		2BAEC3C71D6FD8B50048CBD3 /* LPRecommendItem.h */ = {isa = PBXFileReference; fileEncoding = 4; lastKnownFileType = sourcecode.c.h; path = LPRecommendItem.h; sourceTree = "<group>"; };
		2BAEC3C81D6FD8B50048CBD3 /* LPRecommendItem.m */ = {isa = PBXFileReference; fileEncoding = 4; lastKnownFileType = sourcecode.c.objc; path = LPRecommendItem.m; sourceTree = "<group>"; };
		2BAEC3CA1D6FDB080048CBD3 /* LPTopicImageInfo.h */ = {isa = PBXFileReference; fileEncoding = 4; lastKnownFileType = sourcecode.c.h; path = LPTopicImageInfo.h; sourceTree = "<group>"; };
		2BAEC3CB1D6FDB080048CBD3 /* LPTopicImageInfo.m */ = {isa = PBXFileReference; fileEncoding = 4; lastKnownFileType = sourcecode.c.objc; path = LPTopicImageInfo.m; sourceTree = "<group>"; };
		2BB90FEF1D66F21D002B2B17 /* LPNewsReplyNode.h */ = {isa = PBXFileReference; fileEncoding = 4; lastKnownFileType = sourcecode.c.h; path = LPNewsReplyNode.h; sourceTree = "<group>"; };
		2BB90FF01D66F21D002B2B17 /* LPNewsReplyNode.m */ = {isa = PBXFileReference; fileEncoding = 4; lastKnownFileType = sourcecode.c.objc; path = LPNewsReplyNode.m; sourceTree = "<group>"; };
		2BB90FF21D670417002B2B17 /* LPNewsReplyCollectNode.h */ = {isa = PBXFileReference; fileEncoding = 4; lastKnownFileType = sourcecode.c.h; path = LPNewsReplyCollectNode.h; sourceTree = "<group>"; };
		2BB90FF31D670417002B2B17 /* LPNewsReplyCollectNode.m */ = {isa = PBXFileReference; fileEncoding = 4; lastKnownFileType = sourcecode.c.objc; path = LPNewsReplyCollectNode.m; sourceTree = "<group>"; };
		2BE4EF661D752A7300CD50D3 /* Class_Basic.h */ = {isa = PBXFileReference; lastKnownFileType = sourcecode.c.h; path = Class_Basic.h; sourceTree = "<group>"; };
		2BE4EF671D752BB700CD50D3 /* LPNavigationBarView.h */ = {isa = PBXFileReference; fileEncoding = 4; lastKnownFileType = sourcecode.c.h; path = LPNavigationBarView.h; sourceTree = "<group>"; };
		2BE4EF681D752BB700CD50D3 /* LPNavigationBarView.m */ = {isa = PBXFileReference; fileEncoding = 4; lastKnownFileType = sourcecode.c.objc; path = LPNavigationBarView.m; sourceTree = "<group>"; };
		2BE4EF691D752BB700CD50D3 /* LPNavigationBarView.xib */ = {isa = PBXFileReference; fileEncoding = 4; lastKnownFileType = file.xib; path = LPNavigationBarView.xib; sourceTree = "<group>"; };
		2BE4EF721D756A3C00CD50D3 /* LPNewsImageTitleCellNode.h */ = {isa = PBXFileReference; fileEncoding = 4; lastKnownFileType = sourcecode.c.h; path = LPNewsImageTitleCellNode.h; sourceTree = "<group>"; };
		2BE4EF731D756A3C00CD50D3 /* LPNewsImageTitleCellNode.m */ = {isa = PBXFileReference; fileEncoding = 4; lastKnownFileType = sourcecode.c.objc; path = LPNewsImageTitleCellNode.m; sourceTree = "<group>"; };
		2BE4EF751D7577A900CD50D3 /* LPLoadFailedView.h */ = {isa = PBXFileReference; fileEncoding = 4; lastKnownFileType = sourcecode.c.h; path = LPLoadFailedView.h; sourceTree = "<group>"; };
		2BE4EF761D7577A900CD50D3 /* LPLoadFailedView.m */ = {isa = PBXFileReference; fileEncoding = 4; lastKnownFileType = sourcecode.c.objc; path = LPLoadFailedView.m; sourceTree = "<group>"; };
		2BE4EF781D7577B600CD50D3 /* LPLoadFailedView.xib */ = {isa = PBXFileReference; fileEncoding = 4; lastKnownFileType = file.xib; path = LPLoadFailedView.xib; sourceTree = "<group>"; };
		2BE9E1D21D6AFA6500834F08 /* LPNewsCommentOperation.h */ = {isa = PBXFileReference; fileEncoding = 4; lastKnownFileType = sourcecode.c.h; path = LPNewsCommentOperation.h; sourceTree = "<group>"; };
		2BE9E1D31D6AFA6500834F08 /* LPNewsCommentOperation.m */ = {isa = PBXFileReference; fileEncoding = 4; lastKnownFileType = sourcecode.c.objc; path = LPNewsCommentOperation.m; sourceTree = "<group>"; };
		4D4BA0AA1064CB12BA750010 /* Pods-LovePlayNews.debug.xcconfig */ = {isa = PBXFileReference; includeInIndex = 1; lastKnownFileType = text.xcconfig; name = "Pods-LovePlayNews.debug.xcconfig"; path = "Pods/Target Support Files/Pods-LovePlayNews/Pods-LovePlayNews.debug.xcconfig"; sourceTree = "<group>"; };
		97F536CF2561A47B92A45EF3 /* Pods-LovePlayNews.release.xcconfig */ = {isa = PBXFileReference; includeInIndex = 1; lastKnownFileType = text.xcconfig; name = "Pods-LovePlayNews.release.xcconfig"; path = "Pods/Target Support Files/Pods-LovePlayNews/Pods-LovePlayNews.release.xcconfig"; sourceTree = "<group>"; };
		B00A86BC1D728EF700B84F8F /* UIViewController+LPJump.h */ = {isa = PBXFileReference; fileEncoding = 4; lastKnownFileType = sourcecode.c.h; path = "UIViewController+LPJump.h"; sourceTree = "<group>"; };
		B00A86BD1D728EF700B84F8F /* UIViewController+LPJump.m */ = {isa = PBXFileReference; fileEncoding = 4; lastKnownFileType = sourcecode.c.objc; path = "UIViewController+LPJump.m"; sourceTree = "<group>"; };
		B00A86C01D729E1100B84F8F /* LPWebViewController.h */ = {isa = PBXFileReference; fileEncoding = 4; lastKnownFileType = sourcecode.c.h; path = LPWebViewController.h; sourceTree = "<group>"; };
		B00A86C11D729E1100B84F8F /* LPWebViewController.m */ = {isa = PBXFileReference; fileEncoding = 4; lastKnownFileType = sourcecode.c.objc; path = LPWebViewController.m; sourceTree = "<group>"; };
		B07A5DEF1D7138E900C18C27 /* LPRecommendCellNode.h */ = {isa = PBXFileReference; fileEncoding = 4; lastKnownFileType = sourcecode.c.h; path = LPRecommendCellNode.h; sourceTree = "<group>"; };
		B07A5DF01D7138E900C18C27 /* LPRecommendCellNode.m */ = {isa = PBXFileReference; fileEncoding = 4; lastKnownFileType = sourcecode.c.objc; path = LPRecommendCellNode.m; sourceTree = "<group>"; };
		B08D88EF1D685E870048557C /* LPNewsCommentController.h */ = {isa = PBXFileReference; fileEncoding = 4; lastKnownFileType = sourcecode.c.h; path = LPNewsCommentController.h; sourceTree = "<group>"; };
		B08D88F01D685E870048557C /* LPNewsCommentController.m */ = {isa = PBXFileReference; fileEncoding = 4; lastKnownFileType = sourcecode.c.objc; path = LPNewsCommentController.m; sourceTree = "<group>"; };
		B0D8293D1D68871E000B9D84 /* UIView+ViewController.h */ = {isa = PBXFileReference; fileEncoding = 4; lastKnownFileType = sourcecode.c.h; path = "UIView+ViewController.h"; sourceTree = "<group>"; };
		B0D8293E1D68871E000B9D84 /* UIView+ViewController.m */ = {isa = PBXFileReference; fileEncoding = 4; lastKnownFileType = sourcecode.c.objc; path = "UIView+ViewController.m"; sourceTree = "<group>"; };
		B0D829401D688B39000B9D84 /* LPNewsCommentFooterView.h */ = {isa = PBXFileReference; fileEncoding = 4; lastKnownFileType = sourcecode.c.h; path = LPNewsCommentFooterView.h; sourceTree = "<group>"; };
		B0D829411D688B39000B9D84 /* LPNewsCommentFooterView.m */ = {isa = PBXFileReference; fileEncoding = 4; lastKnownFileType = sourcecode.c.objc; path = LPNewsCommentFooterView.m; sourceTree = "<group>"; };
		B0E744C31D71B46700B011E5 /* LPImagePagerCellNode.h */ = {isa = PBXFileReference; fileEncoding = 4; lastKnownFileType = sourcecode.c.h; path = LPImagePagerCellNode.h; sourceTree = "<group>"; };
		B0E744C41D71B46700B011E5 /* LPImagePagerCellNode.m */ = {isa = PBXFileReference; fileEncoding = 4; lastKnownFileType = sourcecode.c.objc; path = LPImagePagerCellNode.m; sourceTree = "<group>"; };
		B0E744C61D71B68200B011E5 /* LPImageInfoCellNode.h */ = {isa = PBXFileReference; fileEncoding = 4; lastKnownFileType = sourcecode.c.h; path = LPImageInfoCellNode.h; sourceTree = "<group>"; };
		B0E744C71D71B68200B011E5 /* LPImageInfoCellNode.m */ = {isa = PBXFileReference; fileEncoding = 4; lastKnownFileType = sourcecode.c.objc; path = LPImageInfoCellNode.m; sourceTree = "<group>"; };
		B0ED94B61D55FD66009B11C4 /* LPNewsDetailController.h */ = {isa = PBXFileReference; fileEncoding = 4; lastKnownFileType = sourcecode.c.h; path = LPNewsDetailController.h; sourceTree = "<group>"; };
		B0ED94B71D55FD66009B11C4 /* LPNewsDetailController.m */ = {isa = PBXFileReference; fileEncoding = 4; lastKnownFileType = sourcecode.c.objc; path = LPNewsDetailController.m; sourceTree = "<group>"; };
		B0ED94B91D5604CD009B11C4 /* LPWebCellNode.h */ = {isa = PBXFileReference; fileEncoding = 4; lastKnownFileType = sourcecode.c.h; path = LPWebCellNode.h; sourceTree = "<group>"; };
		B0ED94BA1D5604CD009B11C4 /* LPWebCellNode.m */ = {isa = PBXFileReference; fileEncoding = 4; lastKnownFileType = sourcecode.c.objc; path = LPWebCellNode.m; sourceTree = "<group>"; };
/* End PBXFileReference section */

/* Begin PBXFrameworksBuildPhase section */
		2B81741E1D4EE5A200BA297C /* Frameworks */ = {
			isa = PBXFrameworksBuildPhase;
			buildActionMask = 2147483647;
			files = (
				A0AC7548470CCBA46E294FCF /* libPods-LovePlayNews.a in Frameworks */,
			);
			runOnlyForDeploymentPostprocessing = 0;
		};
/* End PBXFrameworksBuildPhase section */

/* Begin PBXGroup section */
		2B00561F1D5418A900DDA531 /* JPFPSStatus */ = {
			isa = PBXGroup;
			children = (
				2B0056201D5418A900DDA531 /* JPFPSStatus.h */,
				2B0056211D5418A900DDA531 /* JPFPSStatus.m */,
			);
			path = JPFPSStatus;
			sourceTree = "<group>";
		};
		2B00AC811D517B580048B5C2 /* TYJSONModel */ = {
			isa = PBXGroup;
			children = (
				2B00AC821D517B580048B5C2 /* NSObject+TYJSONModel.h */,
				2B00AC831D517B580048B5C2 /* NSObject+TYJSONModel.m */,
				2B00AC841D517B580048B5C2 /* TYClassInfo.h */,
				2B00AC851D517B580048B5C2 /* TYClassInfo.m */,
				2B00AC861D517B580048B5C2 /* TYJSONModel.h */,
				2B00AC871D517B580048B5C2 /* TYPropertyInfo.h */,
				2B00AC881D517B580048B5C2 /* TYPropertyInfo.m */,
			);
			path = TYJSONModel;
			sourceTree = "<group>";
		};
		2B00AC941D517CF90048B5C2 /* Controller */ = {
			isa = PBXGroup;
			children = (
				2B00AC971D517CF90048B5C2 /* LPPagerViewController.h */,
				2B00AC981D517CF90048B5C2 /* LPPagerViewController.m */,
				2B00AC951D517CF90048B5C2 /* LPNewsListController.h */,
				2B00AC961D517CF90048B5C2 /* LPNewsListController.m */,
				B0ED94B61D55FD66009B11C4 /* LPNewsDetailController.h */,
				B0ED94B71D55FD66009B11C4 /* LPNewsDetailController.m */,
				B08D88EF1D685E870048557C /* LPNewsCommentController.h */,
				B08D88F01D685E870048557C /* LPNewsCommentController.m */,
			);
			path = Controller;
			sourceTree = "<group>";
		};
		2B00AC991D517CF90048B5C2 /* Model */ = {
			isa = PBXGroup;
			children = (
				2B00AC9D1D517D2A0048B5C2 /* LPNewsInfoModel.h */,
				2B00AC9E1D517D2A0048B5C2 /* LPNewsInfoModel.m */,
				2B8A00F71D5AB5F700F04812 /* LPNewsDetailModel.h */,
				2B8A00F81D5AB5F700F04812 /* LPNewsDetailModel.m */,
				2B8A00FA1D5AB77800F04812 /* LPNewsCommentModel.h */,
				2B8A00FB1D5AB77800F04812 /* LPNewsCommentModel.m */,
			);
			path = Model;
			sourceTree = "<group>";
		};
		2B00AC9A1D517CF90048B5C2 /* View */ = {
			isa = PBXGroup;
			children = (
				2B50AB311D5DCB1C00FB77AE /* LPNewsBaseCellNode.h */,
				2B50AB321D5DCB1C00FB77AE /* LPNewsBaseCellNode.m */,
				2B57C5801D534F9300F436DE /* LPNewsCellNode.h */,
				2B57C5811D534F9300F436DE /* LPNewsCellNode.m */,
				2B50AB2D1D5DCA9000FB77AE /* LPNewsImageCellNode.h */,
				2B50AB2E1D5DCA9000FB77AE /* LPNewsImageCellNode.m */,
				2BE4EF721D756A3C00CD50D3 /* LPNewsImageTitleCellNode.h */,
				2BE4EF731D756A3C00CD50D3 /* LPNewsImageTitleCellNode.m */,
				2B93A4431D5C0C9A0016B53F /* LPNewsBreifCellNode.h */,
				2B93A4441D5C0C9A0016B53F /* LPNewsBreifCellNode.m */,
				B0ED94B91D5604CD009B11C4 /* LPWebCellNode.h */,
				B0ED94BA1D5604CD009B11C4 /* LPWebCellNode.m */,
				2B50AB2A1D5D5C5C00FB77AE /* LPNewsCommentCellNode.h */,
				2B50AB2B1D5D5C5C00FB77AE /* LPNewsCommentCellNode.m */,
				2B6CC49D1D631E9900CE3F33 /* LPNewsFavorCellNode.h */,
				2B6CC49E1D631E9900CE3F33 /* LPNewsFavorCellNode.m */,
				2B8A00FF1D5B2C0F00F04812 /* LPNewsTitleHeaderView.h */,
				2B8A01001D5B2C0F00F04812 /* LPNewsTitleHeaderView.m */,
				2B8A01061D5B2C9200F04812 /* LPNewsTitleHeaderView.xib */,
				2B3913EF1D5C7D510068B1D8 /* LPNewsTitleSectionView.h */,
				2B3913F01D5C7D510068B1D8 /* LPNewsTitleSectionView.m */,
				B0D829401D688B39000B9D84 /* LPNewsCommentFooterView.h */,
				B0D829411D688B39000B9D84 /* LPNewsCommentFooterView.m */,
				2BB90FEF1D66F21D002B2B17 /* LPNewsReplyNode.h */,
				2BB90FF01D66F21D002B2B17 /* LPNewsReplyNode.m */,
				2BB90FF21D670417002B2B17 /* LPNewsReplyCollectNode.h */,
				2BB90FF31D670417002B2B17 /* LPNewsReplyCollectNode.m */,
			);
			path = View;
			sourceTree = "<group>";
		};
		2B00ACA01D517E5E0048B5C2 /* NetWorking */ = {
			isa = PBXGroup;
			children = (
				2B00ACA81D517EAD0048B5C2 /* Base */,
				2B00ACA71D517E900048B5C2 /* News */,
			);
			path = NetWorking;
			sourceTree = "<group>";
		};
		2B00ACA71D517E900048B5C2 /* News */ = {
			isa = PBXGroup;
			children = (
				2B00ACB11D51AB230048B5C2 /* LPNewsInfoOperation.h */,
				2B00ACB21D51AB230048B5C2 /* LPNewsInfoOperation.m */,
				2BE9E1D21D6AFA6500834F08 /* LPNewsCommentOperation.h */,
				2BE9E1D31D6AFA6500834F08 /* LPNewsCommentOperation.m */,
				2BAEC3C41D6FD7F60048CBD3 /* LPRecommendOperation.h */,
				2BAEC3C51D6FD7F60048CBD3 /* LPRecommendOperation.m */,
			);
			name = News;
			sourceTree = "<group>";
		};
		2B00ACA81D517EAD0048B5C2 /* Base */ = {
			isa = PBXGroup;
			children = (
				2B00ACA91D517FC30048B5C2 /* LPRequestURLInfo.h */,
				2B00ACA11D517E5E0048B5C2 /* LPHttpRequest.h */,
				2B00ACA21D517E5E0048B5C2 /* LPHttpRequest.m */,
				2B00ACA31D517E5E0048B5C2 /* LPResponseObject.h */,
				2B00ACA41D517E5E0048B5C2 /* LPResponseObject.m */,
				2B01C9C11D6BE4EF00D56364 /* LPCustomResponse.h */,
				2B01C9C21D6BE4EF00D56364 /* LPCustomResponse.m */,
			);
			name = Base;
			sourceTree = "<group>";
		};
		2B57C57A1D53293A00F436DE /* MBProgressHUD+MJ */ = {
			isa = PBXGroup;
			children = (
				2B57C57B1D53293A00F436DE /* MBProgressHUD+MJ.h */,
				2B57C57C1D53293A00F436DE /* MBProgressHUD+MJ.m */,
				2B57C57D1D53293A00F436DE /* MBProgressHUD.bundle */,
			);
			path = "MBProgressHUD+MJ";
			sourceTree = "<group>";
		};
		2B7C5DCC1D6D4413005B30B5 /* View */ = {
			isa = PBXGroup;
			children = (
				2BE4EF671D752BB700CD50D3 /* LPNavigationBarView.h */,
				2BE4EF681D752BB700CD50D3 /* LPNavigationBarView.m */,
				2BE4EF691D752BB700CD50D3 /* LPNavigationBarView.xib */,
				2B7C5DCE1D6D4433005B30B5 /* LPRefreshGifHeader.h */,
				2B7C5DCF1D6D4433005B30B5 /* LPRefreshGifHeader.m */,
				2B7C5DD11D6D4448005B30B5 /* LPLoadingView.h */,
				2B7C5DD21D6D4448005B30B5 /* LPLoadingView.m */,
				2B7C5DD41D6D9FCF005B30B5 /* LPLoadingView.xib */,
				2BE4EF751D7577A900CD50D3 /* LPLoadFailedView.h */,
				2BE4EF761D7577A900CD50D3 /* LPLoadFailedView.m */,
				2BE4EF781D7577B600CD50D3 /* LPLoadFailedView.xib */,
			);
			path = View;
			sourceTree = "<group>";
		};
		2B8174181D4EE5A200BA297C = {
			isa = PBXGroup;
			children = (
				2B8174231D4EE5A200BA297C /* LovePlayNews */,
				2B81743D1D4EE5A300BA297C /* LovePlayNewsTests */,
				2B8174221D4EE5A200BA297C /* Products */,
				EC84F2E6B155A93AFE66C4D9 /* Pods */,
				D5748F0D14D53ECA7691478E /* Frameworks */,
			);
			sourceTree = "<group>";
		};
		2B8174221D4EE5A200BA297C /* Products */ = {
			isa = PBXGroup;
			children = (
				2B8174211D4EE5A200BA297C /* LovePlayNews.app */,
			);
			name = Products;
			sourceTree = "<group>";
		};
		2B8174231D4EE5A200BA297C /* LovePlayNews */ = {
			isa = PBXGroup;
			children = (
				2B81744C1D4EF8ED00BA297C /* Modeuls */,
				2B00ACA01D517E5E0048B5C2 /* NetWorking */,
				2B8174971D4F2B4400BA297C /* Foundation */,
				2B81744D1D4EF90D00BA297C /* Vender */,
				2B8174271D4EE5A200BA297C /* AppDelegate.h */,
				2B8174281D4EE5A200BA297C /* AppDelegate.m */,
				2B8174301D4EE5A200BA297C /* Assets.xcassets */,
				2B8DA28A1D504031007FAD3D /* LovePlayNews-Prefix.pch */,
				2B8A00FD1D5AD07200F04812 /* News.css */,
				2B8174351D4EE5A300BA297C /* Info.plist */,
				2B0056231D54392200DDA531 /* NewsInfo.plist */,
				2B8174241D4EE5A200BA297C /* Supporting Files */,
			);
			path = LovePlayNews;
			sourceTree = "<group>";
		};
		2B8174241D4EE5A200BA297C /* Supporting Files */ = {
			isa = PBXGroup;
			children = (
				2B8174251D4EE5A200BA297C /* main.m */,
			);
			name = "Supporting Files";
			sourceTree = "<group>";
		};
		2B81743D1D4EE5A300BA297C /* LovePlayNewsTests */ = {
			isa = PBXGroup;
			children = (
				2B81743E1D4EE5A300BA297C /* LovePlayNewsTests.m */,
				2B8174401D4EE5A300BA297C /* Info.plist */,
			);
			path = LovePlayNewsTests;
			sourceTree = "<group>";
		};
		2B81744C1D4EF8ED00BA297C /* Modeuls */ = {
			isa = PBXGroup;
			children = (
				2B8174531D4EFA9100BA297C /* Main */,
				2B8174511D4EF9F800BA297C /* News */,
				2B8174DD1D4F315300BA297C /* Recommend */,
				2B8174521D4EF9F800BA297C /* Zone */,
				2B8174501D4EF9F800BA297C /* MIne */,
				2B93A44A1D5C44B20016B53F /* Common */,
			);
			path = Modeuls;
			sourceTree = "<group>";
		};
		2B81744D1D4EF90D00BA297C /* Vender */ = {
			isa = PBXGroup;
			children = (
				2B00561F1D5418A900DDA531 /* JPFPSStatus */,
				2B57C57A1D53293A00F436DE /* MBProgressHUD+MJ */,
				2B00AC811D517B580048B5C2 /* TYJSONModel */,
				2B8174F91D4F417300BA297C /* TYPagerController */,
				2B8174E21D4F39A400BA297C /* TYHttpManager */,
			);
			path = Vender;
			sourceTree = "<group>";
		};
		2B8174501D4EF9F800BA297C /* MIne */ = {
			isa = PBXGroup;
			children = (
			);
			path = MIne;
			sourceTree = "<group>";
		};
		2B8174511D4EF9F800BA297C /* News */ = {
			isa = PBXGroup;
			children = (
				2B00AC941D517CF90048B5C2 /* Controller */,
				2B00AC991D517CF90048B5C2 /* Model */,
				2B00AC9A1D517CF90048B5C2 /* View */,
			);
			path = News;
			sourceTree = "<group>";
		};
		2B8174521D4EF9F800BA297C /* Zone */ = {
			isa = PBXGroup;
			children = (
			);
			path = Zone;
			sourceTree = "<group>";
		};
		2B8174531D4EFA9100BA297C /* Main */ = {
			isa = PBXGroup;
			children = (
				2B8174541D4F2A2400BA297C /* Controller */,
				B08D88F21D6863300048557C /* View */,
			);
			path = Main;
			sourceTree = "<group>";
		};
		2B8174541D4F2A2400BA297C /* Controller */ = {
			isa = PBXGroup;
			children = (
				2B8174DA1D4F2BFE00BA297C /* LPTabBarController.h */,
				2B8174DB1D4F2BFE00BA297C /* LPTabBarController.m */,
				2B8174DE1D4F32BF00BA297C /* LPNavigationController.h */,
				2B8174DF1D4F32BF00BA297C /* LPNavigationController.m */,
			);
			name = Controller;
			sourceTree = "<group>";
		};
		2B8174971D4F2B4400BA297C /* Foundation */ = {
			isa = PBXGroup;
			children = (
				2B8174981D4F2B4400BA297C /* Category */,
				2B8174C21D4F2B4400BA297C /* Header */,
				2B8174C51D4F2B4400BA297C /* Tool */,
			);
			path = Foundation;
			sourceTree = "<group>";
		};
		2B8174981D4F2B4400BA297C /* Category */ = {
			isa = PBXGroup;
			children = (
				2BA925011D62FAA600F6C46B /* NSURL */,
				2B8174991D4F2B4400BA297C /* NSDate */,
				2B8174A01D4F2B4400BA297C /* NSString */,
				2B8174AB1D4F2B4400BA297C /* UIBarButtonItem */,
				2B8174AE1D4F2B4400BA297C /* UIColor */,
				2B8174B11D4F2B4400BA297C /* UIImage */,
				2B8174BA1D4F2B4400BA297C /* UITabBarController */,
				2B8174BD1D4F2B4400BA297C /* UIView */,
			);
			path = Category;
			sourceTree = "<group>";
		};
		2B8174991D4F2B4400BA297C /* NSDate */ = {
			isa = PBXGroup;
			children = (
				2B81749A1D4F2B4400BA297C /* NSData+Base64.h */,
				2B81749B1D4F2B4400BA297C /* NSData+Base64.m */,
				2B81749C1D4F2B4400BA297C /* NSData+Encrypt.h */,
				2B81749D1D4F2B4400BA297C /* NSData+Encrypt.m */,
				2B81749E1D4F2B4400BA297C /* NSDate+Compare.h */,
				2B81749F1D4F2B4400BA297C /* NSDate+Compare.m */,
			);
			path = NSDate;
			sourceTree = "<group>";
		};
		2B8174A01D4F2B4400BA297C /* NSString */ = {
			isa = PBXGroup;
			children = (
				2B8174A11D4F2B4400BA297C /* NSString+Base64.h */,
				2B8174A21D4F2B4400BA297C /* NSString+Base64.m */,
				2B8174A31D4F2B4400BA297C /* NSString+Encrypt.h */,
				2B8174A41D4F2B4400BA297C /* NSString+Encrypt.m */,
				2B8174A51D4F2B4400BA297C /* NSString+MD5.h */,
				2B8174A61D4F2B4400BA297C /* NSString+MD5.m */,
				2B8174A71D4F2B4400BA297C /* NSString+Pinyin.h */,
				2B8174A81D4F2B4400BA297C /* NSString+Pinyin.m */,
				2B8174A91D4F2B4400BA297C /* NSString+Size.h */,
				2B8174AA1D4F2B4400BA297C /* NSString+Size.m */,
			);
			path = NSString;
			sourceTree = "<group>";
		};
		2B8174AB1D4F2B4400BA297C /* UIBarButtonItem */ = {
			isa = PBXGroup;
			children = (
				2B8174AC1D4F2B4400BA297C /* UIBarButtonItem+Item.h */,
				2B8174AD1D4F2B4400BA297C /* UIBarButtonItem+Item.m */,
			);
			path = UIBarButtonItem;
			sourceTree = "<group>";
		};
		2B8174AE1D4F2B4400BA297C /* UIColor */ = {
			isa = PBXGroup;
			children = (
				2B8174AF1D4F2B4400BA297C /* UIColor+Hex.h */,
				2B8174B01D4F2B4400BA297C /* UIColor+Hex.m */,
			);
			path = UIColor;
			sourceTree = "<group>";
		};
		2B8174B11D4F2B4400BA297C /* UIImage */ = {
			isa = PBXGroup;
			children = (
				2B8174B21D4F2B4400BA297C /* UIImage+Clip.h */,
				2B8174B31D4F2B4400BA297C /* UIImage+Clip.m */,
				2B8174B41D4F2B4400BA297C /* UIImage+Color.h */,
				2B8174B51D4F2B4400BA297C /* UIImage+Color.m */,
				2B8174B61D4F2B4400BA297C /* UIImage+Size.h */,
				2B8174B71D4F2B4400BA297C /* UIImage+Size.m */,
				2B8174B81D4F2B4400BA297C /* UIImage+Snap.h */,
				2B8174B91D4F2B4400BA297C /* UIImage+Snap.m */,
			);
			path = UIImage;
			sourceTree = "<group>";
		};
		2B8174BA1D4F2B4400BA297C /* UITabBarController */ = {
			isa = PBXGroup;
			children = (
				2B8174BB1D4F2B4400BA297C /* UITabBarController+AddChildVC.h */,
				2B8174BC1D4F2B4400BA297C /* UITabBarController+addChildVC.m */,
			);
			path = UITabBarController;
			sourceTree = "<group>";
		};
		2B8174BD1D4F2B4400BA297C /* UIView */ = {
			isa = PBXGroup;
			children = (
				2B8174BE1D4F2B4400BA297C /* UIView+Frame.h */,
				2B8174BF1D4F2B4400BA297C /* UIView+Frame.m */,
				2B8174C01D4F2B4400BA297C /* UIView+Nib.h */,
				2B8174C11D4F2B4400BA297C /* UIView+Nib.m */,
				B0D8293D1D68871E000B9D84 /* UIView+ViewController.h */,
				B0D8293E1D68871E000B9D84 /* UIView+ViewController.m */,
			);
			path = UIView;
			sourceTree = "<group>";
		};
		2B8174C21D4F2B4400BA297C /* Header */ = {
			isa = PBXGroup;
			children = (
				2B8174C31D4F2B4400BA297C /* Define_Basic.h */,
				2B8174C41D4F2B4400BA297C /* Function_Basic.h */,
				2BE4EF661D752A7300CD50D3 /* Class_Basic.h */,
			);
			path = Header;
			sourceTree = "<group>";
		};
		2B8174C51D4F2B4400BA297C /* Tool */ = {
			isa = PBXGroup;
			children = (
			);
			path = Tool;
			sourceTree = "<group>";
		};
		2B8174DD1D4F315300BA297C /* Recommend */ = {
			isa = PBXGroup;
			children = (
				2BAEC3BE1D6FD4520048CBD3 /* Controller */,
				2BAEC3BF1D6FD4520048CBD3 /* Model */,
				2BAEC3C01D6FD4520048CBD3 /* View */,
			);
			path = Recommend;
			sourceTree = "<group>";
		};
		2B8174E21D4F39A400BA297C /* TYHttpManager */ = {
			isa = PBXGroup;
			children = (
				2B8174ED1D4F39A400BA297C /* TYRequestProtocol.h */,
				2B8174E31D4F39A400BA297C /* TYBaseRequest.h */,
				2B8174E41D4F39A400BA297C /* TYBaseRequest.m */,
				2B8174EB1D4F39A400BA297C /* TYHttpRequest.h */,
				2B8174EC1D4F39A400BA297C /* TYHttpRequest.m */,
				2B8174E51D4F39A400BA297C /* TYBatchRequest.h */,
				2B8174E61D4F39A400BA297C /* TYBatchRequest.m */,
				2B8174E71D4F39A400BA297C /* TYChainRequest.h */,
				2B8174E81D4F39A400BA297C /* TYChainRequest.m */,
				2B8174E91D4F39A400BA297C /* TYHttpManager.h */,
				2B8174EA1D4F39A400BA297C /* TYHttpManager.m */,
				2B8174EE1D4F39A400BA297C /* TYRequstConfigure.h */,
				2B8174EF1D4F39A400BA297C /* TYRequstConfigure.m */,
				2B8174F01D4F39A400BA297C /* TYResponseCache.h */,
				2B8174F11D4F39A400BA297C /* TYResponseCache.m */,
			);
			path = TYHttpManager;
			sourceTree = "<group>";
		};
		2B8174F91D4F417300BA297C /* TYPagerController */ = {
			isa = PBXGroup;
			children = (
				2B8174FA1D4F417300BA297C /* TYPagerController.h */,
				2B8174FB1D4F417300BA297C /* TYPagerController.m */,
				2B8174FC1D4F417300BA297C /* TYTabButtonPagerController.h */,
				2B8174FD1D4F417300BA297C /* TYTabButtonPagerController.m */,
				2B8174FE1D4F417300BA297C /* TYTabPagerController.h */,
				2B8174FF1D4F417300BA297C /* TYTabPagerController.m */,
				2B8175001D4F417300BA297C /* TYTabTitleCellProtocol.h */,
				2B8175011D4F417300BA297C /* TYTabTitleViewCell.h */,
				2B8175021D4F417300BA297C /* TYTabTitleViewCell.m */,
			);
			path = TYPagerController;
			sourceTree = "<group>";
		};
		2B93A44A1D5C44B20016B53F /* Common */ = {
			isa = PBXGroup;
			children = (
				B00A86B91D728EF700B84F8F /* Controller */,
				2B7C5DCC1D6D4413005B30B5 /* View */,
			);
			path = Common;
			sourceTree = "<group>";
		};
		2BA925011D62FAA600F6C46B /* NSURL */ = {
			isa = PBXGroup;
			children = (
				2B6CC4A01D6323A900CE3F33 /* NSDictionary+Params.h */,
				2B6CC4A11D6323A900CE3F33 /* NSDictionary+Params.m */,
				2BA925021D62FAB600F6C46B /* NSURL+Parameters.h */,
				2BA925031D62FAB600F6C46B /* NSURL+Parameters.m */,
			);
			path = NSURL;
			sourceTree = "<group>";
		};
		2BAEC3BE1D6FD4520048CBD3 /* Controller */ = {
			isa = PBXGroup;
			children = (
				2BAEC3C11D6FD48E0048CBD3 /* LPRecommendController.h */,
				2BAEC3C21D6FD48E0048CBD3 /* LPRecommendController.m */,
				2BA1A6F11D74350900BCED16 /* LPGameNewsController.h */,
				2BA1A6F21D74350900BCED16 /* LPGameNewsController.m */,
			);
			path = Controller;
			sourceTree = "<group>";
		};
		2BAEC3BF1D6FD4520048CBD3 /* Model */ = {
			isa = PBXGroup;
			children = (
				2BAEC3C71D6FD8B50048CBD3 /* LPRecommendItem.h */,
				2BAEC3C81D6FD8B50048CBD3 /* LPRecommendItem.m */,
				2BAEC3CA1D6FDB080048CBD3 /* LPTopicImageInfo.h */,
				2BAEC3CB1D6FDB080048CBD3 /* LPTopicImageInfo.m */,
			);
			path = Model;
			sourceTree = "<group>";
		};
		2BAEC3C01D6FD4520048CBD3 /* View */ = {
			isa = PBXGroup;
			children = (
				B07A5DEF1D7138E900C18C27 /* LPRecommendCellNode.h */,
				B07A5DF01D7138E900C18C27 /* LPRecommendCellNode.m */,
				B0E744C31D71B46700B011E5 /* LPImagePagerCellNode.h */,
				B0E744C41D71B46700B011E5 /* LPImagePagerCellNode.m */,
				B0E744C61D71B68200B011E5 /* LPImageInfoCellNode.h */,
				B0E744C71D71B68200B011E5 /* LPImageInfoCellNode.m */,
			);
			path = View;
			sourceTree = "<group>";
		};
		B00A86B91D728EF700B84F8F /* Controller */ = {
			isa = PBXGroup;
			children = (
				B00A86C01D729E1100B84F8F /* LPWebViewController.h */,
				B00A86C11D729E1100B84F8F /* LPWebViewController.m */,
				B00A86BC1D728EF700B84F8F /* UIViewController+LPJump.h */,
				B00A86BD1D728EF700B84F8F /* UIViewController+LPJump.m */,
			);
			path = Controller;
			sourceTree = "<group>";
		};
		B08D88F21D6863300048557C /* View */ = {
			isa = PBXGroup;
			children = (
			);
			name = View;
			sourceTree = "<group>";
		};
		D5748F0D14D53ECA7691478E /* Frameworks */ = {
			isa = PBXGroup;
			children = (
				2368E49576CDBD8B779D43C5 /* libPods-LovePlayNews.a */,
			);
			name = Frameworks;
			sourceTree = "<group>";
		};
		EC84F2E6B155A93AFE66C4D9 /* Pods */ = {
			isa = PBXGroup;
			children = (
				4D4BA0AA1064CB12BA750010 /* Pods-LovePlayNews.debug.xcconfig */,
				97F536CF2561A47B92A45EF3 /* Pods-LovePlayNews.release.xcconfig */,
			);
			name = Pods;
			sourceTree = "<group>";
		};
/* End PBXGroup section */

/* Begin PBXNativeTarget section */
		2B8174201D4EE5A200BA297C /* LovePlayNews */ = {
			isa = PBXNativeTarget;
			buildConfigurationList = 2B8174431D4EE5A300BA297C /* Build configuration list for PBXNativeTarget "LovePlayNews" */;
			buildPhases = (
				E32801633CCA8F808AF95508 /* [CP] Check Pods Manifest.lock */,
				2B81741D1D4EE5A200BA297C /* Sources */,
				2B81741E1D4EE5A200BA297C /* Frameworks */,
				2B81741F1D4EE5A200BA297C /* Resources */,
				97F013CC1DA4FEDB5F2D64E3 /* [CP] Embed Pods Frameworks */,
				5BC40A668E4E507DE509A0FB /* [CP] Copy Pods Resources */,
			);
			buildRules = (
			);
			dependencies = (
			);
			name = LovePlayNews;
			productName = LovePlayNews;
			productReference = 2B8174211D4EE5A200BA297C /* LovePlayNews.app */;
			productType = "com.apple.product-type.application";
		};
/* End PBXNativeTarget section */

/* Begin PBXProject section */
		2B8174191D4EE5A200BA297C /* Project object */ = {
			isa = PBXProject;
			attributes = {
				CLASSPREFIX = LP;
				LastUpgradeCheck = 0730;
				ORGANIZATIONNAME = tany;
				TargetAttributes = {
					2B8174201D4EE5A200BA297C = {
						CreatedOnToolsVersion = 7.3.1;
						DevelopmentTeam = ZW52Q3KXX4;
					};
				};
			};
			buildConfigurationList = 2B81741C1D4EE5A200BA297C /* Build configuration list for PBXProject "LovePlayNews" */;
			compatibilityVersion = "Xcode 3.2";
			developmentRegion = English;
			hasScannedForEncodings = 0;
			knownRegions = (
				en,
				Base,
			);
			mainGroup = 2B8174181D4EE5A200BA297C;
			productRefGroup = 2B8174221D4EE5A200BA297C /* Products */;
			projectDirPath = "";
			projectRoot = "";
			targets = (
				2B8174201D4EE5A200BA297C /* LovePlayNews */,
			);
		};
/* End PBXProject section */

/* Begin PBXResourcesBuildPhase section */
		2B81741F1D4EE5A200BA297C /* Resources */ = {
			isa = PBXResourcesBuildPhase;
			buildActionMask = 2147483647;
			files = (
				2B8A00FE1D5AD07200F04812 /* News.css in Resources */,
				2BE4EF791D7577B600CD50D3 /* LPLoadFailedView.xib in Resources */,
				2B7C5DD51D6D9FCF005B30B5 /* LPLoadingView.xib in Resources */,
				2B8174311D4EE5A200BA297C /* Assets.xcassets in Resources */,
				2BE4EF6B1D752BB700CD50D3 /* LPNavigationBarView.xib in Resources */,
				2B57C57F1D53293A00F436DE /* MBProgressHUD.bundle in Resources */,
				2B0056241D54392200DDA531 /* NewsInfo.plist in Resources */,
				2B8A01071D5B2C9200F04812 /* LPNewsTitleHeaderView.xib in Resources */,
			);
			runOnlyForDeploymentPostprocessing = 0;
		};
/* End PBXResourcesBuildPhase section */

/* Begin PBXShellScriptBuildPhase section */
		5BC40A668E4E507DE509A0FB /* [CP] Copy Pods Resources */ = {
			isa = PBXShellScriptBuildPhase;
			buildActionMask = 2147483647;
			files = (
			);
			inputPaths = (
			);
			name = "[CP] Copy Pods Resources";
			outputPaths = (
			);
			runOnlyForDeploymentPostprocessing = 0;
			shellPath = /bin/sh;
			shellScript = "\"${SRCROOT}/Pods/Target Support Files/Pods-LovePlayNews/Pods-LovePlayNews-resources.sh\"\n";
			showEnvVarsInLog = 0;
		};
		97F013CC1DA4FEDB5F2D64E3 /* [CP] Embed Pods Frameworks */ = {
			isa = PBXShellScriptBuildPhase;
			buildActionMask = 2147483647;
			files = (
			);
			inputPaths = (
			);
			name = "[CP] Embed Pods Frameworks";
			outputPaths = (
			);
			runOnlyForDeploymentPostprocessing = 0;
			shellPath = /bin/sh;
			shellScript = "\"${SRCROOT}/Pods/Target Support Files/Pods-LovePlayNews/Pods-LovePlayNews-frameworks.sh\"\n";
			showEnvVarsInLog = 0;
		};
		E32801633CCA8F808AF95508 /* [CP] Check Pods Manifest.lock */ = {
			isa = PBXShellScriptBuildPhase;
			buildActionMask = 2147483647;
			files = (
			);
			inputPaths = (
			);
			name = "[CP] Check Pods Manifest.lock";
			outputPaths = (
			);
			runOnlyForDeploymentPostprocessing = 0;
			shellPath = /bin/sh;
			shellScript = "diff \"${PODS_ROOT}/../Podfile.lock\" \"${PODS_ROOT}/Manifest.lock\" > /dev/null\nif [[ $? != 0 ]] ; then\n    cat << EOM\nerror: The sandbox is not in sync with the Podfile.lock. Run 'pod install' or update your CocoaPods installation.\nEOM\n    exit 1\nfi\n";
			showEnvVarsInLog = 0;
		};
/* End PBXShellScriptBuildPhase section */

/* Begin PBXSourcesBuildPhase section */
		2B81741D1D4EE5A200BA297C /* Sources */ = {
			isa = PBXSourcesBuildPhase;
			buildActionMask = 2147483647;
			files = (
				B00A86BF1D728EF700B84F8F /* UIViewController+LPJump.m in Sources */,
				2B8174D21D4F2B4400BA297C /* UIImage+Size.m in Sources */,
				2B8174D41D4F2B4400BA297C /* UITabBarController+addChildVC.m in Sources */,
				2B7C5DD31D6D4448005B30B5 /* LPLoadingView.m in Sources */,
				B00A86C21D729E1100B84F8F /* LPWebViewController.m in Sources */,
				2B93A4451D5C0C9A0016B53F /* LPNewsBreifCellNode.m in Sources */,
				2B8A00FC1D5AB77800F04812 /* LPNewsCommentModel.m in Sources */,
				2B57C57E1D53293A00F436DE /* MBProgressHUD+MJ.m in Sources */,
				2B6CC49F1D631E9900CE3F33 /* LPNewsFavorCellNode.m in Sources */,
				2B00ACA51D517E5E0048B5C2 /* LPHttpRequest.m in Sources */,
				2B00AC9F1D517D2A0048B5C2 /* LPNewsInfoModel.m in Sources */,
				2B00AC9C1D517CF90048B5C2 /* LPPagerViewController.m in Sources */,
				2B8A01011D5B2C0F00F04812 /* LPNewsTitleHeaderView.m in Sources */,
				2B8174CC1D4F2B4400BA297C /* NSString+Pinyin.m in Sources */,
				2B8174F31D4F39A400BA297C /* TYBatchRequest.m in Sources */,
				2B8174E01D4F32BF00BA297C /* LPNavigationController.m in Sources */,
				2B00AC8A1D517B580048B5C2 /* TYClassInfo.m in Sources */,
				2B8174D01D4F2B4400BA297C /* UIImage+Clip.m in Sources */,
				2B8A00F91D5AB5F700F04812 /* LPNewsDetailModel.m in Sources */,
				B0ED94B81D55FD66009B11C4 /* LPNewsDetailController.m in Sources */,
				2B8174DC1D4F2BFE00BA297C /* LPTabBarController.m in Sources */,
				B0E744C81D71B68200B011E5 /* LPImageInfoCellNode.m in Sources */,
				2B3913F11D5C7D510068B1D8 /* LPNewsTitleSectionView.m in Sources */,
				2BAEC3C61D6FD7F60048CBD3 /* LPRecommendOperation.m in Sources */,
				B0D8293F1D68871E000B9D84 /* UIView+ViewController.m in Sources */,
				2B8174F61D4F39A400BA297C /* TYHttpRequest.m in Sources */,
				B0E744C51D71B46700B011E5 /* LPImagePagerCellNode.m in Sources */,
				2B8175051D4F417300BA297C /* TYTabPagerController.m in Sources */,
				2B57C5821D534F9300F436DE /* LPNewsCellNode.m in Sources */,
				2B01C9C31D6BE4EF00D56364 /* LPCustomResponse.m in Sources */,
				2BA925041D62FAB600F6C46B /* NSURL+Parameters.m in Sources */,
				2B8174CE1D4F2B4400BA297C /* UIBarButtonItem+Item.m in Sources */,
				2B8174C71D4F2B4400BA297C /* NSData+Encrypt.m in Sources */,
				2B8174F41D4F39A400BA297C /* TYChainRequest.m in Sources */,
				2B50AB331D5DCB1C00FB77AE /* LPNewsBaseCellNode.m in Sources */,
				2BAEC3C91D6FD8B50048CBD3 /* LPRecommendItem.m in Sources */,
				2B8174F21D4F39A400BA297C /* TYBaseRequest.m in Sources */,
				2BB90FF11D66F21D002B2B17 /* LPNewsReplyNode.m in Sources */,
				2B00ACA61D517E5E0048B5C2 /* LPResponseObject.m in Sources */,
				2B8174CD1D4F2B4400BA297C /* NSString+Size.m in Sources */,
				B0ED94BB1D5604CD009B11C4 /* LPWebCellNode.m in Sources */,
				2BA1A6F31D74350900BCED16 /* LPGameNewsController.m in Sources */,
				2B8175031D4F417300BA297C /* TYPagerController.m in Sources */,
				2B7C5DD01D6D4433005B30B5 /* LPRefreshGifHeader.m in Sources */,
				2B0056221D5418A900DDA531 /* JPFPSStatus.m in Sources */,
				2B6CC4A21D6323A900CE3F33 /* NSDictionary+Params.m in Sources */,
				2B00AC891D517B580048B5C2 /* NSObject+TYJSONModel.m in Sources */,
				B08D88F11D685E870048557C /* LPNewsCommentController.m in Sources */,
				2B8174C61D4F2B4400BA297C /* NSData+Base64.m in Sources */,
				2B8174F51D4F39A400BA297C /* TYHttpManager.m in Sources */,
				2B00AC9B1D517CF90048B5C2 /* LPNewsListController.m in Sources */,
				2B8174D31D4F2B4400BA297C /* UIImage+Snap.m in Sources */,
				2B8174F71D4F39A400BA297C /* TYRequstConfigure.m in Sources */,
				2BE4EF6A1D752BB700CD50D3 /* LPNavigationBarView.m in Sources */,
				2B8175061D4F417300BA297C /* TYTabTitleViewCell.m in Sources */,
				B0D829421D688B39000B9D84 /* LPNewsCommentFooterView.m in Sources */,
				2BE4EF771D7577A900CD50D3 /* LPLoadFailedView.m in Sources */,
				2B8174D51D4F2B4400BA297C /* UIView+Frame.m in Sources */,
				2BAEC3CC1D6FDB080048CBD3 /* LPTopicImageInfo.m in Sources */,
				2B8175041D4F417300BA297C /* TYTabButtonPagerController.m in Sources */,
				2B8174CB1D4F2B4400BA297C /* NSString+MD5.m in Sources */,
				2B8174D61D4F2B4400BA297C /* UIView+Nib.m in Sources */,
				2B8174291D4EE5A200BA297C /* AppDelegate.m in Sources */,
				2B50AB2C1D5D5C5C00FB77AE /* LPNewsCommentCellNode.m in Sources */,
				2BE9E1D41D6AFA6500834F08 /* LPNewsCommentOperation.m in Sources */,
				2B8174F81D4F39A400BA297C /* TYResponseCache.m in Sources */,
				2B8174C81D4F2B4400BA297C /* NSDate+Compare.m in Sources */,
				2BE4EF741D756A3C00CD50D3 /* LPNewsImageTitleCellNode.m in Sources */,
				2B8174CA1D4F2B4400BA297C /* NSString+Encrypt.m in Sources */,
				2BAEC3C31D6FD48E0048CBD3 /* LPRecommendController.m in Sources */,
				2B00ACB31D51AB230048B5C2 /* LPNewsInfoOperation.m in Sources */,
				2B8174261D4EE5A200BA297C /* main.m in Sources */,
				2B8174D11D4F2B4400BA297C /* UIImage+Color.m in Sources */,
				2B00AC8B1D517B580048B5C2 /* TYPropertyInfo.m in Sources */,
				2BB90FF41D670417002B2B17 /* LPNewsReplyCollectNode.m in Sources */,
				2B50AB2F1D5DCA9000FB77AE /* LPNewsImageCellNode.m in Sources */,
				2B8174C91D4F2B4400BA297C /* NSString+Base64.m in Sources */,
				2B8174CF1D4F2B4400BA297C /* UIColor+Hex.m in Sources */,
				B07A5DF11D7138E900C18C27 /* LPRecommendCellNode.m in Sources */,
			);
			runOnlyForDeploymentPostprocessing = 0;
		};
/* End PBXSourcesBuildPhase section */

/* Begin XCBuildConfiguration section */
		2B8174411D4EE5A300BA297C /* Debug */ = {
			isa = XCBuildConfiguration;
			buildSettings = {
				ALWAYS_SEARCH_USER_PATHS = NO;
				CLANG_ANALYZER_NONNULL = YES;
				CLANG_CXX_LANGUAGE_STANDARD = "gnu++0x";
				CLANG_CXX_LIBRARY = "libc++";
				CLANG_ENABLE_MODULES = YES;
				CLANG_ENABLE_OBJC_ARC = YES;
				CLANG_WARN_BOOL_CONVERSION = YES;
				CLANG_WARN_CONSTANT_CONVERSION = YES;
				CLANG_WARN_DIRECT_OBJC_ISA_USAGE = YES_ERROR;
				CLANG_WARN_EMPTY_BODY = YES;
				CLANG_WARN_ENUM_CONVERSION = YES;
				CLANG_WARN_INT_CONVERSION = YES;
				CLANG_WARN_OBJC_ROOT_CLASS = YES_ERROR;
				CLANG_WARN_UNREACHABLE_CODE = YES;
				CLANG_WARN__DUPLICATE_METHOD_MATCH = YES;
				"CODE_SIGN_IDENTITY[sdk=iphoneos*]" = "iPhone Developer";
				COPY_PHASE_STRIP = NO;
				DEBUG_INFORMATION_FORMAT = dwarf;
				ENABLE_STRICT_OBJC_MSGSEND = YES;
				ENABLE_TESTABILITY = YES;
				GCC_C_LANGUAGE_STANDARD = gnu99;
				GCC_DYNAMIC_NO_PIC = NO;
				GCC_NO_COMMON_BLOCKS = YES;
				GCC_OPTIMIZATION_LEVEL = 0;
				GCC_PREPROCESSOR_DEFINITIONS = (
					"DEBUG=1",
					"$(inherited)",
				);
				GCC_WARN_64_TO_32_BIT_CONVERSION = YES;
				GCC_WARN_ABOUT_RETURN_TYPE = YES_ERROR;
				GCC_WARN_UNDECLARED_SELECTOR = YES;
				GCC_WARN_UNINITIALIZED_AUTOS = YES_AGGRESSIVE;
				GCC_WARN_UNUSED_FUNCTION = YES;
				GCC_WARN_UNUSED_VARIABLE = YES;
				IPHONEOS_DEPLOYMENT_TARGET = 7.0;
				LIBRARY_SEARCH_PATHS = "";
				MTL_ENABLE_DEBUG_INFO = YES;
				ONLY_ACTIVE_ARCH = YES;
				SDKROOT = iphoneos;
				TARGETED_DEVICE_FAMILY = "1,2";
			};
			name = Debug;
		};
		2B8174421D4EE5A300BA297C /* Release */ = {
			isa = XCBuildConfiguration;
			buildSettings = {
				ALWAYS_SEARCH_USER_PATHS = NO;
				CLANG_ANALYZER_NONNULL = YES;
				CLANG_CXX_LANGUAGE_STANDARD = "gnu++0x";
				CLANG_CXX_LIBRARY = "libc++";
				CLANG_ENABLE_MODULES = YES;
				CLANG_ENABLE_OBJC_ARC = YES;
				CLANG_WARN_BOOL_CONVERSION = YES;
				CLANG_WARN_CONSTANT_CONVERSION = YES;
				CLANG_WARN_DIRECT_OBJC_ISA_USAGE = YES_ERROR;
				CLANG_WARN_EMPTY_BODY = YES;
				CLANG_WARN_ENUM_CONVERSION = YES;
				CLANG_WARN_INT_CONVERSION = YES;
				CLANG_WARN_OBJC_ROOT_CLASS = YES_ERROR;
				CLANG_WARN_UNREACHABLE_CODE = YES;
				CLANG_WARN__DUPLICATE_METHOD_MATCH = YES;
				"CODE_SIGN_IDENTITY[sdk=iphoneos*]" = "iPhone Developer";
				COPY_PHASE_STRIP = NO;
				DEBUG_INFORMATION_FORMAT = "dwarf-with-dsym";
				ENABLE_NS_ASSERTIONS = NO;
				ENABLE_STRICT_OBJC_MSGSEND = YES;
				GCC_C_LANGUAGE_STANDARD = gnu99;
				GCC_NO_COMMON_BLOCKS = YES;
				GCC_WARN_64_TO_32_BIT_CONVERSION = YES;
				GCC_WARN_ABOUT_RETURN_TYPE = YES_ERROR;
				GCC_WARN_UNDECLARED_SELECTOR = YES;
				GCC_WARN_UNINITIALIZED_AUTOS = YES_AGGRESSIVE;
				GCC_WARN_UNUSED_FUNCTION = YES;
				GCC_WARN_UNUSED_VARIABLE = YES;
				IPHONEOS_DEPLOYMENT_TARGET = 7.0;
				LIBRARY_SEARCH_PATHS = "";
				MTL_ENABLE_DEBUG_INFO = NO;
				SDKROOT = iphoneos;
				TARGETED_DEVICE_FAMILY = "1,2";
				VALIDATE_PRODUCT = YES;
			};
			name = Release;
		};
		2B8174441D4EE5A300BA297C /* Debug */ = {
			isa = XCBuildConfiguration;
			baseConfigurationReference = 4D4BA0AA1064CB12BA750010 /* Pods-LovePlayNews.debug.xcconfig */;
			buildSettings = {
				ASSETCATALOG_COMPILER_APPICON_NAME = AppIcon;
				ASSETCATALOG_COMPILER_LAUNCHIMAGE_NAME = LaunchImage;
				CODE_SIGN_IDENTITY = "iPhone Developer";
				"CODE_SIGN_IDENTITY[sdk=iphoneos*]" = "iPhone Developer";
				ENABLE_BITCODE = NO;
				GCC_PREFIX_HEADER = "LovePlayNews/LovePlayNews-Prefix.pch";
				INFOPLIST_FILE = LovePlayNews/Info.plist;
				IPHONEOS_DEPLOYMENT_TARGET = 7.0;
				LD_RUNPATH_SEARCH_PATHS = "$(inherited) @executable_path/Frameworks";
				LIBRARY_SEARCH_PATHS = (
					"$(inherited)",
					"\"$PODS_CONFIGURATION_BUILD_DIR/AFNetworking\"",
					"\"$PODS_CONFIGURATION_BUILD_DIR/AsyncDisplayKit\"",
					"\"$PODS_CONFIGURATION_BUILD_DIR/JTSImageViewController\"",
					"\"$PODS_CONFIGURATION_BUILD_DIR/MBProgressHUD\"",
					"\"$PODS_CONFIGURATION_BUILD_DIR/MJRefresh\"",
					"\"$PODS_CONFIGURATION_BUILD_DIR/MXParallaxHeader\"",
					"\"$PODS_CONFIGURATION_BUILD_DIR/PINCache\"",
					"\"$PODS_CONFIGURATION_BUILD_DIR/PINRemoteImage\"",
					"\"$PODS_CONFIGURATION_BUILD_DIR/TOWebViewController\"",
					"\"$PODS_CONFIGURATION_BUILD_DIR/YYCache\"",
					"\"$PODS_CONFIGURATION_BUILD_DIR/YYImage\"",
					"\"$PODS_CONFIGURATION_BUILD_DIR/YYWebImage\"",
					"$(PROJECT_DIR)/build/Debug-iphoneos",
				);
				OTHER_LDFLAGS = (
					"$(inherited)",
					"-ObjC",
					"-l\"AFNetworking\"",
					"-l\"AsyncDisplayKit\"",
					"-l\"JTSImageViewController\"",
					"-l\"MBProgressHUD\"",
					"-l\"MJRefresh\"",
					"-l\"MXParallaxHeader\"",
					"-l\"PINCache\"",
					"-l\"PINRemoteImage\"",
					"-l\"TOWebViewController\"",
					"-l\"YYCache\"",
					"-l\"YYImage\"",
					"-l\"YYWebImage\"",
					"-l\"c++\"",
					"-l\"sqlite3\"",
					"-l\"z\"",
					"-framework",
					"\"Accelerate\"",
					"-framework",
					"\"AssetsLibrary\"",
					"-framework",
					"\"CoreFoundation\"",
					"-framework",
					"\"CoreGraphics\"",
					"-framework",
					"\"Foundation\"",
					"-framework",
					"\"ImageIO\"",
					"-framework",
					"\"MobileCoreServices\"",
					"-framework",
					"\"QuartzCore\"",
					"-framework",
					"\"Security\"",
					"-framework",
					"\"SystemConfiguration\"",
					"-framework",
					"\"UIKit\"",
					"-weak_framework",
					"\"MapKit\"",
					"-weak_framework",
					"\"MessageUI\"",
					"-weak_framework",
					"\"Photos\"",
					"-weak_framework",
					"\"Twitter\"",
					"-weak_framework",
					"\"UIKit\"",
				);
				PRODUCT_BUNDLE_IDENTIFIER = com.tany.LovePlayNews;
				PRODUCT_NAME = "$(TARGET_NAME)";
				PROVISIONING_PROFILE = "";
			};
			name = Debug;
		};
		2B8174451D4EE5A300BA297C /* Release */ = {
			isa = XCBuildConfiguration;
			baseConfigurationReference = 97F536CF2561A47B92A45EF3 /* Pods-LovePlayNews.release.xcconfig */;
			buildSettings = {
				ASSETCATALOG_COMPILER_APPICON_NAME = AppIcon;
				ASSETCATALOG_COMPILER_LAUNCHIMAGE_NAME = LaunchImage;
				CODE_SIGN_IDENTITY = "iPhone Developer";
				"CODE_SIGN_IDENTITY[sdk=iphoneos*]" = "iPhone Developer";
				ENABLE_BITCODE = NO;
				GCC_PREFIX_HEADER = "LovePlayNews/LovePlayNews-Prefix.pch";
				INFOPLIST_FILE = LovePlayNews/Info.plist;
				IPHONEOS_DEPLOYMENT_TARGET = 7.0;
				LD_RUNPATH_SEARCH_PATHS = "$(inherited) @executable_path/Frameworks";
				LIBRARY_SEARCH_PATHS = (
					"$(inherited)",
					"$(PROJECT_DIR)/build/Debug-iphoneos",
				);
				OTHER_LDFLAGS = (
					"$(inherited)",
					"-ObjC",
					"-l\"AFNetworking\"",
					"-l\"AsyncDisplayKit\"",
					"-l\"JTSImageViewController\"",
					"-l\"MBProgressHUD\"",
					"-l\"MJRefresh\"",
					"-l\"MXParallaxHeader\"",
					"-l\"PINCache\"",
					"-l\"PINRemoteImage\"",
					"-l\"TOWebViewController\"",
					"-l\"YYCache\"",
					"-l\"YYImage\"",
					"-l\"YYWebImage\"",
					"-l\"c++\"",
					"-l\"sqlite3\"",
					"-l\"z\"",
					"-framework",
					"\"Accelerate\"",
					"-framework",
					"\"AssetsLibrary\"",
					"-framework",
					"\"CoreFoundation\"",
					"-framework",
					"\"CoreGraphics\"",
					"-framework",
					"\"Foundation\"",
					"-framework",
					"\"ImageIO\"",
					"-framework",
					"\"MobileCoreServices\"",
					"-framework",
					"\"QuartzCore\"",
					"-framework",
					"\"Security\"",
					"-framework",
					"\"SystemConfiguration\"",
					"-framework",
					"\"UIKit\"",
					"-weak_framework",
					"\"MapKit\"",
					"-weak_framework",
					"\"MessageUI\"",
					"-weak_framework",
					"\"Photos\"",
					"-weak_framework",
					"\"Twitter\"",
					"-weak_framework",
					"\"UIKit\"",
				);
				PRODUCT_BUNDLE_IDENTIFIER = com.tany.LovePlayNews;
				PRODUCT_NAME = "$(TARGET_NAME)";
				PROVISIONING_PROFILE = "";
			};
			name = Release;
		};
/* End XCBuildConfiguration section */

/* Begin XCConfigurationList section */
		2B81741C1D4EE5A200BA297C /* Build configuration list for PBXProject "LovePlayNews" */ = {
			isa = XCConfigurationList;
			buildConfigurations = (
				2B8174411D4EE5A300BA297C /* Debug */,
				2B8174421D4EE5A300BA297C /* Release */,
			);
			defaultConfigurationIsVisible = 0;
			defaultConfigurationName = Release;
		};
		2B8174431D4EE5A300BA297C /* Build configuration list for PBXNativeTarget "LovePlayNews" */ = {
			isa = XCConfigurationList;
			buildConfigurations = (
				2B8174441D4EE5A300BA297C /* Debug */,
				2B8174451D4EE5A300BA297C /* Release */,
			);
			defaultConfigurationIsVisible = 0;
			defaultConfigurationName = Release;
		};
/* End XCConfigurationList section */
	};
	rootObject = 2B8174191D4EE5A200BA297C /* Project object */;
}
