// !$*UTF8*$!
{
	archiveVersion = 1;
	classes = {
	};
	objectVersion = 46;
	objects = {

/* Begin PBXBuildFile section */
		2B0056221D5418A900DDA531 /* JPFPSStatus.m in Sources */ = {isa = PBXBuildFile; fileRef = 2B0056211D5418A900DDA531 /* JPFPSStatus.m */; };
		2B0056241D54392200DDA531 /* NewsInfo.plist in Resources */ = {isa = PBXBuildFile; fileRef = 2B0056231D54392200DDA531 /* NewsInfo.plist */; };
		2B00AC891D517B580048B5C2 /* NSObject+TYJSONModel.m in Sources */ = {isa = PBXBuildFile; fileRef = 2B00AC831D517B580048B5C2 /* NSObject+TYJSONModel.m */; };
		2B00AC8A1D517B580048B5C2 /* TYClassInfo.m in Sources */ = {isa = PBXBuildFile; fileRef = 2B00AC851D517B580048B5C2 /* TYClassInfo.m */; };
		2B00AC8B1D517B580048B5C2 /* TYPropertyInfo.m in Sources */ = {isa = PBXBuildFile; fileRef = 2B00AC881D517B580048B5C2 /* TYPropertyInfo.m */; };
		2B00AC9B1D517CF90048B5C2 /* LPNewsListController.m in Sources */ = {isa = PBXBuildFile; fileRef = 2B00AC961D517CF90048B5C2 /* LPNewsListController.m */; };
		2B00AC9C1D517CF90048B5C2 /* LPPagerViewController.m in Sources */ = {isa = PBXBuildFile; fileRef = 2B00AC981D517CF90048B5C2 /* LPPagerViewController.m */; };
		2B00AC9F1D517D2A0048B5C2 /* LPNewsInfoModel.m in Sources */ = {isa = PBXBuildFile; fileRef = 2B00AC9E1D517D2A0048B5C2 /* LPNewsInfoModel.m */; };
		2B00ACA51D517E5E0048B5C2 /* LPHttpRequest.m in Sources */ = {isa = PBXBuildFile; fileRef = 2B00ACA21D517E5E0048B5C2 /* LPHttpRequest.m */; };
		2B00ACA61D517E5E0048B5C2 /* TYResponseObject.m in Sources */ = {isa = PBXBuildFile; fileRef = 2B00ACA41D517E5E0048B5C2 /* TYResponseObject.m */; };
		2B00ACB31D51AB230048B5C2 /* LPNewsRequestOperation.m in Sources */ = {isa = PBXBuildFile; fileRef = 2B00ACB21D51AB230048B5C2 /* LPNewsRequestOperation.m */; };
		2B3913F11D5C7D510068B1D8 /* LPNewsTitleSectionView.m in Sources */ = {isa = PBXBuildFile; fileRef = 2B3913F01D5C7D510068B1D8 /* LPNewsTitleSectionView.m */; };
		2B50AB2C1D5D5C5C00FB77AE /* LPNewsCommentCellNode.m in Sources */ = {isa = PBXBuildFile; fileRef = 2B50AB2B1D5D5C5C00FB77AE /* LPNewsCommentCellNode.m */; };
		2B50AB2F1D5DCA9000FB77AE /* LPNewsImageCellNode.m in Sources */ = {isa = PBXBuildFile; fileRef = 2B50AB2E1D5DCA9000FB77AE /* LPNewsImageCellNode.m */; };
		2B50AB331D5DCB1C00FB77AE /* LPNewsBaseCellNode.m in Sources */ = {isa = PBXBuildFile; fileRef = 2B50AB321D5DCB1C00FB77AE /* LPNewsBaseCellNode.m */; };
		2B57C57E1D53293A00F436DE /* MBProgressHUD+MJ.m in Sources */ = {isa = PBXBuildFile; fileRef = 2B57C57C1D53293A00F436DE /* MBProgressHUD+MJ.m */; };
		2B57C57F1D53293A00F436DE /* MBProgressHUD.bundle in Resources */ = {isa = PBXBuildFile; fileRef = 2B57C57D1D53293A00F436DE /* MBProgressHUD.bundle */; };
		2B57C5821D534F9300F436DE /* LPNewsCellNode.m in Sources */ = {isa = PBXBuildFile; fileRef = 2B57C5811D534F9300F436DE /* LPNewsCellNode.m */; };
		2B8174261D4EE5A200BA297C /* main.m in Sources */ = {isa = PBXBuildFile; fileRef = 2B8174251D4EE5A200BA297C /* main.m */; };
		2B8174291D4EE5A200BA297C /* AppDelegate.m in Sources */ = {isa = PBXBuildFile; fileRef = 2B8174281D4EE5A200BA297C /* AppDelegate.m */; };
		2B81742C1D4EE5A200BA297C /* ViewController.m in Sources */ = {isa = PBXBuildFile; fileRef = 2B81742B1D4EE5A200BA297C /* ViewController.m */; };
		2B8174311D4EE5A200BA297C /* Assets.xcassets in Resources */ = {isa = PBXBuildFile; fileRef = 2B8174301D4EE5A200BA297C /* Assets.xcassets */; };
		2B81743F1D4EE5A300BA297C /* LovePlayNewsTests.m in Sources */ = {isa = PBXBuildFile; fileRef = 2B81743E1D4EE5A300BA297C /* LovePlayNewsTests.m */; };
		2B8174C61D4F2B4400BA297C /* NSData+Base64.m in Sources */ = {isa = PBXBuildFile; fileRef = 2B81749B1D4F2B4400BA297C /* NSData+Base64.m */; };
		2B8174C71D4F2B4400BA297C /* NSData+Encrypt.m in Sources */ = {isa = PBXBuildFile; fileRef = 2B81749D1D4F2B4400BA297C /* NSData+Encrypt.m */; };
		2B8174C81D4F2B4400BA297C /* NSDate+Compare.m in Sources */ = {isa = PBXBuildFile; fileRef = 2B81749F1D4F2B4400BA297C /* NSDate+Compare.m */; };
		2B8174C91D4F2B4400BA297C /* NSString+Base64.m in Sources */ = {isa = PBXBuildFile; fileRef = 2B8174A21D4F2B4400BA297C /* NSString+Base64.m */; };
		2B8174CA1D4F2B4400BA297C /* NSString+Encrypt.m in Sources */ = {isa = PBXBuildFile; fileRef = 2B8174A41D4F2B4400BA297C /* NSString+Encrypt.m */; };
		2B8174CB1D4F2B4400BA297C /* NSString+MD5.m in Sources */ = {isa = PBXBuildFile; fileRef = 2B8174A61D4F2B4400BA297C /* NSString+MD5.m */; };
		2B8174CC1D4F2B4400BA297C /* NSString+Pinyin.m in Sources */ = {isa = PBXBuildFile; fileRef = 2B8174A81D4F2B4400BA297C /* NSString+Pinyin.m */; };
		2B8174CD1D4F2B4400BA297C /* NSString+Size.m in Sources */ = {isa = PBXBuildFile; fileRef = 2B8174AA1D4F2B4400BA297C /* NSString+Size.m */; };
		2B8174CE1D4F2B4400BA297C /* UIBarButtonItem+Item.m in Sources */ = {isa = PBXBuildFile; fileRef = 2B8174AD1D4F2B4400BA297C /* UIBarButtonItem+Item.m */; };
		2B8174CF1D4F2B4400BA297C /* UIColor+Hex.m in Sources */ = {isa = PBXBuildFile; fileRef = 2B8174B01D4F2B4400BA297C /* UIColor+Hex.m */; };
		2B8174D01D4F2B4400BA297C /* UIImage+Clip.m in Sources */ = {isa = PBXBuildFile; fileRef = 2B8174B31D4F2B4400BA297C /* UIImage+Clip.m */; };
		2B8174D11D4F2B4400BA297C /* UIImage+Color.m in Sources */ = {isa = PBXBuildFile; fileRef = 2B8174B51D4F2B4400BA297C /* UIImage+Color.m */; };
		2B8174D21D4F2B4400BA297C /* UIImage+Size.m in Sources */ = {isa = PBXBuildFile; fileRef = 2B8174B71D4F2B4400BA297C /* UIImage+Size.m */; };
		2B8174D31D4F2B4400BA297C /* UIImage+Snap.m in Sources */ = {isa = PBXBuildFile; fileRef = 2B8174B91D4F2B4400BA297C /* UIImage+Snap.m */; };
		2B8174D41D4F2B4400BA297C /* UITabBarController+addChildVC.m in Sources */ = {isa = PBXBuildFile; fileRef = 2B8174BC1D4F2B4400BA297C /* UITabBarController+addChildVC.m */; };
		2B8174D51D4F2B4400BA297C /* UIView+Frame.m in Sources */ = {isa = PBXBuildFile; fileRef = 2B8174BF1D4F2B4400BA297C /* UIView+Frame.m */; };
		2B8174D61D4F2B4400BA297C /* UIView+Nib.m in Sources */ = {isa = PBXBuildFile; fileRef = 2B8174C11D4F2B4400BA297C /* UIView+Nib.m */; };
		2B8174DC1D4F2BFE00BA297C /* LPTabBarController.m in Sources */ = {isa = PBXBuildFile; fileRef = 2B8174DB1D4F2BFE00BA297C /* LPTabBarController.m */; };
		2B8174E01D4F32BF00BA297C /* LPNavigationController.m in Sources */ = {isa = PBXBuildFile; fileRef = 2B8174DF1D4F32BF00BA297C /* LPNavigationController.m */; };
		2B8174F21D4F39A400BA297C /* TYBaseRequest.m in Sources */ = {isa = PBXBuildFile; fileRef = 2B8174E41D4F39A400BA297C /* TYBaseRequest.m */; };
		2B8174F31D4F39A400BA297C /* TYBatchRequest.m in Sources */ = {isa = PBXBuildFile; fileRef = 2B8174E61D4F39A400BA297C /* TYBatchRequest.m */; };
		2B8174F41D4F39A400BA297C /* TYChainRequest.m in Sources */ = {isa = PBXBuildFile; fileRef = 2B8174E81D4F39A400BA297C /* TYChainRequest.m */; };
		2B8174F51D4F39A400BA297C /* TYHttpManager.m in Sources */ = {isa = PBXBuildFile; fileRef = 2B8174EA1D4F39A400BA297C /* TYHttpManager.m */; };
		2B8174F61D4F39A400BA297C /* TYHttpRequest.m in Sources */ = {isa = PBXBuildFile; fileRef = 2B8174EC1D4F39A400BA297C /* TYHttpRequest.m */; };
		2B8174F71D4F39A400BA297C /* TYRequstConfigure.m in Sources */ = {isa = PBXBuildFile; fileRef = 2B8174EF1D4F39A400BA297C /* TYRequstConfigure.m */; };
		2B8174F81D4F39A400BA297C /* TYResponseCache.m in Sources */ = {isa = PBXBuildFile; fileRef = 2B8174F11D4F39A400BA297C /* TYResponseCache.m */; };
		2B8175031D4F417300BA297C /* TYPagerController.m in Sources */ = {isa = PBXBuildFile; fileRef = 2B8174FB1D4F417300BA297C /* TYPagerController.m */; };
		2B8175041D4F417300BA297C /* TYTabButtonPagerController.m in Sources */ = {isa = PBXBuildFile; fileRef = 2B8174FD1D4F417300BA297C /* TYTabButtonPagerController.m */; };
		2B8175051D4F417300BA297C /* TYTabPagerController.m in Sources */ = {isa = PBXBuildFile; fileRef = 2B8174FF1D4F417300BA297C /* TYTabPagerController.m */; };
		2B8175061D4F417300BA297C /* TYTabTitleViewCell.m in Sources */ = {isa = PBXBuildFile; fileRef = 2B8175021D4F417300BA297C /* TYTabTitleViewCell.m */; };
		2B8A00F91D5AB5F700F04812 /* LPNewsDetailModel.m in Sources */ = {isa = PBXBuildFile; fileRef = 2B8A00F81D5AB5F700F04812 /* LPNewsDetailModel.m */; };
		2B8A00FC1D5AB77800F04812 /* LPNewsCommonModel.m in Sources */ = {isa = PBXBuildFile; fileRef = 2B8A00FB1D5AB77800F04812 /* LPNewsCommonModel.m */; };
		2B8A00FE1D5AD07200F04812 /* News.css in Resources */ = {isa = PBXBuildFile; fileRef = 2B8A00FD1D5AD07200F04812 /* News.css */; };
		2B8A01011D5B2C0F00F04812 /* LPNewsTitleHeaderView.m in Sources */ = {isa = PBXBuildFile; fileRef = 2B8A01001D5B2C0F00F04812 /* LPNewsTitleHeaderView.m */; };
		2B8A01071D5B2C9200F04812 /* LPNewsTitleHeaderView.xib in Resources */ = {isa = PBXBuildFile; fileRef = 2B8A01061D5B2C9200F04812 /* LPNewsTitleHeaderView.xib */; };
		2B93A4451D5C0C9A0016B53F /* LPNewsBreifCellNode.m in Sources */ = {isa = PBXBuildFile; fileRef = 2B93A4441D5C0C9A0016B53F /* LPNewsBreifCellNode.m */; };
		2B93A44E1D5C451A0016B53F /* LPWebViewController.m in Sources */ = {isa = PBXBuildFile; fileRef = 2B93A44D1D5C451A0016B53F /* LPWebViewController.m */; };
		839FD15DECF634F4D5927990 /* libPods.a in Frameworks */ = {isa = PBXBuildFile; fileRef = 4A4EEAED047A0965E216D28E /* libPods.a */; };
		B0ED94B81D55FD66009B11C4 /* LPNewsDetailController.m in Sources */ = {isa = PBXBuildFile; fileRef = B0ED94B71D55FD66009B11C4 /* LPNewsDetailController.m */; };
		B0ED94BB1D5604CD009B11C4 /* LPWebCellNode.m in Sources */ = {isa = PBXBuildFile; fileRef = B0ED94BA1D5604CD009B11C4 /* LPWebCellNode.m */; };
/* End PBXBuildFile section */

/* Begin PBXContainerItemProxy section */
		2B81743B1D4EE5A300BA297C /* PBXContainerItemProxy */ = {
			isa = PBXContainerItemProxy;
			containerPortal = 2B8174191D4EE5A200BA297C /* Project object */;
			proxyType = 1;
			remoteGlobalIDString = 2B8174201D4EE5A200BA297C;
			remoteInfo = LovePlayNews;
		};
/* End PBXContainerItemProxy section */

/* Begin PBXFileReference section */
		2B0056201D5418A900DDA531 /* JPFPSStatus.h */ = {isa = PBXFileReference; fileEncoding = 4; lastKnownFileType = sourcecode.c.h; path = JPFPSStatus.h; sourceTree = "<group>"; };
		2B0056211D5418A900DDA531 /* JPFPSStatus.m */ = {isa = PBXFileReference; fileEncoding = 4; lastKnownFileType = sourcecode.c.objc; path = JPFPSStatus.m; sourceTree = "<group>"; };
		2B0056231D54392200DDA531 /* NewsInfo.plist */ = {isa = PBXFileReference; fileEncoding = 4; lastKnownFileType = text.plist.xml; path = NewsInfo.plist; sourceTree = "<group>"; };
		2B00AC821D517B580048B5C2 /* NSObject+TYJSONModel.h */ = {isa = PBXFileReference; fileEncoding = 4; lastKnownFileType = sourcecode.c.h; path = "NSObject+TYJSONModel.h"; sourceTree = "<group>"; };
		2B00AC831D517B580048B5C2 /* NSObject+TYJSONModel.m */ = {isa = PBXFileReference; fileEncoding = 4; lastKnownFileType = sourcecode.c.objc; path = "NSObject+TYJSONModel.m"; sourceTree = "<group>"; };
		2B00AC841D517B580048B5C2 /* TYClassInfo.h */ = {isa = PBXFileReference; fileEncoding = 4; lastKnownFileType = sourcecode.c.h; path = TYClassInfo.h; sourceTree = "<group>"; };
		2B00AC851D517B580048B5C2 /* TYClassInfo.m */ = {isa = PBXFileReference; fileEncoding = 4; lastKnownFileType = sourcecode.c.objc; path = TYClassInfo.m; sourceTree = "<group>"; };
		2B00AC861D517B580048B5C2 /* TYJSONModel.h */ = {isa = PBXFileReference; fileEncoding = 4; lastKnownFileType = sourcecode.c.h; path = TYJSONModel.h; sourceTree = "<group>"; };
		2B00AC871D517B580048B5C2 /* TYPropertyInfo.h */ = {isa = PBXFileReference; fileEncoding = 4; lastKnownFileType = sourcecode.c.h; path = TYPropertyInfo.h; sourceTree = "<group>"; };
		2B00AC881D517B580048B5C2 /* TYPropertyInfo.m */ = {isa = PBXFileReference; fileEncoding = 4; lastKnownFileType = sourcecode.c.objc; path = TYPropertyInfo.m; sourceTree = "<group>"; };
		2B00AC951D517CF90048B5C2 /* LPNewsListController.h */ = {isa = PBXFileReference; fileEncoding = 4; lastKnownFileType = sourcecode.c.h; path = LPNewsListController.h; sourceTree = "<group>"; };
		2B00AC961D517CF90048B5C2 /* LPNewsListController.m */ = {isa = PBXFileReference; fileEncoding = 4; lastKnownFileType = sourcecode.c.objc; path = LPNewsListController.m; sourceTree = "<group>"; };
		2B00AC971D517CF90048B5C2 /* LPPagerViewController.h */ = {isa = PBXFileReference; fileEncoding = 4; lastKnownFileType = sourcecode.c.h; path = LPPagerViewController.h; sourceTree = "<group>"; };
		2B00AC981D517CF90048B5C2 /* LPPagerViewController.m */ = {isa = PBXFileReference; fileEncoding = 4; lastKnownFileType = sourcecode.c.objc; path = LPPagerViewController.m; sourceTree = "<group>"; };
		2B00AC9D1D517D2A0048B5C2 /* LPNewsInfoModel.h */ = {isa = PBXFileReference; fileEncoding = 4; lastKnownFileType = sourcecode.c.h; path = LPNewsInfoModel.h; sourceTree = "<group>"; };
		2B00AC9E1D517D2A0048B5C2 /* LPNewsInfoModel.m */ = {isa = PBXFileReference; fileEncoding = 4; lastKnownFileType = sourcecode.c.objc; path = LPNewsInfoModel.m; sourceTree = "<group>"; };
		2B00ACA11D517E5E0048B5C2 /* LPHttpRequest.h */ = {isa = PBXFileReference; fileEncoding = 4; lastKnownFileType = sourcecode.c.h; path = LPHttpRequest.h; sourceTree = "<group>"; };
		2B00ACA21D517E5E0048B5C2 /* LPHttpRequest.m */ = {isa = PBXFileReference; fileEncoding = 4; lastKnownFileType = sourcecode.c.objc; path = LPHttpRequest.m; sourceTree = "<group>"; };
		2B00ACA31D517E5E0048B5C2 /* TYResponseObject.h */ = {isa = PBXFileReference; fileEncoding = 4; lastKnownFileType = sourcecode.c.h; path = TYResponseObject.h; sourceTree = "<group>"; };
		2B00ACA41D517E5E0048B5C2 /* TYResponseObject.m */ = {isa = PBXFileReference; fileEncoding = 4; lastKnownFileType = sourcecode.c.objc; path = TYResponseObject.m; sourceTree = "<group>"; };
		2B00ACA91D517FC30048B5C2 /* LPRequestURLInfo.h */ = {isa = PBXFileReference; lastKnownFileType = sourcecode.c.h; path = LPRequestURLInfo.h; sourceTree = "<group>"; };
		2B00ACB11D51AB230048B5C2 /* LPNewsRequestOperation.h */ = {isa = PBXFileReference; fileEncoding = 4; lastKnownFileType = sourcecode.c.h; path = LPNewsRequestOperation.h; sourceTree = "<group>"; };
		2B00ACB21D51AB230048B5C2 /* LPNewsRequestOperation.m */ = {isa = PBXFileReference; fileEncoding = 4; lastKnownFileType = sourcecode.c.objc; path = LPNewsRequestOperation.m; sourceTree = "<group>"; };
		2B3913EF1D5C7D510068B1D8 /* LPNewsTitleSectionView.h */ = {isa = PBXFileReference; fileEncoding = 4; lastKnownFileType = sourcecode.c.h; path = LPNewsTitleSectionView.h; sourceTree = "<group>"; };
		2B3913F01D5C7D510068B1D8 /* LPNewsTitleSectionView.m */ = {isa = PBXFileReference; fileEncoding = 4; lastKnownFileType = sourcecode.c.objc; path = LPNewsTitleSectionView.m; sourceTree = "<group>"; };
		2B50AB2A1D5D5C5C00FB77AE /* LPNewsCommentCellNode.h */ = {isa = PBXFileReference; fileEncoding = 4; lastKnownFileType = sourcecode.c.h; path = LPNewsCommentCellNode.h; sourceTree = "<group>"; };
		2B50AB2B1D5D5C5C00FB77AE /* LPNewsCommentCellNode.m */ = {isa = PBXFileReference; fileEncoding = 4; lastKnownFileType = sourcecode.c.objc; path = LPNewsCommentCellNode.m; sourceTree = "<group>"; };
		2B50AB2D1D5DCA9000FB77AE /* LPNewsImageCellNode.h */ = {isa = PBXFileReference; fileEncoding = 4; lastKnownFileType = sourcecode.c.h; path = LPNewsImageCellNode.h; sourceTree = "<group>"; };
		2B50AB2E1D5DCA9000FB77AE /* LPNewsImageCellNode.m */ = {isa = PBXFileReference; fileEncoding = 4; lastKnownFileType = sourcecode.c.objc; path = LPNewsImageCellNode.m; sourceTree = "<group>"; };
		2B50AB311D5DCB1C00FB77AE /* LPNewsBaseCellNode.h */ = {isa = PBXFileReference; fileEncoding = 4; lastKnownFileType = sourcecode.c.h; path = LPNewsBaseCellNode.h; sourceTree = "<group>"; };
		2B50AB321D5DCB1C00FB77AE /* LPNewsBaseCellNode.m */ = {isa = PBXFileReference; fileEncoding = 4; lastKnownFileType = sourcecode.c.objc; path = LPNewsBaseCellNode.m; sourceTree = "<group>"; };
		2B57C57B1D53293A00F436DE /* MBProgressHUD+MJ.h */ = {isa = PBXFileReference; fileEncoding = 4; lastKnownFileType = sourcecode.c.h; path = "MBProgressHUD+MJ.h"; sourceTree = "<group>"; };
		2B57C57C1D53293A00F436DE /* MBProgressHUD+MJ.m */ = {isa = PBXFileReference; fileEncoding = 4; lastKnownFileType = sourcecode.c.objc; path = "MBProgressHUD+MJ.m"; sourceTree = "<group>"; };
		2B57C57D1D53293A00F436DE /* MBProgressHUD.bundle */ = {isa = PBXFileReference; lastKnownFileType = "wrapper.plug-in"; path = MBProgressHUD.bundle; sourceTree = "<group>"; };
		2B57C5801D534F9300F436DE /* LPNewsCellNode.h */ = {isa = PBXFileReference; fileEncoding = 4; lastKnownFileType = sourcecode.c.h; path = LPNewsCellNode.h; sourceTree = "<group>"; };
		2B57C5811D534F9300F436DE /* LPNewsCellNode.m */ = {isa = PBXFileReference; fileEncoding = 4; lastKnownFileType = sourcecode.c.objc; path = LPNewsCellNode.m; sourceTree = "<group>"; };
		2B8174211D4EE5A200BA297C /* LovePlayNews.app */ = {isa = PBXFileReference; explicitFileType = wrapper.application; includeInIndex = 0; path = LovePlayNews.app; sourceTree = BUILT_PRODUCTS_DIR; };
		2B8174251D4EE5A200BA297C /* main.m */ = {isa = PBXFileReference; lastKnownFileType = sourcecode.c.objc; path = main.m; sourceTree = "<group>"; };
		2B8174271D4EE5A200BA297C /* AppDelegate.h */ = {isa = PBXFileReference; lastKnownFileType = sourcecode.c.h; path = AppDelegate.h; sourceTree = "<group>"; };
		2B8174281D4EE5A200BA297C /* AppDelegate.m */ = {isa = PBXFileReference; lastKnownFileType = sourcecode.c.objc; path = AppDelegate.m; sourceTree = "<group>"; };
		2B81742A1D4EE5A200BA297C /* ViewController.h */ = {isa = PBXFileReference; lastKnownFileType = sourcecode.c.h; path = ViewController.h; sourceTree = "<group>"; };
		2B81742B1D4EE5A200BA297C /* ViewController.m */ = {isa = PBXFileReference; lastKnownFileType = sourcecode.c.objc; path = ViewController.m; sourceTree = "<group>"; };
		2B8174301D4EE5A200BA297C /* Assets.xcassets */ = {isa = PBXFileReference; lastKnownFileType = folder.assetcatalog; path = Assets.xcassets; sourceTree = "<group>"; };
		2B8174351D4EE5A300BA297C /* Info.plist */ = {isa = PBXFileReference; lastKnownFileType = text.plist.xml; path = Info.plist; sourceTree = "<group>"; };
		2B81743A1D4EE5A300BA297C /* LovePlayNewsTests.xctest */ = {isa = PBXFileReference; explicitFileType = wrapper.cfbundle; includeInIndex = 0; path = LovePlayNewsTests.xctest; sourceTree = BUILT_PRODUCTS_DIR; };
		2B81743E1D4EE5A300BA297C /* LovePlayNewsTests.m */ = {isa = PBXFileReference; lastKnownFileType = sourcecode.c.objc; path = LovePlayNewsTests.m; sourceTree = "<group>"; };
		2B8174401D4EE5A300BA297C /* Info.plist */ = {isa = PBXFileReference; lastKnownFileType = text.plist.xml; path = Info.plist; sourceTree = "<group>"; };
		2B81749A1D4F2B4400BA297C /* NSData+Base64.h */ = {isa = PBXFileReference; fileEncoding = 4; lastKnownFileType = sourcecode.c.h; path = "NSData+Base64.h"; sourceTree = "<group>"; };
		2B81749B1D4F2B4400BA297C /* NSData+Base64.m */ = {isa = PBXFileReference; fileEncoding = 4; lastKnownFileType = sourcecode.c.objc; path = "NSData+Base64.m"; sourceTree = "<group>"; };
		2B81749C1D4F2B4400BA297C /* NSData+Encrypt.h */ = {isa = PBXFileReference; fileEncoding = 4; lastKnownFileType = sourcecode.c.h; path = "NSData+Encrypt.h"; sourceTree = "<group>"; };
		2B81749D1D4F2B4400BA297C /* NSData+Encrypt.m */ = {isa = PBXFileReference; fileEncoding = 4; lastKnownFileType = sourcecode.c.objc; path = "NSData+Encrypt.m"; sourceTree = "<group>"; };
		2B81749E1D4F2B4400BA297C /* NSDate+Compare.h */ = {isa = PBXFileReference; fileEncoding = 4; lastKnownFileType = sourcecode.c.h; path = "NSDate+Compare.h"; sourceTree = "<group>"; };
		2B81749F1D4F2B4400BA297C /* NSDate+Compare.m */ = {isa = PBXFileReference; fileEncoding = 4; lastKnownFileType = sourcecode.c.objc; path = "NSDate+Compare.m"; sourceTree = "<group>"; };
		2B8174A11D4F2B4400BA297C /* NSString+Base64.h */ = {isa = PBXFileReference; fileEncoding = 4; lastKnownFileType = sourcecode.c.h; path = "NSString+Base64.h"; sourceTree = "<group>"; };
		2B8174A21D4F2B4400BA297C /* NSString+Base64.m */ = {isa = PBXFileReference; fileEncoding = 4; lastKnownFileType = sourcecode.c.objc; path = "NSString+Base64.m"; sourceTree = "<group>"; };
		2B8174A31D4F2B4400BA297C /* NSString+Encrypt.h */ = {isa = PBXFileReference; fileEncoding = 4; lastKnownFileType = sourcecode.c.h; path = "NSString+Encrypt.h"; sourceTree = "<group>"; };
		2B8174A41D4F2B4400BA297C /* NSString+Encrypt.m */ = {isa = PBXFileReference; fileEncoding = 4; lastKnownFileType = sourcecode.c.objc; path = "NSString+Encrypt.m"; sourceTree = "<group>"; };
		2B8174A51D4F2B4400BA297C /* NSString+MD5.h */ = {isa = PBXFileReference; fileEncoding = 4; lastKnownFileType = sourcecode.c.h; path = "NSString+MD5.h"; sourceTree = "<group>"; };
		2B8174A61D4F2B4400BA297C /* NSString+MD5.m */ = {isa = PBXFileReference; fileEncoding = 4; lastKnownFileType = sourcecode.c.objc; path = "NSString+MD5.m"; sourceTree = "<group>"; };
		2B8174A71D4F2B4400BA297C /* NSString+Pinyin.h */ = {isa = PBXFileReference; fileEncoding = 4; lastKnownFileType = sourcecode.c.h; path = "NSString+Pinyin.h"; sourceTree = "<group>"; };
		2B8174A81D4F2B4400BA297C /* NSString+Pinyin.m */ = {isa = PBXFileReference; fileEncoding = 4; lastKnownFileType = sourcecode.c.objc; path = "NSString+Pinyin.m"; sourceTree = "<group>"; };
		2B8174A91D4F2B4400BA297C /* NSString+Size.h */ = {isa = PBXFileReference; fileEncoding = 4; lastKnownFileType = sourcecode.c.h; path = "NSString+Size.h"; sourceTree = "<group>"; };
		2B8174AA1D4F2B4400BA297C /* NSString+Size.m */ = {isa = PBXFileReference; fileEncoding = 4; lastKnownFileType = sourcecode.c.objc; path = "NSString+Size.m"; sourceTree = "<group>"; };
		2B8174AC1D4F2B4400BA297C /* UIBarButtonItem+Item.h */ = {isa = PBXFileReference; fileEncoding = 4; lastKnownFileType = sourcecode.c.h; path = "UIBarButtonItem+Item.h"; sourceTree = "<group>"; };
		2B8174AD1D4F2B4400BA297C /* UIBarButtonItem+Item.m */ = {isa = PBXFileReference; fileEncoding = 4; lastKnownFileType = sourcecode.c.objc; path = "UIBarButtonItem+Item.m"; sourceTree = "<group>"; };
		2B8174AF1D4F2B4400BA297C /* UIColor+Hex.h */ = {isa = PBXFileReference; fileEncoding = 4; lastKnownFileType = sourcecode.c.h; path = "UIColor+Hex.h"; sourceTree = "<group>"; };
		2B8174B01D4F2B4400BA297C /* UIColor+Hex.m */ = {isa = PBXFileReference; fileEncoding = 4; lastKnownFileType = sourcecode.c.objc; path = "UIColor+Hex.m"; sourceTree = "<group>"; };
		2B8174B21D4F2B4400BA297C /* UIImage+Clip.h */ = {isa = PBXFileReference; fileEncoding = 4; lastKnownFileType = sourcecode.c.h; path = "UIImage+Clip.h"; sourceTree = "<group>"; };
		2B8174B31D4F2B4400BA297C /* UIImage+Clip.m */ = {isa = PBXFileReference; fileEncoding = 4; lastKnownFileType = sourcecode.c.objc; path = "UIImage+Clip.m"; sourceTree = "<group>"; };
		2B8174B41D4F2B4400BA297C /* UIImage+Color.h */ = {isa = PBXFileReference; fileEncoding = 4; lastKnownFileType = sourcecode.c.h; path = "UIImage+Color.h"; sourceTree = "<group>"; };
		2B8174B51D4F2B4400BA297C /* UIImage+Color.m */ = {isa = PBXFileReference; fileEncoding = 4; lastKnownFileType = sourcecode.c.objc; path = "UIImage+Color.m"; sourceTree = "<group>"; };
		2B8174B61D4F2B4400BA297C /* UIImage+Size.h */ = {isa = PBXFileReference; fileEncoding = 4; lastKnownFileType = sourcecode.c.h; path = "UIImage+Size.h"; sourceTree = "<group>"; };
		2B8174B71D4F2B4400BA297C /* UIImage+Size.m */ = {isa = PBXFileReference; fileEncoding = 4; lastKnownFileType = sourcecode.c.objc; path = "UIImage+Size.m"; sourceTree = "<group>"; };
		2B8174B81D4F2B4400BA297C /* UIImage+Snap.h */ = {isa = PBXFileReference; fileEncoding = 4; lastKnownFileType = sourcecode.c.h; path = "UIImage+Snap.h"; sourceTree = "<group>"; };
		2B8174B91D4F2B4400BA297C /* UIImage+Snap.m */ = {isa = PBXFileReference; fileEncoding = 4; lastKnownFileType = sourcecode.c.objc; path = "UIImage+Snap.m"; sourceTree = "<group>"; };
		2B8174BB1D4F2B4400BA297C /* UITabBarController+AddChildVC.h */ = {isa = PBXFileReference; fileEncoding = 4; lastKnownFileType = sourcecode.c.h; path = "UITabBarController+AddChildVC.h"; sourceTree = "<group>"; };
		2B8174BC1D4F2B4400BA297C /* UITabBarController+addChildVC.m */ = {isa = PBXFileReference; fileEncoding = 4; lastKnownFileType = sourcecode.c.objc; path = "UITabBarController+addChildVC.m"; sourceTree = "<group>"; };
		2B8174BE1D4F2B4400BA297C /* UIView+Frame.h */ = {isa = PBXFileReference; fileEncoding = 4; lastKnownFileType = sourcecode.c.h; path = "UIView+Frame.h"; sourceTree = "<group>"; };
		2B8174BF1D4F2B4400BA297C /* UIView+Frame.m */ = {isa = PBXFileReference; fileEncoding = 4; lastKnownFileType = sourcecode.c.objc; path = "UIView+Frame.m"; sourceTree = "<group>"; };
		2B8174C01D4F2B4400BA297C /* UIView+Nib.h */ = {isa = PBXFileReference; fileEncoding = 4; lastKnownFileType = sourcecode.c.h; path = "UIView+Nib.h"; sourceTree = "<group>"; };
		2B8174C11D4F2B4400BA297C /* UIView+Nib.m */ = {isa = PBXFileReference; fileEncoding = 4; lastKnownFileType = sourcecode.c.objc; path = "UIView+Nib.m"; sourceTree = "<group>"; };
		2B8174C31D4F2B4400BA297C /* Define_Basic.h */ = {isa = PBXFileReference; fileEncoding = 4; lastKnownFileType = sourcecode.c.h; path = Define_Basic.h; sourceTree = "<group>"; };
		2B8174C41D4F2B4400BA297C /* Function_Basic.h */ = {isa = PBXFileReference; fileEncoding = 4; lastKnownFileType = sourcecode.c.h; path = Function_Basic.h; sourceTree = "<group>"; };
		2B8174DA1D4F2BFE00BA297C /* LPTabBarController.h */ = {isa = PBXFileReference; fileEncoding = 4; lastKnownFileType = sourcecode.c.h; path = LPTabBarController.h; sourceTree = "<group>"; };
		2B8174DB1D4F2BFE00BA297C /* LPTabBarController.m */ = {isa = PBXFileReference; fileEncoding = 4; lastKnownFileType = sourcecode.c.objc; path = LPTabBarController.m; sourceTree = "<group>"; };
		2B8174DE1D4F32BF00BA297C /* LPNavigationController.h */ = {isa = PBXFileReference; fileEncoding = 4; lastKnownFileType = sourcecode.c.h; path = LPNavigationController.h; sourceTree = "<group>"; };
		2B8174DF1D4F32BF00BA297C /* LPNavigationController.m */ = {isa = PBXFileReference; fileEncoding = 4; lastKnownFileType = sourcecode.c.objc; path = LPNavigationController.m; sourceTree = "<group>"; };
		2B8174E31D4F39A400BA297C /* TYBaseRequest.h */ = {isa = PBXFileReference; fileEncoding = 4; lastKnownFileType = sourcecode.c.h; path = TYBaseRequest.h; sourceTree = "<group>"; };
		2B8174E41D4F39A400BA297C /* TYBaseRequest.m */ = {isa = PBXFileReference; fileEncoding = 4; lastKnownFileType = sourcecode.c.objc; path = TYBaseRequest.m; sourceTree = "<group>"; };
		2B8174E51D4F39A400BA297C /* TYBatchRequest.h */ = {isa = PBXFileReference; fileEncoding = 4; lastKnownFileType = sourcecode.c.h; path = TYBatchRequest.h; sourceTree = "<group>"; };
		2B8174E61D4F39A400BA297C /* TYBatchRequest.m */ = {isa = PBXFileReference; fileEncoding = 4; lastKnownFileType = sourcecode.c.objc; path = TYBatchRequest.m; sourceTree = "<group>"; };
		2B8174E71D4F39A400BA297C /* TYChainRequest.h */ = {isa = PBXFileReference; fileEncoding = 4; lastKnownFileType = sourcecode.c.h; path = TYChainRequest.h; sourceTree = "<group>"; };
		2B8174E81D4F39A400BA297C /* TYChainRequest.m */ = {isa = PBXFileReference; fileEncoding = 4; lastKnownFileType = sourcecode.c.objc; path = TYChainRequest.m; sourceTree = "<group>"; };
		2B8174E91D4F39A400BA297C /* TYHttpManager.h */ = {isa = PBXFileReference; fileEncoding = 4; lastKnownFileType = sourcecode.c.h; path = TYHttpManager.h; sourceTree = "<group>"; };
		2B8174EA1D4F39A400BA297C /* TYHttpManager.m */ = {isa = PBXFileReference; fileEncoding = 4; lastKnownFileType = sourcecode.c.objc; path = TYHttpManager.m; sourceTree = "<group>"; };
		2B8174EB1D4F39A400BA297C /* TYHttpRequest.h */ = {isa = PBXFileReference; fileEncoding = 4; lastKnownFileType = sourcecode.c.h; path = TYHttpRequest.h; sourceTree = "<group>"; };
		2B8174EC1D4F39A400BA297C /* TYHttpRequest.m */ = {isa = PBXFileReference; fileEncoding = 4; lastKnownFileType = sourcecode.c.objc; path = TYHttpRequest.m; sourceTree = "<group>"; };
		2B8174ED1D4F39A400BA297C /* TYRequestProtocol.h */ = {isa = PBXFileReference; fileEncoding = 4; lastKnownFileType = sourcecode.c.h; path = TYRequestProtocol.h; sourceTree = "<group>"; };
		2B8174EE1D4F39A400BA297C /* TYRequstConfigure.h */ = {isa = PBXFileReference; fileEncoding = 4; lastKnownFileType = sourcecode.c.h; path = TYRequstConfigure.h; sourceTree = "<group>"; };
		2B8174EF1D4F39A400BA297C /* TYRequstConfigure.m */ = {isa = PBXFileReference; fileEncoding = 4; lastKnownFileType = sourcecode.c.objc; path = TYRequstConfigure.m; sourceTree = "<group>"; };
		2B8174F01D4F39A400BA297C /* TYResponseCache.h */ = {isa = PBXFileReference; fileEncoding = 4; lastKnownFileType = sourcecode.c.h; path = TYResponseCache.h; sourceTree = "<group>"; };
		2B8174F11D4F39A400BA297C /* TYResponseCache.m */ = {isa = PBXFileReference; fileEncoding = 4; lastKnownFileType = sourcecode.c.objc; path = TYResponseCache.m; sourceTree = "<group>"; };
		2B8174FA1D4F417300BA297C /* TYPagerController.h */ = {isa = PBXFileReference; fileEncoding = 4; lastKnownFileType = sourcecode.c.h; path = TYPagerController.h; sourceTree = "<group>"; };
		2B8174FB1D4F417300BA297C /* TYPagerController.m */ = {isa = PBXFileReference; fileEncoding = 4; lastKnownFileType = sourcecode.c.objc; path = TYPagerController.m; sourceTree = "<group>"; };
		2B8174FC1D4F417300BA297C /* TYTabButtonPagerController.h */ = {isa = PBXFileReference; fileEncoding = 4; lastKnownFileType = sourcecode.c.h; path = TYTabButtonPagerController.h; sourceTree = "<group>"; };
		2B8174FD1D4F417300BA297C /* TYTabButtonPagerController.m */ = {isa = PBXFileReference; fileEncoding = 4; lastKnownFileType = sourcecode.c.objc; path = TYTabButtonPagerController.m; sourceTree = "<group>"; };
		2B8174FE1D4F417300BA297C /* TYTabPagerController.h */ = {isa = PBXFileReference; fileEncoding = 4; lastKnownFileType = sourcecode.c.h; path = TYTabPagerController.h; sourceTree = "<group>"; };
		2B8174FF1D4F417300BA297C /* TYTabPagerController.m */ = {isa = PBXFileReference; fileEncoding = 4; lastKnownFileType = sourcecode.c.objc; path = TYTabPagerController.m; sourceTree = "<group>"; };
		2B8175001D4F417300BA297C /* TYTabTitleCellProtocol.h */ = {isa = PBXFileReference; fileEncoding = 4; lastKnownFileType = sourcecode.c.h; path = TYTabTitleCellProtocol.h; sourceTree = "<group>"; };
		2B8175011D4F417300BA297C /* TYTabTitleViewCell.h */ = {isa = PBXFileReference; fileEncoding = 4; lastKnownFileType = sourcecode.c.h; path = TYTabTitleViewCell.h; sourceTree = "<group>"; };
		2B8175021D4F417300BA297C /* TYTabTitleViewCell.m */ = {isa = PBXFileReference; fileEncoding = 4; lastKnownFileType = sourcecode.c.objc; path = TYTabTitleViewCell.m; sourceTree = "<group>"; };
		2B8A00F71D5AB5F700F04812 /* LPNewsDetailModel.h */ = {isa = PBXFileReference; fileEncoding = 4; lastKnownFileType = sourcecode.c.h; path = LPNewsDetailModel.h; sourceTree = "<group>"; };
		2B8A00F81D5AB5F700F04812 /* LPNewsDetailModel.m */ = {isa = PBXFileReference; fileEncoding = 4; lastKnownFileType = sourcecode.c.objc; path = LPNewsDetailModel.m; sourceTree = "<group>"; };
		2B8A00FA1D5AB77800F04812 /* LPNewsCommonModel.h */ = {isa = PBXFileReference; fileEncoding = 4; lastKnownFileType = sourcecode.c.h; path = LPNewsCommonModel.h; sourceTree = "<group>"; };
		2B8A00FB1D5AB77800F04812 /* LPNewsCommonModel.m */ = {isa = PBXFileReference; fileEncoding = 4; lastKnownFileType = sourcecode.c.objc; path = LPNewsCommonModel.m; sourceTree = "<group>"; };
		2B8A00FD1D5AD07200F04812 /* News.css */ = {isa = PBXFileReference; fileEncoding = 4; lastKnownFileType = text.css; path = News.css; sourceTree = "<group>"; };
		2B8A00FF1D5B2C0F00F04812 /* LPNewsTitleHeaderView.h */ = {isa = PBXFileReference; fileEncoding = 4; lastKnownFileType = sourcecode.c.h; path = LPNewsTitleHeaderView.h; sourceTree = "<group>"; };
		2B8A01001D5B2C0F00F04812 /* LPNewsTitleHeaderView.m */ = {isa = PBXFileReference; fileEncoding = 4; lastKnownFileType = sourcecode.c.objc; path = LPNewsTitleHeaderView.m; sourceTree = "<group>"; };
		2B8A01061D5B2C9200F04812 /* LPNewsTitleHeaderView.xib */ = {isa = PBXFileReference; fileEncoding = 4; lastKnownFileType = file.xib; path = LPNewsTitleHeaderView.xib; sourceTree = "<group>"; };
		2B8DA28A1D504031007FAD3D /* LovePlayNews-Prefix.pch */ = {isa = PBXFileReference; lastKnownFileType = sourcecode.c.h; path = "LovePlayNews-Prefix.pch"; sourceTree = "<group>"; };
		2B93A4431D5C0C9A0016B53F /* LPNewsBreifCellNode.h */ = {isa = PBXFileReference; fileEncoding = 4; lastKnownFileType = sourcecode.c.h; path = LPNewsBreifCellNode.h; sourceTree = "<group>"; };
		2B93A4441D5C0C9A0016B53F /* LPNewsBreifCellNode.m */ = {isa = PBXFileReference; fileEncoding = 4; lastKnownFileType = sourcecode.c.objc; path = LPNewsBreifCellNode.m; sourceTree = "<group>"; };
		2B93A44C1D5C451A0016B53F /* LPWebViewController.h */ = {isa = PBXFileReference; fileEncoding = 4; lastKnownFileType = sourcecode.c.h; path = LPWebViewController.h; sourceTree = "<group>"; };
		2B93A44D1D5C451A0016B53F /* LPWebViewController.m */ = {isa = PBXFileReference; fileEncoding = 4; lastKnownFileType = sourcecode.c.objc; path = LPWebViewController.m; sourceTree = "<group>"; };
		36DF8056EEA0B7032221AF7F /* Pods.release.xcconfig */ = {isa = PBXFileReference; includeInIndex = 1; lastKnownFileType = text.xcconfig; name = Pods.release.xcconfig; path = "Pods/Target Support Files/Pods/Pods.release.xcconfig"; sourceTree = "<group>"; };
		4A4EEAED047A0965E216D28E /* libPods.a */ = {isa = PBXFileReference; explicitFileType = archive.ar; includeInIndex = 0; path = libPods.a; sourceTree = BUILT_PRODUCTS_DIR; };
		6783DD127E52C5CADF460396 /* Pods.debug.xcconfig */ = {isa = PBXFileReference; includeInIndex = 1; lastKnownFileType = text.xcconfig; name = Pods.debug.xcconfig; path = "Pods/Target Support Files/Pods/Pods.debug.xcconfig"; sourceTree = "<group>"; };
		B0ED94B61D55FD66009B11C4 /* LPNewsDetailController.h */ = {isa = PBXFileReference; fileEncoding = 4; lastKnownFileType = sourcecode.c.h; path = LPNewsDetailController.h; sourceTree = "<group>"; };
		B0ED94B71D55FD66009B11C4 /* LPNewsDetailController.m */ = {isa = PBXFileReference; fileEncoding = 4; lastKnownFileType = sourcecode.c.objc; path = LPNewsDetailController.m; sourceTree = "<group>"; };
		B0ED94B91D5604CD009B11C4 /* LPWebCellNode.h */ = {isa = PBXFileReference; fileEncoding = 4; lastKnownFileType = sourcecode.c.h; path = LPWebCellNode.h; sourceTree = "<group>"; };
		B0ED94BA1D5604CD009B11C4 /* LPWebCellNode.m */ = {isa = PBXFileReference; fileEncoding = 4; lastKnownFileType = sourcecode.c.objc; path = LPWebCellNode.m; sourceTree = "<group>"; };
/* End PBXFileReference section */

/* Begin PBXFrameworksBuildPhase section */
		2B81741E1D4EE5A200BA297C /* Frameworks */ = {
			isa = PBXFrameworksBuildPhase;
			buildActionMask = 2147483647;
			files = (
				839FD15DECF634F4D5927990 /* libPods.a in Frameworks */,
			);
			runOnlyForDeploymentPostprocessing = 0;
		};
		2B8174371D4EE5A300BA297C /* Frameworks */ = {
			isa = PBXFrameworksBuildPhase;
			buildActionMask = 2147483647;
			files = (
			);
			runOnlyForDeploymentPostprocessing = 0;
		};
/* End PBXFrameworksBuildPhase section */

/* Begin PBXGroup section */
		29C6B71F3E3BF85FC5B20A8F /* Frameworks */ = {
			isa = PBXGroup;
			children = (
				4A4EEAED047A0965E216D28E /* libPods.a */,
			);
			name = Frameworks;
			sourceTree = "<group>";
		};
		2B00561F1D5418A900DDA531 /* JPFPSStatus */ = {
			isa = PBXGroup;
			children = (
				2B0056201D5418A900DDA531 /* JPFPSStatus.h */,
				2B0056211D5418A900DDA531 /* JPFPSStatus.m */,
			);
			path = JPFPSStatus;
			sourceTree = "<group>";
		};
		2B00AC811D517B580048B5C2 /* TYJSONModel */ = {
			isa = PBXGroup;
			children = (
				2B00AC821D517B580048B5C2 /* NSObject+TYJSONModel.h */,
				2B00AC831D517B580048B5C2 /* NSObject+TYJSONModel.m */,
				2B00AC841D517B580048B5C2 /* TYClassInfo.h */,
				2B00AC851D517B580048B5C2 /* TYClassInfo.m */,
				2B00AC861D517B580048B5C2 /* TYJSONModel.h */,
				2B00AC871D517B580048B5C2 /* TYPropertyInfo.h */,
				2B00AC881D517B580048B5C2 /* TYPropertyInfo.m */,
			);
			path = TYJSONModel;
			sourceTree = "<group>";
		};
		2B00AC941D517CF90048B5C2 /* Controller */ = {
			isa = PBXGroup;
			children = (
				2B00AC971D517CF90048B5C2 /* LPPagerViewController.h */,
				2B00AC981D517CF90048B5C2 /* LPPagerViewController.m */,
				2B00AC951D517CF90048B5C2 /* LPNewsListController.h */,
				2B00AC961D517CF90048B5C2 /* LPNewsListController.m */,
				B0ED94B61D55FD66009B11C4 /* LPNewsDetailController.h */,
				B0ED94B71D55FD66009B11C4 /* LPNewsDetailController.m */,
			);
			path = Controller;
			sourceTree = "<group>";
		};
		2B00AC991D517CF90048B5C2 /* Model */ = {
			isa = PBXGroup;
			children = (
				2B00AC9D1D517D2A0048B5C2 /* LPNewsInfoModel.h */,
				2B00AC9E1D517D2A0048B5C2 /* LPNewsInfoModel.m */,
				2B8A00F71D5AB5F700F04812 /* LPNewsDetailModel.h */,
				2B8A00F81D5AB5F700F04812 /* LPNewsDetailModel.m */,
				2B8A00FA1D5AB77800F04812 /* LPNewsCommonModel.h */,
				2B8A00FB1D5AB77800F04812 /* LPNewsCommonModel.m */,
			);
			path = Model;
			sourceTree = "<group>";
		};
		2B00AC9A1D517CF90048B5C2 /* View */ = {
			isa = PBXGroup;
			children = (
				2B50AB311D5DCB1C00FB77AE /* LPNewsBaseCellNode.h */,
				2B50AB321D5DCB1C00FB77AE /* LPNewsBaseCellNode.m */,
				2B57C5801D534F9300F436DE /* LPNewsCellNode.h */,
				2B57C5811D534F9300F436DE /* LPNewsCellNode.m */,
				2B50AB2D1D5DCA9000FB77AE /* LPNewsImageCellNode.h */,
				2B50AB2E1D5DCA9000FB77AE /* LPNewsImageCellNode.m */,
				2B93A4431D5C0C9A0016B53F /* LPNewsBreifCellNode.h */,
				2B93A4441D5C0C9A0016B53F /* LPNewsBreifCellNode.m */,
				B0ED94B91D5604CD009B11C4 /* LPWebCellNode.h */,
				B0ED94BA1D5604CD009B11C4 /* LPWebCellNode.m */,
				2B50AB2A1D5D5C5C00FB77AE /* LPNewsCommentCellNode.h */,
				2B50AB2B1D5D5C5C00FB77AE /* LPNewsCommentCellNode.m */,
				2B8A00FF1D5B2C0F00F04812 /* LPNewsTitleHeaderView.h */,
				2B8A01001D5B2C0F00F04812 /* LPNewsTitleHeaderView.m */,
				2B8A01061D5B2C9200F04812 /* LPNewsTitleHeaderView.xib */,
				2B3913EF1D5C7D510068B1D8 /* LPNewsTitleSectionView.h */,
				2B3913F01D5C7D510068B1D8 /* LPNewsTitleSectionView.m */,
			);
			path = View;
			sourceTree = "<group>";
		};
		2B00ACA01D517E5E0048B5C2 /* NetWorking */ = {
			isa = PBXGroup;
			children = (
				2B00ACA81D517EAD0048B5C2 /* Base */,
				2B00ACA71D517E900048B5C2 /* News */,
			);
			path = NetWorking;
			sourceTree = "<group>";
		};
		2B00ACA71D517E900048B5C2 /* News */ = {
			isa = PBXGroup;
			children = (
				2B00ACB11D51AB230048B5C2 /* LPNewsRequestOperation.h */,
				2B00ACB21D51AB230048B5C2 /* LPNewsRequestOperation.m */,
			);
			name = News;
			sourceTree = "<group>";
		};
		2B00ACA81D517EAD0048B5C2 /* Base */ = {
			isa = PBXGroup;
			children = (
				2B00ACA91D517FC30048B5C2 /* LPRequestURLInfo.h */,
				2B00ACA11D517E5E0048B5C2 /* LPHttpRequest.h */,
				2B00ACA21D517E5E0048B5C2 /* LPHttpRequest.m */,
				2B00ACA31D517E5E0048B5C2 /* TYResponseObject.h */,
				2B00ACA41D517E5E0048B5C2 /* TYResponseObject.m */,
			);
			name = Base;
			sourceTree = "<group>";
		};
		2B57C57A1D53293A00F436DE /* MBProgressHUD+MJ */ = {
			isa = PBXGroup;
			children = (
				2B57C57B1D53293A00F436DE /* MBProgressHUD+MJ.h */,
				2B57C57C1D53293A00F436DE /* MBProgressHUD+MJ.m */,
				2B57C57D1D53293A00F436DE /* MBProgressHUD.bundle */,
			);
			path = "MBProgressHUD+MJ";
			sourceTree = "<group>";
		};
		2B8174181D4EE5A200BA297C = {
			isa = PBXGroup;
			children = (
				2B8174231D4EE5A200BA297C /* LovePlayNews */,
				2B81743D1D4EE5A300BA297C /* LovePlayNewsTests */,
				2B8174221D4EE5A200BA297C /* Products */,
				E4B6DB557612E44BF1E31BF1 /* Pods */,
				29C6B71F3E3BF85FC5B20A8F /* Frameworks */,
			);
			sourceTree = "<group>";
		};
		2B8174221D4EE5A200BA297C /* Products */ = {
			isa = PBXGroup;
			children = (
				2B8174211D4EE5A200BA297C /* LovePlayNews.app */,
				2B81743A1D4EE5A300BA297C /* LovePlayNewsTests.xctest */,
			);
			name = Products;
			sourceTree = "<group>";
		};
		2B8174231D4EE5A200BA297C /* LovePlayNews */ = {
			isa = PBXGroup;
			children = (
				2B81744C1D4EF8ED00BA297C /* Modeuls */,
				2B8174971D4F2B4400BA297C /* Foundation */,
				2B00ACA01D517E5E0048B5C2 /* NetWorking */,
				2B81744D1D4EF90D00BA297C /* Vender */,
				2B8174271D4EE5A200BA297C /* AppDelegate.h */,
				2B8174281D4EE5A200BA297C /* AppDelegate.m */,
				2B81742A1D4EE5A200BA297C /* ViewController.h */,
				2B81742B1D4EE5A200BA297C /* ViewController.m */,
				2B8174301D4EE5A200BA297C /* Assets.xcassets */,
				2B8DA28A1D504031007FAD3D /* LovePlayNews-Prefix.pch */,
				2B8A00FD1D5AD07200F04812 /* News.css */,
				2B8174351D4EE5A300BA297C /* Info.plist */,
				2B0056231D54392200DDA531 /* NewsInfo.plist */,
				2B8174241D4EE5A200BA297C /* Supporting Files */,
			);
			path = LovePlayNews;
			sourceTree = "<group>";
		};
		2B8174241D4EE5A200BA297C /* Supporting Files */ = {
			isa = PBXGroup;
			children = (
				2B8174251D4EE5A200BA297C /* main.m */,
			);
			name = "Supporting Files";
			sourceTree = "<group>";
		};
		2B81743D1D4EE5A300BA297C /* LovePlayNewsTests */ = {
			isa = PBXGroup;
			children = (
				2B81743E1D4EE5A300BA297C /* LovePlayNewsTests.m */,
				2B8174401D4EE5A300BA297C /* Info.plist */,
			);
			path = LovePlayNewsTests;
			sourceTree = "<group>";
		};
		2B81744C1D4EF8ED00BA297C /* Modeuls */ = {
			isa = PBXGroup;
			children = (
				2B8174531D4EFA9100BA297C /* Main */,
				2B8174511D4EF9F800BA297C /* News */,
				2B8174DD1D4F315300BA297C /* Recommend */,
				2B8174521D4EF9F800BA297C /* Zone */,
				2B8174501D4EF9F800BA297C /* MIne */,
				2B93A44A1D5C44B20016B53F /* Common */,
			);
			path = Modeuls;
			sourceTree = "<group>";
		};
		2B81744D1D4EF90D00BA297C /* Vender */ = {
			isa = PBXGroup;
			children = (
				2B00561F1D5418A900DDA531 /* JPFPSStatus */,
				2B57C57A1D53293A00F436DE /* MBProgressHUD+MJ */,
				2B00AC811D517B580048B5C2 /* TYJSONModel */,
				2B8174F91D4F417300BA297C /* TYPagerController */,
				2B8174E21D4F39A400BA297C /* TYHttpManager */,
			);
			path = Vender;
			sourceTree = "<group>";
		};
		2B8174501D4EF9F800BA297C /* MIne */ = {
			isa = PBXGroup;
			children = (
			);
			path = MIne;
			sourceTree = "<group>";
		};
		2B8174511D4EF9F800BA297C /* News */ = {
			isa = PBXGroup;
			children = (
				2B00AC941D517CF90048B5C2 /* Controller */,
				2B00AC991D517CF90048B5C2 /* Model */,
				2B00AC9A1D517CF90048B5C2 /* View */,
			);
			path = News;
			sourceTree = "<group>";
		};
		2B8174521D4EF9F800BA297C /* Zone */ = {
			isa = PBXGroup;
			children = (
			);
			path = Zone;
			sourceTree = "<group>";
		};
		2B8174531D4EFA9100BA297C /* Main */ = {
			isa = PBXGroup;
			children = (
				2B8174541D4F2A2400BA297C /* Controller */,
			);
			path = Main;
			sourceTree = "<group>";
		};
		2B8174541D4F2A2400BA297C /* Controller */ = {
			isa = PBXGroup;
			children = (
				2B8174DA1D4F2BFE00BA297C /* LPTabBarController.h */,
				2B8174DB1D4F2BFE00BA297C /* LPTabBarController.m */,
				2B8174DE1D4F32BF00BA297C /* LPNavigationController.h */,
				2B8174DF1D4F32BF00BA297C /* LPNavigationController.m */,
			);
			name = Controller;
			sourceTree = "<group>";
		};
		2B8174971D4F2B4400BA297C /* Foundation */ = {
			isa = PBXGroup;
			children = (
				2B8174981D4F2B4400BA297C /* Category */,
				2B8174C21D4F2B4400BA297C /* Header */,
				2B8174C51D4F2B4400BA297C /* Tool */,
			);
			path = Foundation;
			sourceTree = "<group>";
		};
		2B8174981D4F2B4400BA297C /* Category */ = {
			isa = PBXGroup;
			children = (
				2B8174991D4F2B4400BA297C /* NSDate */,
				2B8174A01D4F2B4400BA297C /* NSString */,
				2B8174AB1D4F2B4400BA297C /* UIBarButtonItem */,
				2B8174AE1D4F2B4400BA297C /* UIColor */,
				2B8174B11D4F2B4400BA297C /* UIImage */,
				2B8174BA1D4F2B4400BA297C /* UITabBarController */,
				2B8174BD1D4F2B4400BA297C /* UIView */,
			);
			path = Category;
			sourceTree = "<group>";
		};
		2B8174991D4F2B4400BA297C /* NSDate */ = {
			isa = PBXGroup;
			children = (
				2B81749A1D4F2B4400BA297C /* NSData+Base64.h */,
				2B81749B1D4F2B4400BA297C /* NSData+Base64.m */,
				2B81749C1D4F2B4400BA297C /* NSData+Encrypt.h */,
				2B81749D1D4F2B4400BA297C /* NSData+Encrypt.m */,
				2B81749E1D4F2B4400BA297C /* NSDate+Compare.h */,
				2B81749F1D4F2B4400BA297C /* NSDate+Compare.m */,
			);
			path = NSDate;
			sourceTree = "<group>";
		};
		2B8174A01D4F2B4400BA297C /* NSString */ = {
			isa = PBXGroup;
			children = (
				2B8174A11D4F2B4400BA297C /* NSString+Base64.h */,
				2B8174A21D4F2B4400BA297C /* NSString+Base64.m */,
				2B8174A31D4F2B4400BA297C /* NSString+Encrypt.h */,
				2B8174A41D4F2B4400BA297C /* NSString+Encrypt.m */,
				2B8174A51D4F2B4400BA297C /* NSString+MD5.h */,
				2B8174A61D4F2B4400BA297C /* NSString+MD5.m */,
				2B8174A71D4F2B4400BA297C /* NSString+Pinyin.h */,
				2B8174A81D4F2B4400BA297C /* NSString+Pinyin.m */,
				2B8174A91D4F2B4400BA297C /* NSString+Size.h */,
				2B8174AA1D4F2B4400BA297C /* NSString+Size.m */,
			);
			path = NSString;
			sourceTree = "<group>";
		};
		2B8174AB1D4F2B4400BA297C /* UIBarButtonItem */ = {
			isa = PBXGroup;
			children = (
				2B8174AC1D4F2B4400BA297C /* UIBarButtonItem+Item.h */,
				2B8174AD1D4F2B4400BA297C /* UIBarButtonItem+Item.m */,
			);
			path = UIBarButtonItem;
			sourceTree = "<group>";
		};
		2B8174AE1D4F2B4400BA297C /* UIColor */ = {
			isa = PBXGroup;
			children = (
				2B8174AF1D4F2B4400BA297C /* UIColor+Hex.h */,
				2B8174B01D4F2B4400BA297C /* UIColor+Hex.m */,
			);
			path = UIColor;
			sourceTree = "<group>";
		};
		2B8174B11D4F2B4400BA297C /* UIImage */ = {
			isa = PBXGroup;
			children = (
				2B8174B21D4F2B4400BA297C /* UIImage+Clip.h */,
				2B8174B31D4F2B4400BA297C /* UIImage+Clip.m */,
				2B8174B41D4F2B4400BA297C /* UIImage+Color.h */,
				2B8174B51D4F2B4400BA297C /* UIImage+Color.m */,
				2B8174B61D4F2B4400BA297C /* UIImage+Size.h */,
				2B8174B71D4F2B4400BA297C /* UIImage+Size.m */,
				2B8174B81D4F2B4400BA297C /* UIImage+Snap.h */,
				2B8174B91D4F2B4400BA297C /* UIImage+Snap.m */,
			);
			path = UIImage;
			sourceTree = "<group>";
		};
		2B8174BA1D4F2B4400BA297C /* UITabBarController */ = {
			isa = PBXGroup;
			children = (
				2B8174BB1D4F2B4400BA297C /* UITabBarController+AddChildVC.h */,
				2B8174BC1D4F2B4400BA297C /* UITabBarController+addChildVC.m */,
			);
			path = UITabBarController;
			sourceTree = "<group>";
		};
		2B8174BD1D4F2B4400BA297C /* UIView */ = {
			isa = PBXGroup;
			children = (
				2B8174BE1D4F2B4400BA297C /* UIView+Frame.h */,
				2B8174BF1D4F2B4400BA297C /* UIView+Frame.m */,
				2B8174C01D4F2B4400BA297C /* UIView+Nib.h */,
				2B8174C11D4F2B4400BA297C /* UIView+Nib.m */,
			);
			path = UIView;
			sourceTree = "<group>";
		};
		2B8174C21D4F2B4400BA297C /* Header */ = {
			isa = PBXGroup;
			children = (
				2B8174C31D4F2B4400BA297C /* Define_Basic.h */,
				2B8174C41D4F2B4400BA297C /* Function_Basic.h */,
			);
			path = Header;
			sourceTree = "<group>";
		};
		2B8174C51D4F2B4400BA297C /* Tool */ = {
			isa = PBXGroup;
			children = (
			);
			path = Tool;
			sourceTree = "<group>";
		};
		2B8174DD1D4F315300BA297C /* Recommend */ = {
			isa = PBXGroup;
			children = (
			);
			path = Recommend;
			sourceTree = "<group>";
		};
		2B8174E21D4F39A400BA297C /* TYHttpManager */ = {
			isa = PBXGroup;
			children = (
				2B8174E31D4F39A400BA297C /* TYBaseRequest.h */,
				2B8174E41D4F39A400BA297C /* TYBaseRequest.m */,
				2B8174E51D4F39A400BA297C /* TYBatchRequest.h */,
				2B8174E61D4F39A400BA297C /* TYBatchRequest.m */,
				2B8174E71D4F39A400BA297C /* TYChainRequest.h */,
				2B8174E81D4F39A400BA297C /* TYChainRequest.m */,
				2B8174E91D4F39A400BA297C /* TYHttpManager.h */,
				2B8174EA1D4F39A400BA297C /* TYHttpManager.m */,
				2B8174EB1D4F39A400BA297C /* TYHttpRequest.h */,
				2B8174EC1D4F39A400BA297C /* TYHttpRequest.m */,
				2B8174ED1D4F39A400BA297C /* TYRequestProtocol.h */,
				2B8174EE1D4F39A400BA297C /* TYRequstConfigure.h */,
				2B8174EF1D4F39A400BA297C /* TYRequstConfigure.m */,
				2B8174F01D4F39A400BA297C /* TYResponseCache.h */,
				2B8174F11D4F39A400BA297C /* TYResponseCache.m */,
			);
			path = TYHttpManager;
			sourceTree = "<group>";
		};
		2B8174F91D4F417300BA297C /* TYPagerController */ = {
			isa = PBXGroup;
			children = (
				2B8174FA1D4F417300BA297C /* TYPagerController.h */,
				2B8174FB1D4F417300BA297C /* TYPagerController.m */,
				2B8174FC1D4F417300BA297C /* TYTabButtonPagerController.h */,
				2B8174FD1D4F417300BA297C /* TYTabButtonPagerController.m */,
				2B8174FE1D4F417300BA297C /* TYTabPagerController.h */,
				2B8174FF1D4F417300BA297C /* TYTabPagerController.m */,
				2B8175001D4F417300BA297C /* TYTabTitleCellProtocol.h */,
				2B8175011D4F417300BA297C /* TYTabTitleViewCell.h */,
				2B8175021D4F417300BA297C /* TYTabTitleViewCell.m */,
			);
			path = TYPagerController;
			sourceTree = "<group>";
		};
		2B93A44A1D5C44B20016B53F /* Common */ = {
			isa = PBXGroup;
			children = (
				2B93A44B1D5C451A0016B53F /* Controller */,
			);
			path = Common;
			sourceTree = "<group>";
		};
		2B93A44B1D5C451A0016B53F /* Controller */ = {
			isa = PBXGroup;
			children = (
				2B93A44C1D5C451A0016B53F /* LPWebViewController.h */,
				2B93A44D1D5C451A0016B53F /* LPWebViewController.m */,
			);
			name = Controller;
			path = controller;
			sourceTree = "<group>";
		};
		E4B6DB557612E44BF1E31BF1 /* Pods */ = {
			isa = PBXGroup;
			children = (
				6783DD127E52C5CADF460396 /* Pods.debug.xcconfig */,
				36DF8056EEA0B7032221AF7F /* Pods.release.xcconfig */,
			);
			name = Pods;
			sourceTree = "<group>";
		};
/* End PBXGroup section */

/* Begin PBXNativeTarget section */
		2B8174201D4EE5A200BA297C /* LovePlayNews */ = {
			isa = PBXNativeTarget;
			buildConfigurationList = 2B8174431D4EE5A300BA297C /* Build configuration list for PBXNativeTarget "LovePlayNews" */;
			buildPhases = (
				AFF53E26BB1AA41926B60624 /* Check Pods Manifest.lock */,
				2B81741D1D4EE5A200BA297C /* Sources */,
				2B81741E1D4EE5A200BA297C /* Frameworks */,
				2B81741F1D4EE5A200BA297C /* Resources */,
				DF2B219DB35FF33C5F29F04E /* Embed Pods Frameworks */,
				2AE425F61CE479E8F2370781 /* Copy Pods Resources */,
			);
			buildRules = (
			);
			dependencies = (
			);
			name = LovePlayNews;
			productName = LovePlayNews;
			productReference = 2B8174211D4EE5A200BA297C /* LovePlayNews.app */;
			productType = "com.apple.product-type.application";
		};
		2B8174391D4EE5A300BA297C /* LovePlayNewsTests */ = {
			isa = PBXNativeTarget;
			buildConfigurationList = 2B8174461D4EE5A300BA297C /* Build configuration list for PBXNativeTarget "LovePlayNewsTests" */;
			buildPhases = (
				2B8174361D4EE5A300BA297C /* Sources */,
				2B8174371D4EE5A300BA297C /* Frameworks */,
				2B8174381D4EE5A300BA297C /* Resources */,
			);
			buildRules = (
			);
			dependencies = (
				2B81743C1D4EE5A300BA297C /* PBXTargetDependency */,
			);
			name = LovePlayNewsTests;
			productName = LovePlayNewsTests;
			productReference = 2B81743A1D4EE5A300BA297C /* LovePlayNewsTests.xctest */;
			productType = "com.apple.product-type.bundle.unit-test";
		};
/* End PBXNativeTarget section */

/* Begin PBXProject section */
		2B8174191D4EE5A200BA297C /* Project object */ = {
			isa = PBXProject;
			attributes = {
				CLASSPREFIX = LP;
				LastUpgradeCheck = 0730;
				ORGANIZATIONNAME = tany;
				TargetAttributes = {
					2B8174201D4EE5A200BA297C = {
						CreatedOnToolsVersion = 7.3.1;
						DevelopmentTeam = ZW52Q3KXX4;
					};
					2B8174391D4EE5A300BA297C = {
						CreatedOnToolsVersion = 7.3.1;
						TestTargetID = 2B8174201D4EE5A200BA297C;
					};
				};
			};
			buildConfigurationList = 2B81741C1D4EE5A200BA297C /* Build configuration list for PBXProject "LovePlayNews" */;
			compatibilityVersion = "Xcode 3.2";
			developmentRegion = English;
			hasScannedForEncodings = 0;
			knownRegions = (
				en,
				Base,
			);
			mainGroup = 2B8174181D4EE5A200BA297C;
			productRefGroup = 2B8174221D4EE5A200BA297C /* Products */;
			projectDirPath = "";
			projectRoot = "";
			targets = (
				2B8174201D4EE5A200BA297C /* LovePlayNews */,
				2B8174391D4EE5A300BA297C /* LovePlayNewsTests */,
			);
		};
/* End PBXProject section */

/* Begin PBXResourcesBuildPhase section */
		2B81741F1D4EE5A200BA297C /* Resources */ = {
			isa = PBXResourcesBuildPhase;
			buildActionMask = 2147483647;
			files = (
				2B8A00FE1D5AD07200F04812 /* News.css in Resources */,
				2B8174311D4EE5A200BA297C /* Assets.xcassets in Resources */,
				2B57C57F1D53293A00F436DE /* MBProgressHUD.bundle in Resources */,
				2B0056241D54392200DDA531 /* NewsInfo.plist in Resources */,
				2B8A01071D5B2C9200F04812 /* LPNewsTitleHeaderView.xib in Resources */,
			);
			runOnlyForDeploymentPostprocessing = 0;
		};
		2B8174381D4EE5A300BA297C /* Resources */ = {
			isa = PBXResourcesBuildPhase;
			buildActionMask = 2147483647;
			files = (
			);
			runOnlyForDeploymentPostprocessing = 0;
		};
/* End PBXResourcesBuildPhase section */

/* Begin PBXShellScriptBuildPhase section */
		2AE425F61CE479E8F2370781 /* Copy Pods Resources */ = {
			isa = PBXShellScriptBuildPhase;
			buildActionMask = 2147483647;
			files = (
			);
			inputPaths = (
			);
			name = "Copy Pods Resources";
			outputPaths = (
			);
			runOnlyForDeploymentPostprocessing = 0;
			shellPath = /bin/sh;
			shellScript = "\"${SRCROOT}/Pods/Target Support Files/Pods/Pods-resources.sh\"\n";
			showEnvVarsInLog = 0;
		};
		AFF53E26BB1AA41926B60624 /* Check Pods Manifest.lock */ = {
			isa = PBXShellScriptBuildPhase;
			buildActionMask = 2147483647;
			files = (
			);
			inputPaths = (
			);
			name = "Check Pods Manifest.lock";
			outputPaths = (
			);
			runOnlyForDeploymentPostprocessing = 0;
			shellPath = /bin/sh;
			shellScript = "diff \"${PODS_ROOT}/../Podfile.lock\" \"${PODS_ROOT}/Manifest.lock\" > /dev/null\nif [[ $? != 0 ]] ; then\n    cat << EOM\nerror: The sandbox is not in sync with the Podfile.lock. Run 'pod install' or update your CocoaPods installation.\nEOM\n    exit 1\nfi\n";
			showEnvVarsInLog = 0;
		};
		DF2B219DB35FF33C5F29F04E /* Embed Pods Frameworks */ = {
			isa = PBXShellScriptBuildPhase;
			buildActionMask = 2147483647;
			files = (
			);
			inputPaths = (
			);
			name = "Embed Pods Frameworks";
			outputPaths = (
			);
			runOnlyForDeploymentPostprocessing = 0;
			shellPath = /bin/sh;
			shellScript = "\"${SRCROOT}/Pods/Target Support Files/Pods/Pods-frameworks.sh\"\n";
			showEnvVarsInLog = 0;
		};
/* End PBXShellScriptBuildPhase section */

/* Begin PBXSourcesBuildPhase section */
		2B81741D1D4EE5A200BA297C /* Sources */ = {
			isa = PBXSourcesBuildPhase;
			buildActionMask = 2147483647;
			files = (
				2B8174D21D4F2B4400BA297C /* UIImage+Size.m in Sources */,
				2B8174D41D4F2B4400BA297C /* UITabBarController+addChildVC.m in Sources */,
				2B93A4451D5C0C9A0016B53F /* LPNewsBreifCellNode.m in Sources */,
				2B8A00FC1D5AB77800F04812 /* LPNewsCommonModel.m in Sources */,
				2B57C57E1D53293A00F436DE /* MBProgressHUD+MJ.m in Sources */,
				2B00ACA51D517E5E0048B5C2 /* LPHttpRequest.m in Sources */,
				2B00AC9F1D517D2A0048B5C2 /* LPNewsInfoModel.m in Sources */,
				2B00AC9C1D517CF90048B5C2 /* LPPagerViewController.m in Sources */,
				2B8A01011D5B2C0F00F04812 /* LPNewsTitleHeaderView.m in Sources */,
				2B8174CC1D4F2B4400BA297C /* NSString+Pinyin.m in Sources */,
				2B8174F31D4F39A400BA297C /* TYBatchRequest.m in Sources */,
				2B8174E01D4F32BF00BA297C /* LPNavigationController.m in Sources */,
				2B00AC8A1D517B580048B5C2 /* TYClassInfo.m in Sources */,
				2B93A44E1D5C451A0016B53F /* LPWebViewController.m in Sources */,
				2B8174D01D4F2B4400BA297C /* UIImage+Clip.m in Sources */,
				2B8A00F91D5AB5F700F04812 /* LPNewsDetailModel.m in Sources */,
				B0ED94B81D55FD66009B11C4 /* LPNewsDetailController.m in Sources */,
				2B8174DC1D4F2BFE00BA297C /* LPTabBarController.m in Sources */,
				2B3913F11D5C7D510068B1D8 /* LPNewsTitleSectionView.m in Sources */,
				2B8174F61D4F39A400BA297C /* TYHttpRequest.m in Sources */,
				2B8175051D4F417300BA297C /* TYTabPagerController.m in Sources */,
				2B57C5821D534F9300F436DE /* LPNewsCellNode.m in Sources */,
				2B8174CE1D4F2B4400BA297C /* UIBarButtonItem+Item.m in Sources */,
				2B8174C71D4F2B4400BA297C /* NSData+Encrypt.m in Sources */,
				2B8174F41D4F39A400BA297C /* TYChainRequest.m in Sources */,
				2B50AB331D5DCB1C00FB77AE /* LPNewsBaseCellNode.m in Sources */,
				2B8174F21D4F39A400BA297C /* TYBaseRequest.m in Sources */,
				2B81742C1D4EE5A200BA297C /* ViewController.m in Sources */,
				2B00ACA61D517E5E0048B5C2 /* TYResponseObject.m in Sources */,
				2B8174CD1D4F2B4400BA297C /* NSString+Size.m in Sources */,
				B0ED94BB1D5604CD009B11C4 /* LPWebCellNode.m in Sources */,
				2B8175031D4F417300BA297C /* TYPagerController.m in Sources */,
				2B0056221D5418A900DDA531 /* JPFPSStatus.m in Sources */,
				2B00AC891D517B580048B5C2 /* NSObject+TYJSONModel.m in Sources */,
				2B8174C61D4F2B4400BA297C /* NSData+Base64.m in Sources */,
				2B8174F51D4F39A400BA297C /* TYHttpManager.m in Sources */,
				2B00AC9B1D517CF90048B5C2 /* LPNewsListController.m in Sources */,
				2B8174D31D4F2B4400BA297C /* UIImage+Snap.m in Sources */,
				2B8174F71D4F39A400BA297C /* TYRequstConfigure.m in Sources */,
				2B8175061D4F417300BA297C /* TYTabTitleViewCell.m in Sources */,
				2B8174D51D4F2B4400BA297C /* UIView+Frame.m in Sources */,
				2B8175041D4F417300BA297C /* TYTabButtonPagerController.m in Sources */,
				2B8174CB1D4F2B4400BA297C /* NSString+MD5.m in Sources */,
				2B8174D61D4F2B4400BA297C /* UIView+Nib.m in Sources */,
				2B8174291D4EE5A200BA297C /* AppDelegate.m in Sources */,
				2B50AB2C1D5D5C5C00FB77AE /* LPNewsCommentCellNode.m in Sources */,
				2B8174F81D4F39A400BA297C /* TYResponseCache.m in Sources */,
				2B8174C81D4F2B4400BA297C /* NSDate+Compare.m in Sources */,
				2B8174CA1D4F2B4400BA297C /* NSString+Encrypt.m in Sources */,
				2B00ACB31D51AB230048B5C2 /* LPNewsRequestOperation.m in Sources */,
				2B8174261D4EE5A200BA297C /* main.m in Sources */,
				2B8174D11D4F2B4400BA297C /* UIImage+Color.m in Sources */,
				2B00AC8B1D517B580048B5C2 /* TYPropertyInfo.m in Sources */,
				2B50AB2F1D5DCA9000FB77AE /* LPNewsImageCellNode.m in Sources */,
				2B8174C91D4F2B4400BA297C /* NSString+Base64.m in Sources */,
				2B8174CF1D4F2B4400BA297C /* UIColor+Hex.m in Sources */,
			);
			runOnlyForDeploymentPostprocessing = 0;
		};
		2B8174361D4EE5A300BA297C /* Sources */ = {
			isa = PBXSourcesBuildPhase;
			buildActionMask = 2147483647;
			files = (
				2B81743F1D4EE5A300BA297C /* LovePlayNewsTests.m in Sources */,
			);
			runOnlyForDeploymentPostprocessing = 0;
		};
/* End PBXSourcesBuildPhase section */

/* Begin PBXTargetDependency section */
		2B81743C1D4EE5A300BA297C /* PBXTargetDependency */ = {
			isa = PBXTargetDependency;
			target = 2B8174201D4EE5A200BA297C /* LovePlayNews */;
			targetProxy = 2B81743B1D4EE5A300BA297C /* PBXContainerItemProxy */;
		};
/* End PBXTargetDependency section */

/* Begin XCBuildConfiguration section */
		2B8174411D4EE5A300BA297C /* Debug */ = {
			isa = XCBuildConfiguration;
			buildSettings = {
				ALWAYS_SEARCH_USER_PATHS = NO;
				CLANG_ANALYZER_NONNULL = YES;
				CLANG_CXX_LANGUAGE_STANDARD = "gnu++0x";
				CLANG_CXX_LIBRARY = "libc++";
				CLANG_ENABLE_MODULES = YES;
				CLANG_ENABLE_OBJC_ARC = YES;
				CLANG_WARN_BOOL_CONVERSION = YES;
				CLANG_WARN_CONSTANT_CONVERSION = YES;
				CLANG_WARN_DIRECT_OBJC_ISA_USAGE = YES_ERROR;
				CLANG_WARN_EMPTY_BODY = YES;
				CLANG_WARN_ENUM_CONVERSION = YES;
				CLANG_WARN_INT_CONVERSION = YES;
				CLANG_WARN_OBJC_ROOT_CLASS = YES_ERROR;
				CLANG_WARN_UNREACHABLE_CODE = YES;
				CLANG_WARN__DUPLICATE_METHOD_MATCH = YES;
				"CODE_SIGN_IDENTITY[sdk=iphoneos*]" = "iPhone Developer";
				COPY_PHASE_STRIP = NO;
				DEBUG_INFORMATION_FORMAT = dwarf;
				ENABLE_STRICT_OBJC_MSGSEND = YES;
				ENABLE_TESTABILITY = YES;
				GCC_C_LANGUAGE_STANDARD = gnu99;
				GCC_DYNAMIC_NO_PIC = NO;
				GCC_NO_COMMON_BLOCKS = YES;
				GCC_OPTIMIZATION_LEVEL = 0;
				GCC_PREPROCESSOR_DEFINITIONS = (
					"DEBUG=1",
					"$(inherited)",
				);
				GCC_WARN_64_TO_32_BIT_CONVERSION = YES;
				GCC_WARN_ABOUT_RETURN_TYPE = YES_ERROR;
				GCC_WARN_UNDECLARED_SELECTOR = YES;
				GCC_WARN_UNINITIALIZED_AUTOS = YES_AGGRESSIVE;
				GCC_WARN_UNUSED_FUNCTION = YES;
				GCC_WARN_UNUSED_VARIABLE = YES;
				IPHONEOS_DEPLOYMENT_TARGET = 8.0;
				MTL_ENABLE_DEBUG_INFO = YES;
				ONLY_ACTIVE_ARCH = YES;
				SDKROOT = iphoneos;
				TARGETED_DEVICE_FAMILY = "1,2";
			};
			name = Debug;
		};
		2B8174421D4EE5A300BA297C /* Release */ = {
			isa = XCBuildConfiguration;
			buildSettings = {
				ALWAYS_SEARCH_USER_PATHS = NO;
				CLANG_ANALYZER_NONNULL = YES;
				CLANG_CXX_LANGUAGE_STANDARD = "gnu++0x";
				CLANG_CXX_LIBRARY = "libc++";
				CLANG_ENABLE_MODULES = YES;
				CLANG_ENABLE_OBJC_ARC = YES;
				CLANG_WARN_BOOL_CONVERSION = YES;
				CLANG_WARN_CONSTANT_CONVERSION = YES;
				CLANG_WARN_DIRECT_OBJC_ISA_USAGE = YES_ERROR;
				CLANG_WARN_EMPTY_BODY = YES;
				CLANG_WARN_ENUM_CONVERSION = YES;
				CLANG_WARN_INT_CONVERSION = YES;
				CLANG_WARN_OBJC_ROOT_CLASS = YES_ERROR;
				CLANG_WARN_UNREACHABLE_CODE = YES;
				CLANG_WARN__DUPLICATE_METHOD_MATCH = YES;
				"CODE_SIGN_IDENTITY[sdk=iphoneos*]" = "iPhone Developer";
				COPY_PHASE_STRIP = NO;
				DEBUG_INFORMATION_FORMAT = "dwarf-with-dsym";
				ENABLE_NS_ASSERTIONS = NO;
				ENABLE_STRICT_OBJC_MSGSEND = YES;
				GCC_C_LANGUAGE_STANDARD = gnu99;
				GCC_NO_COMMON_BLOCKS = YES;
				GCC_WARN_64_TO_32_BIT_CONVERSION = YES;
				GCC_WARN_ABOUT_RETURN_TYPE = YES_ERROR;
				GCC_WARN_UNDECLARED_SELECTOR = YES;
				GCC_WARN_UNINITIALIZED_AUTOS = YES_AGGRESSIVE;
				GCC_WARN_UNUSED_FUNCTION = YES;
				GCC_WARN_UNUSED_VARIABLE = YES;
				IPHONEOS_DEPLOYMENT_TARGET = 8.0;
				MTL_ENABLE_DEBUG_INFO = NO;
				SDKROOT = iphoneos;
				TARGETED_DEVICE_FAMILY = "1,2";
				VALIDATE_PRODUCT = YES;
			};
			name = Release;
		};
		2B8174441D4EE5A300BA297C /* Debug */ = {
			isa = XCBuildConfiguration;
			baseConfigurationReference = 6783DD127E52C5CADF460396 /* Pods.debug.xcconfig */;
			buildSettings = {
				ASSETCATALOG_COMPILER_APPICON_NAME = AppIcon;
				ASSETCATALOG_COMPILER_LAUNCHIMAGE_NAME = LaunchImage;
				CODE_SIGN_IDENTITY = "iPhone Developer";
				"CODE_SIGN_IDENTITY[sdk=iphoneos*]" = "iPhone Developer";
				ENABLE_BITCODE = NO;
				GCC_PREFIX_HEADER = "LovePlayNews/LovePlayNews-Prefix.pch";
				INFOPLIST_FILE = LovePlayNews/Info.plist;
				IPHONEOS_DEPLOYMENT_TARGET = 8.0;
				LD_RUNPATH_SEARCH_PATHS = "$(inherited) @executable_path/Frameworks";
				PRODUCT_BUNDLE_IDENTIFIER = com.tany.LovePlayNews;
				PRODUCT_NAME = "$(TARGET_NAME)";
				PROVISIONING_PROFILE = "";
			};
			name = Debug;
		};
		2B8174451D4EE5A300BA297C /* Release */ = {
			isa = XCBuildConfiguration;
			baseConfigurationReference = 36DF8056EEA0B7032221AF7F /* Pods.release.xcconfig */;
			buildSettings = {
				ASSETCATALOG_COMPILER_APPICON_NAME = AppIcon;
				ASSETCATALOG_COMPILER_LAUNCHIMAGE_NAME = LaunchImage;
				CODE_SIGN_IDENTITY = "iPhone Developer";
				"CODE_SIGN_IDENTITY[sdk=iphoneos*]" = "iPhone Developer";
				ENABLE_BITCODE = NO;
				GCC_PREFIX_HEADER = "LovePlayNews/LovePlayNews-Prefix.pch";
				INFOPLIST_FILE = LovePlayNews/Info.plist;
				IPHONEOS_DEPLOYMENT_TARGET = 8.0;
				LD_RUNPATH_SEARCH_PATHS = "$(inherited) @executable_path/Frameworks";
				PRODUCT_BUNDLE_IDENTIFIER = com.tany.LovePlayNews;
				PRODUCT_NAME = "$(TARGET_NAME)";
				PROVISIONING_PROFILE = "";
			};
			name = Release;
		};
		2B8174471D4EE5A300BA297C /* Debug */ = {
			isa = XCBuildConfiguration;
			buildSettings = {
				BUNDLE_LOADER = "$(TEST_HOST)";
				INFOPLIST_FILE = LovePlayNewsTests/Info.plist;
				LD_RUNPATH_SEARCH_PATHS = "$(inherited) @executable_path/Frameworks @loader_path/Frameworks";
				PRODUCT_BUNDLE_IDENTIFIER = com.tany.LovePlayNewsTests;
				PRODUCT_NAME = "$(TARGET_NAME)";
				TEST_HOST = "$(BUILT_PRODUCTS_DIR)/LovePlayNews.app/LovePlayNews";
			};
			name = Debug;
		};
		2B8174481D4EE5A300BA297C /* Release */ = {
			isa = XCBuildConfiguration;
			buildSettings = {
				BUNDLE_LOADER = "$(TEST_HOST)";
				INFOPLIST_FILE = LovePlayNewsTests/Info.plist;
				LD_RUNPATH_SEARCH_PATHS = "$(inherited) @executable_path/Frameworks @loader_path/Frameworks";
				PRODUCT_BUNDLE_IDENTIFIER = com.tany.LovePlayNewsTests;
				PRODUCT_NAME = "$(TARGET_NAME)";
				TEST_HOST = "$(BUILT_PRODUCTS_DIR)/LovePlayNews.app/LovePlayNews";
			};
			name = Release;
		};
/* End XCBuildConfiguration section */

/* Begin XCConfigurationList section */
		2B81741C1D4EE5A200BA297C /* Build configuration list for PBXProject "LovePlayNews" */ = {
			isa = XCConfigurationList;
			buildConfigurations = (
				2B8174411D4EE5A300BA297C /* Debug */,
				2B8174421D4EE5A300BA297C /* Release */,
			);
			defaultConfigurationIsVisible = 0;
			defaultConfigurationName = Release;
		};
		2B8174431D4EE5A300BA297C /* Build configuration list for PBXNativeTarget "LovePlayNews" */ = {
			isa = XCConfigurationList;
			buildConfigurations = (
				2B8174441D4EE5A300BA297C /* Debug */,
				2B8174451D4EE5A300BA297C /* Release */,
			);
			defaultConfigurationIsVisible = 0;
			defaultConfigurationName = Release;
		};
		2B8174461D4EE5A300BA297C /* Build configuration list for PBXNativeTarget "LovePlayNewsTests" */ = {
			isa = XCConfigurationList;
			buildConfigurations = (
				2B8174471D4EE5A300BA297C /* Debug */,
				2B8174481D4EE5A300BA297C /* Release */,
			);
			defaultConfigurationIsVisible = 0;
			defaultConfigurationName = Release;
		};
/* End XCConfigurationList section */
	};
	rootObject = 2B8174191D4EE5A200BA297C /* Project object */;
}
